{
  "version": 4,
  "terraform_version": "1.9.8",
  "serial": 22,
  "lineage": "73d3ced3-405c-125a-7122-b532e2daa78e",
  "outputs": {},
  "resources": [
    {
      "module": "module.eks_cluster",
      "mode": "managed",
      "type": "aws_iam_policy",
      "name": "cert_manager_policy",
      "provider": "provider[\"registry.terraform.io/hashicorp/aws\"]",
      "instances": [
        {
          "schema_version": 0,
          "attributes": {
            "arn": "arn:aws:iam::655394773887:policy/norman-tf-cert-manager-policy",
            "attachment_count": 1,
            "description": "",
            "id": "arn:aws:iam::655394773887:policy/norman-tf-cert-manager-policy",
            "name": "norman-tf-cert-manager-policy",
            "name_prefix": "",
            "path": "/",
            "policy": "{\"Statement\":[{\"Action\":\"route53:GetChange\",\"Effect\":\"Allow\",\"Resource\":\"arn:aws:route53:::change/*\"},{\"Action\":[\"route53:ChangeResourceRecordSets\",\"route53:ListResourceRecordSets\"],\"Effect\":\"Allow\",\"Resource\":\"arn:aws:route53:::hostedzone/*\"},{\"Action\":\"route53:ListHostedZonesByName\",\"Effect\":\"Allow\",\"Resource\":\"*\"}],\"Version\":\"2012-10-17\"}",
            "policy_id": "ANPAZRGESTN7RXMLHPZPX",
            "tags": {},
            "tags_all": {}
          },
          "sensitive_attributes": [],
          "private": "bnVsbA=="
        }
      ]
    },
    {
      "module": "module.eks_cluster",
      "mode": "managed",
      "type": "aws_iam_policy",
      "name": "ebs_sc_access",
      "provider": "provider[\"registry.terraform.io/hashicorp/aws\"]",
      "instances": [
        {
          "schema_version": 0,
          "attributes": {
            "arn": "arn:aws:iam::655394773887:policy/norman-tf-ebs-sc-access",
            "attachment_count": 1,
            "description": "",
            "id": "arn:aws:iam::655394773887:policy/norman-tf-ebs-sc-access",
            "name": "norman-tf-ebs-sc-access",
            "name_prefix": "",
            "path": "/",
            "policy": "{\"Statement\":[{\"Action\":[\"kms:CreateGrant\",\"kms:ListGrants\",\"kms:RevokeGrant\"],\"Condition\":{\"Bool\":{\"kms:GrantIsForAWSResource\":\"true\"}},\"Effect\":\"Allow\",\"Resource\":[\"arn:aws:kms:eu-west-1:655394773887:key/2cec1aa6-64f3-454d-b5b2-1dda46dc08ef\"]},{\"Action\":[\"kms:Encrypt\",\"kms:Decrypt\",\"kms:ReEncrypt*\",\"kms:GenerateDataKey*\",\"kms:DescribeKey\"],\"Effect\":\"Allow\",\"Resource\":[\"arn:aws:kms:eu-west-1:655394773887:key/2cec1aa6-64f3-454d-b5b2-1dda46dc08ef\"]}],\"Version\":\"2012-10-17\"}",
            "policy_id": "ANPAZRGESTN7XXJVQQH64",
            "tags": {},
            "tags_all": {}
          },
          "sensitive_attributes": [],
          "private": "bnVsbA==",
          "dependencies": [
            "module.eks_cluster.aws_kms_key.eks"
          ]
        }
      ]
    },
    {
      "module": "module.eks_cluster",
      "mode": "managed",
      "type": "aws_iam_policy",
      "name": "ebs_sc_access_2",
      "provider": "provider[\"registry.terraform.io/hashicorp/aws\"]",
      "instances": [
        {
          "schema_version": 0,
          "attributes": {
            "arn": "arn:aws:iam::655394773887:policy/norman-tf-ebs-sc-access-2",
            "attachment_count": 1,
            "description": "",
            "id": "arn:aws:iam::655394773887:policy/norman-tf-ebs-sc-access-2",
            "name": "norman-tf-ebs-sc-access-2",
            "name_prefix": "",
            "path": "/",
            "policy": "{\"Statement\":[{\"Action\":[\"ec2:CreateSnapshot\",\"ec2:AttachVolume\",\"ec2:DetachVolume\",\"ec2:ModifyVolume\",\"ec2:DescribeAvailabilityZones\",\"ec2:DescribeInstances\",\"ec2:DescribeSnapshots\",\"ec2:DescribeTags\",\"ec2:DescribeVolumes\",\"ec2:DescribeVolumesModifications\"],\"Effect\":\"Allow\",\"Resource\":\"*\"},{\"Action\":[\"ec2:CreateTags\"],\"Condition\":{\"StringEquals\":{\"ec2:CreateAction\":[\"CreateVolume\",\"CreateSnapshot\"]}},\"Effect\":\"Allow\",\"Resource\":[\"arn:aws:ec2:*:*:volume/*\",\"arn:aws:ec2:*:*:snapshot/*\"]},{\"Action\":[\"ec2:DeleteTags\"],\"Effect\":\"Allow\",\"Resource\":[\"arn:aws:ec2:*:*:volume/*\",\"arn:aws:ec2:*:*:snapshot/*\"]},{\"Action\":[\"ec2:CreateVolume\"],\"Condition\":{\"StringLike\":{\"aws:RequestTag/ebs.csi.aws.com/cluster\":\"true\"}},\"Effect\":\"Allow\",\"Resource\":\"*\"},{\"Action\":[\"ec2:CreateVolume\"],\"Condition\":{\"StringLike\":{\"aws:RequestTag/CSIVolumeName\":\"*\"}},\"Effect\":\"Allow\",\"Resource\":\"*\"},{\"Action\":[\"ec2:DeleteVolume\"],\"Condition\":{\"StringLike\":{\"ec2:ResourceTag/ebs.csi.aws.com/cluster\":\"true\"}},\"Effect\":\"Allow\",\"Resource\":\"*\"},{\"Action\":[\"ec2:DeleteVolume\"],\"Condition\":{\"StringLike\":{\"ec2:ResourceTag/CSIVolumeName\":\"*\"}},\"Effect\":\"Allow\",\"Resource\":\"*\"},{\"Action\":[\"ec2:DeleteVolume\"],\"Condition\":{\"StringLike\":{\"ec2:ResourceTag/kubernetes.io/created-for/pvc/name\":\"*\"}},\"Effect\":\"Allow\",\"Resource\":\"*\"},{\"Action\":[\"ec2:DeleteSnapshot\"],\"Condition\":{\"StringLike\":{\"ec2:ResourceTag/CSIVolumeSnapshotName\":\"*\"}},\"Effect\":\"Allow\",\"Resource\":\"*\"},{\"Action\":[\"ec2:DeleteSnapshot\"],\"Condition\":{\"StringLike\":{\"ec2:ResourceTag/ebs.csi.aws.com/cluster\":\"true\"}},\"Effect\":\"Allow\",\"Resource\":\"*\"}],\"Version\":\"2012-10-17\"}",
            "policy_id": "ANPAZRGESTN7XVXIEUDHR",
            "tags": {},
            "tags_all": {}
          },
          "sensitive_attributes": [],
          "private": "bnVsbA=="
        }
      ]
    },
    {
      "module": "module.eks_cluster",
      "mode": "managed",
      "type": "aws_iam_policy",
      "name": "eks_admin_policy",
      "provider": "provider[\"registry.terraform.io/hashicorp/aws\"]",
      "instances": [
        {
          "schema_version": 0,
          "attributes": {
            "arn": "arn:aws:iam::655394773887:policy/norman-tf-eks-admin-policy",
            "attachment_count": 0,
            "description": "",
            "id": "arn:aws:iam::655394773887:policy/norman-tf-eks-admin-policy",
            "name": "norman-tf-eks-admin-policy",
            "name_prefix": "",
            "path": "/",
            "policy": "{\"Statement\":[{\"Action\":[\"eks:DescribeNodegroup\",\"eks:ListNodegroups\",\"eks:UpdateClusterVersion\",\"eks:AccessKubernetesApi\",\"ssm:GetParameter\",\"eks:ListUpdates\",\"eks:ListFargateProfiles\",\"autoscaling:Describe*\",\"cloudwatch:Describe*\",\"cloudwatch:Get*\",\"cloudwatch:List*\",\"logs:Get*\",\"logs:List*\",\"logs:StartQuery\",\"logs:StopQuery\",\"logs:Describe*\",\"logs:TestMetricFilter\",\"logs:FilterLogEvents\",\"sns:Get*\",\"sns:List*\"],\"Effect\":\"Allow\",\"Resource\":\"*\"}],\"Version\":\"2012-10-17\"}",
            "policy_id": "ANPAZRGESTN7QDACPDRRC",
            "tags": {},
            "tags_all": {}
          },
          "sensitive_attributes": [],
          "private": "bnVsbA=="
        }
      ]
    },
    {
      "module": "module.eks_cluster",
      "mode": "managed",
      "type": "aws_iam_policy",
      "name": "external_dns_policy",
      "provider": "provider[\"registry.terraform.io/hashicorp/aws\"]",
      "instances": [
        {
          "schema_version": 0,
          "attributes": {
            "arn": "arn:aws:iam::655394773887:policy/norman-tf-external-dns-policy",
            "attachment_count": 1,
            "description": "",
            "id": "arn:aws:iam::655394773887:policy/norman-tf-external-dns-policy",
            "name": "norman-tf-external-dns-policy",
            "name_prefix": "",
            "path": "/",
            "policy": "{\"Statement\":[{\"Action\":[\"route53:ChangeResourceRecordSets\"],\"Effect\":\"Allow\",\"Resource\":[\"arn:aws:route53:::hostedzone/*\"]},{\"Action\":[\"route53:ListHostedZones\",\"route53:ListResourceRecordSets\",\"route53:ListTagsForResource\"],\"Effect\":\"Allow\",\"Resource\":[\"*\"]}],\"Version\":\"2012-10-17\"}",
            "policy_id": "ANPAZRGESTN77RJEDHFEY",
            "tags": {},
            "tags_all": {}
          },
          "sensitive_attributes": [],
          "private": "bnVsbA=="
        }
      ]
    },
    {
      "module": "module.eks_cluster",
      "mode": "managed",
      "type": "aws_kms_key",
      "name": "eks",
      "provider": "provider[\"registry.terraform.io/hashicorp/aws\"]",
      "instances": [
        {
          "schema_version": 0,
          "attributes": {
            "arn": "arn:aws:kms:eu-west-1:655394773887:key/2cec1aa6-64f3-454d-b5b2-1dda46dc08ef",
            "bypass_policy_lockout_safety_check": false,
            "custom_key_store_id": "",
            "customer_master_key_spec": "SYMMETRIC_DEFAULT",
            "deletion_window_in_days": 7,
            "description": "norman-tf -  EKS Secret Encryption Key",
            "enable_key_rotation": true,
            "id": "2cec1aa6-64f3-454d-b5b2-1dda46dc08ef",
            "is_enabled": true,
            "key_id": "2cec1aa6-64f3-454d-b5b2-1dda46dc08ef",
            "key_usage": "ENCRYPT_DECRYPT",
            "multi_region": false,
            "policy": "{\"Id\":\"key-default-1\",\"Statement\":[{\"Action\":\"kms:*\",\"Effect\":\"Allow\",\"Principal\":{\"AWS\":\"arn:aws:iam::655394773887:root\"},\"Resource\":\"*\",\"Sid\":\"Enable IAM User Permissions\"}],\"Version\":\"2012-10-17\"}",
            "rotation_period_in_days": 365,
            "tags": {},
            "tags_all": {},
            "timeouts": null,
            "xks_key_id": ""
          },
          "sensitive_attributes": [],
          "private": "eyJlMmJmYjczMC1lY2FhLTExZTYtOGY4OC0zNDM2M2JjN2M0YzAiOnsiY3JlYXRlIjoxMjAwMDAwMDAwMDB9fQ==",
          "create_before_destroy": true
        }
      ]
    },
    {
      "module": "module.eks_cluster",
      "mode": "managed",
      "type": "aws_security_group_rule",
      "name": "cluster_api_to_nodes",
      "provider": "provider[\"registry.terraform.io/hashicorp/aws\"]",
      "instances": [
        {
          "schema_version": 2,
          "attributes": {
            "cidr_blocks": null,
            "description": "Cluster API to node access for Prometheus",
            "from_port": 0,
            "id": "sgrule-861171019",
            "ipv6_cidr_blocks": null,
            "prefix_list_ids": null,
            "protocol": "tcp",
            "security_group_id": "sg-06d5b4f4fee6e4657",
            "security_group_rule_id": "sgr-0f252f2a45e86d49b",
            "self": false,
            "source_security_group_id": "sg-0869e7cd58e2bba89",
            "timeouts": null,
            "to_port": 65535,
            "type": "ingress"
          },
          "sensitive_attributes": [],
          "private": "eyJlMmJmYjczMC1lY2FhLTExZTYtOGY4OC0zNDM2M2JjN2M0YzAiOnsiY3JlYXRlIjozMDAwMDAwMDAwMDB9LCJzY2hlbWFfdmVyc2lvbiI6IjIifQ==",
          "dependencies": [
            "module.eks_cluster.module.eks.aws_security_group.cluster",
            "module.eks_cluster.module.eks.aws_security_group.node",
            "module.eks_cluster.module.vpc.aws_vpc.this"
          ]
        }
      ]
    },
    {
      "module": "module.eks_cluster.module.cert_manager_role",
      "mode": "data",
      "type": "aws_caller_identity",
      "name": "current",
      "provider": "provider[\"registry.terraform.io/hashicorp/aws\"]",
      "instances": [
        {
          "schema_version": 0,
          "attributes": {
            "account_id": "655394773887",
            "arn": "arn:aws:sts::655394773887:assumed-role/AWSReservedSSO_SystemAdministrator_fcc9b1ff41b99e0b/norman.luering@camunda.com",
            "id": "655394773887",
            "user_id": "AROAZRGESTN7WTZKOQEYF:norman.luering@camunda.com"
          },
          "sensitive_attributes": []
        }
      ]
    },
    {
      "module": "module.eks_cluster.module.cert_manager_role",
      "mode": "data",
      "type": "aws_iam_policy_document",
      "name": "this",
      "provider": "provider[\"registry.terraform.io/hashicorp/aws\"]",
      "instances": [
        {
          "index_key": 0,
          "schema_version": 0,
          "attributes": {
            "id": "3838032551",
            "json": "{\n  \"Version\": \"2012-10-17\",\n  \"Statement\": [\n    {\n      \"Effect\": \"Allow\",\n      \"Action\": \"sts:AssumeRoleWithWebIdentity\",\n      \"Principal\": {\n        \"Federated\": \"arn:aws:iam::655394773887:oidc-provider/oidc.eks.eu-west-1.amazonaws.com/id/00F4A23C817341EE3C4470EC238BEE15\"\n      },\n      \"Condition\": {\n        \"StringEquals\": {\n          \"oidc.eks.eu-west-1.amazonaws.com/id/00F4A23C817341EE3C4470EC238BEE15:aud\": \"sts.amazonaws.com\",\n          \"oidc.eks.eu-west-1.amazonaws.com/id/00F4A23C817341EE3C4470EC238BEE15:sub\": \"system:serviceaccount:cert-manager:cert-manager\"\n        }\n      }\n    }\n  ]\n}",
            "minified_json": "{\"Version\":\"2012-10-17\",\"Statement\":[{\"Effect\":\"Allow\",\"Action\":\"sts:AssumeRoleWithWebIdentity\",\"Principal\":{\"Federated\":\"arn:aws:iam::655394773887:oidc-provider/oidc.eks.eu-west-1.amazonaws.com/id/00F4A23C817341EE3C4470EC238BEE15\"},\"Condition\":{\"StringEquals\":{\"oidc.eks.eu-west-1.amazonaws.com/id/00F4A23C817341EE3C4470EC238BEE15:aud\":\"sts.amazonaws.com\",\"oidc.eks.eu-west-1.amazonaws.com/id/00F4A23C817341EE3C4470EC238BEE15:sub\":\"system:serviceaccount:cert-manager:cert-manager\"}}}]}",
            "override_json": null,
            "override_policy_documents": null,
            "policy_id": null,
            "source_json": null,
            "source_policy_documents": null,
            "statement": [
              {
                "actions": [
                  "sts:AssumeRoleWithWebIdentity"
                ],
                "condition": [
                  {
                    "test": "StringEquals",
                    "values": [
                      "sts.amazonaws.com"
                    ],
                    "variable": "oidc.eks.eu-west-1.amazonaws.com/id/00F4A23C817341EE3C4470EC238BEE15:aud"
                  },
                  {
                    "test": "StringEquals",
                    "values": [
                      "system:serviceaccount:cert-manager:cert-manager"
                    ],
                    "variable": "oidc.eks.eu-west-1.amazonaws.com/id/00F4A23C817341EE3C4470EC238BEE15:sub"
                  }
                ],
                "effect": "Allow",
                "not_actions": [],
                "not_principals": [],
                "not_resources": [],
                "principals": [
                  {
                    "identifiers": [
                      "arn:aws:iam::655394773887:oidc-provider/oidc.eks.eu-west-1.amazonaws.com/id/00F4A23C817341EE3C4470EC238BEE15"
                    ],
                    "type": "Federated"
                  }
                ],
                "resources": [],
                "sid": ""
              }
            ],
            "version": "2012-10-17"
          },
          "sensitive_attributes": []
        }
      ]
    },
    {
      "module": "module.eks_cluster.module.cert_manager_role",
      "mode": "data",
      "type": "aws_partition",
      "name": "current",
      "provider": "provider[\"registry.terraform.io/hashicorp/aws\"]",
      "instances": [
        {
          "schema_version": 0,
          "attributes": {
            "dns_suffix": "amazonaws.com",
            "id": "aws",
            "partition": "aws",
            "reverse_dns_prefix": "com.amazonaws"
          },
          "sensitive_attributes": []
        }
      ]
    },
    {
      "module": "module.eks_cluster.module.cert_manager_role",
      "mode": "managed",
      "type": "aws_iam_role",
      "name": "this",
      "provider": "provider[\"registry.terraform.io/hashicorp/aws\"]",
      "instances": [
        {
          "index_key": 0,
          "schema_version": 0,
          "attributes": {
            "arn": "arn:aws:iam::655394773887:role/norman-tf-cert-manager-role",
            "assume_role_policy": "{\"Statement\":[{\"Action\":\"sts:AssumeRoleWithWebIdentity\",\"Condition\":{\"StringEquals\":{\"oidc.eks.eu-west-1.amazonaws.com/id/00F4A23C817341EE3C4470EC238BEE15:aud\":\"sts.amazonaws.com\",\"oidc.eks.eu-west-1.amazonaws.com/id/00F4A23C817341EE3C4470EC238BEE15:sub\":\"system:serviceaccount:cert-manager:cert-manager\"}},\"Effect\":\"Allow\",\"Principal\":{\"Federated\":\"arn:aws:iam::655394773887:oidc-provider/oidc.eks.eu-west-1.amazonaws.com/id/00F4A23C817341EE3C4470EC238BEE15\"}}],\"Version\":\"2012-10-17\"}",
            "create_date": "2025-02-06T15:39:08Z",
            "description": "",
            "force_detach_policies": true,
            "id": "norman-tf-cert-manager-role",
            "inline_policy": [],
            "managed_policy_arns": [
              "arn:aws:iam::655394773887:policy/norman-tf-cert-manager-policy"
            ],
            "max_session_duration": 3600,
            "name": "norman-tf-cert-manager-role",
            "name_prefix": "",
            "path": "/",
            "permissions_boundary": "",
            "tags": {},
            "tags_all": {},
            "unique_id": "AROAZRGESTN7VPFP245DE"
          },
          "sensitive_attributes": [],
          "private": "bnVsbA==",
          "dependencies": [
            "module.eks_cluster.aws_kms_key.eks",
            "module.eks_cluster.module.cert_manager_role.data.aws_caller_identity.current",
            "module.eks_cluster.module.cert_manager_role.data.aws_iam_policy_document.this",
            "module.eks_cluster.module.cert_manager_role.data.aws_partition.current",
            "module.eks_cluster.module.eks.aws_cloudwatch_log_group.this",
            "module.eks_cluster.module.eks.aws_eks_cluster.this",
            "module.eks_cluster.module.eks.aws_iam_openid_connect_provider.oidc_provider",
            "module.eks_cluster.module.eks.aws_iam_policy.cni_ipv6_policy",
            "module.eks_cluster.module.eks.aws_iam_role.this",
            "module.eks_cluster.module.eks.aws_iam_role_policy_attachment.this",
            "module.eks_cluster.module.eks.aws_security_group.cluster",
            "module.eks_cluster.module.eks.aws_security_group.node",
            "module.eks_cluster.module.eks.aws_security_group_rule.cluster",
            "module.eks_cluster.module.eks.aws_security_group_rule.node",
            "module.eks_cluster.module.eks.data.aws_caller_identity.current",
            "module.eks_cluster.module.eks.data.aws_iam_policy_document.assume_role_policy",
            "module.eks_cluster.module.eks.data.aws_iam_policy_document.cni_ipv6_policy",
            "module.eks_cluster.module.eks.data.aws_iam_session_context.current",
            "module.eks_cluster.module.eks.data.aws_partition.current",
            "module.eks_cluster.module.eks.data.tls_certificate.this",
            "module.eks_cluster.module.eks.module.kms.aws_kms_external_key.this",
            "module.eks_cluster.module.eks.module.kms.aws_kms_key.this",
            "module.eks_cluster.module.eks.module.kms.aws_kms_replica_external_key.this",
            "module.eks_cluster.module.eks.module.kms.aws_kms_replica_key.this",
            "module.eks_cluster.module.eks.module.kms.data.aws_caller_identity.current",
            "module.eks_cluster.module.eks.module.kms.data.aws_iam_policy_document.this",
            "module.eks_cluster.module.eks.module.kms.data.aws_partition.current",
            "module.eks_cluster.module.vpc.aws_subnet.private",
            "module.eks_cluster.module.vpc.aws_vpc.this",
            "module.eks_cluster.module.vpc.aws_vpc_ipv4_cidr_block_association.this"
          ]
        }
      ]
    },
    {
      "module": "module.eks_cluster.module.cert_manager_role",
      "mode": "managed",
      "type": "aws_iam_role_policy_attachment",
      "name": "this",
      "provider": "provider[\"registry.terraform.io/hashicorp/aws\"]",
      "instances": [
        {
          "index_key": "policy",
          "schema_version": 0,
          "attributes": {
            "id": "norman-tf-cert-manager-role-20250206153909102400000010",
            "policy_arn": "arn:aws:iam::655394773887:policy/norman-tf-cert-manager-policy",
            "role": "norman-tf-cert-manager-role"
          },
          "sensitive_attributes": [],
          "private": "bnVsbA==",
          "dependencies": [
            "module.eks_cluster.aws_iam_policy.cert_manager_policy",
            "module.eks_cluster.aws_kms_key.eks",
            "module.eks_cluster.module.cert_manager_role.aws_iam_role.this",
            "module.eks_cluster.module.cert_manager_role.data.aws_caller_identity.current",
            "module.eks_cluster.module.cert_manager_role.data.aws_iam_policy_document.this",
            "module.eks_cluster.module.cert_manager_role.data.aws_partition.current",
            "module.eks_cluster.module.eks.aws_cloudwatch_log_group.this",
            "module.eks_cluster.module.eks.aws_eks_cluster.this",
            "module.eks_cluster.module.eks.aws_iam_openid_connect_provider.oidc_provider",
            "module.eks_cluster.module.eks.aws_iam_policy.cni_ipv6_policy",
            "module.eks_cluster.module.eks.aws_iam_role.this",
            "module.eks_cluster.module.eks.aws_iam_role_policy_attachment.this",
            "module.eks_cluster.module.eks.aws_security_group.cluster",
            "module.eks_cluster.module.eks.aws_security_group.node",
            "module.eks_cluster.module.eks.aws_security_group_rule.cluster",
            "module.eks_cluster.module.eks.aws_security_group_rule.node",
            "module.eks_cluster.module.eks.data.aws_caller_identity.current",
            "module.eks_cluster.module.eks.data.aws_iam_policy_document.assume_role_policy",
            "module.eks_cluster.module.eks.data.aws_iam_policy_document.cni_ipv6_policy",
            "module.eks_cluster.module.eks.data.aws_iam_session_context.current",
            "module.eks_cluster.module.eks.data.aws_partition.current",
            "module.eks_cluster.module.eks.data.tls_certificate.this",
            "module.eks_cluster.module.eks.module.kms.aws_kms_external_key.this",
            "module.eks_cluster.module.eks.module.kms.aws_kms_key.this",
            "module.eks_cluster.module.eks.module.kms.aws_kms_replica_external_key.this",
            "module.eks_cluster.module.eks.module.kms.aws_kms_replica_key.this",
            "module.eks_cluster.module.eks.module.kms.data.aws_caller_identity.current",
            "module.eks_cluster.module.eks.module.kms.data.aws_iam_policy_document.this",
            "module.eks_cluster.module.eks.module.kms.data.aws_partition.current",
            "module.eks_cluster.module.vpc.aws_subnet.private",
            "module.eks_cluster.module.vpc.aws_vpc.this",
            "module.eks_cluster.module.vpc.aws_vpc_ipv4_cidr_block_association.this"
          ]
        }
      ]
    },
    {
      "module": "module.eks_cluster.module.ebs_cs_role",
      "mode": "data",
      "type": "aws_caller_identity",
      "name": "current",
      "provider": "provider[\"registry.terraform.io/hashicorp/aws\"]",
      "instances": [
        {
          "schema_version": 0,
          "attributes": {
            "account_id": "655394773887",
            "arn": "arn:aws:sts::655394773887:assumed-role/AWSReservedSSO_SystemAdministrator_fcc9b1ff41b99e0b/norman.luering@camunda.com",
            "id": "655394773887",
            "user_id": "AROAZRGESTN7WTZKOQEYF:norman.luering@camunda.com"
          },
          "sensitive_attributes": []
        }
      ]
    },
    {
      "module": "module.eks_cluster.module.ebs_cs_role",
      "mode": "data",
      "type": "aws_iam_policy_document",
      "name": "this",
      "provider": "provider[\"registry.terraform.io/hashicorp/aws\"]",
      "instances": [
        {
          "index_key": 0,
          "schema_version": 0,
          "attributes": {
            "id": "4224974337",
            "json": "{\n  \"Version\": \"2012-10-17\",\n  \"Statement\": [\n    {\n      \"Effect\": \"Allow\",\n      \"Action\": \"sts:AssumeRoleWithWebIdentity\",\n      \"Principal\": {\n        \"Federated\": \"arn:aws:iam::655394773887:oidc-provider/oidc.eks.eu-west-1.amazonaws.com/id/00F4A23C817341EE3C4470EC238BEE15\"\n      },\n      \"Condition\": {\n        \"StringEquals\": {\n          \"oidc.eks.eu-west-1.amazonaws.com/id/00F4A23C817341EE3C4470EC238BEE15:aud\": \"sts.amazonaws.com\",\n          \"oidc.eks.eu-west-1.amazonaws.com/id/00F4A23C817341EE3C4470EC238BEE15:sub\": \"system:serviceaccount:kube-system:ebs-csi-controller-sa\"\n        }\n      }\n    }\n  ]\n}",
            "minified_json": "{\"Version\":\"2012-10-17\",\"Statement\":[{\"Effect\":\"Allow\",\"Action\":\"sts:AssumeRoleWithWebIdentity\",\"Principal\":{\"Federated\":\"arn:aws:iam::655394773887:oidc-provider/oidc.eks.eu-west-1.amazonaws.com/id/00F4A23C817341EE3C4470EC238BEE15\"},\"Condition\":{\"StringEquals\":{\"oidc.eks.eu-west-1.amazonaws.com/id/00F4A23C817341EE3C4470EC238BEE15:aud\":\"sts.amazonaws.com\",\"oidc.eks.eu-west-1.amazonaws.com/id/00F4A23C817341EE3C4470EC238BEE15:sub\":\"system:serviceaccount:kube-system:ebs-csi-controller-sa\"}}}]}",
            "override_json": null,
            "override_policy_documents": null,
            "policy_id": null,
            "source_json": null,
            "source_policy_documents": null,
            "statement": [
              {
                "actions": [
                  "sts:AssumeRoleWithWebIdentity"
                ],
                "condition": [
                  {
                    "test": "StringEquals",
                    "values": [
                      "sts.amazonaws.com"
                    ],
                    "variable": "oidc.eks.eu-west-1.amazonaws.com/id/00F4A23C817341EE3C4470EC238BEE15:aud"
                  },
                  {
                    "test": "StringEquals",
                    "values": [
                      "system:serviceaccount:kube-system:ebs-csi-controller-sa"
                    ],
                    "variable": "oidc.eks.eu-west-1.amazonaws.com/id/00F4A23C817341EE3C4470EC238BEE15:sub"
                  }
                ],
                "effect": "Allow",
                "not_actions": [],
                "not_principals": [],
                "not_resources": [],
                "principals": [
                  {
                    "identifiers": [
                      "arn:aws:iam::655394773887:oidc-provider/oidc.eks.eu-west-1.amazonaws.com/id/00F4A23C817341EE3C4470EC238BEE15"
                    ],
                    "type": "Federated"
                  }
                ],
                "resources": [],
                "sid": ""
              }
            ],
            "version": "2012-10-17"
          },
          "sensitive_attributes": []
        }
      ]
    },
    {
      "module": "module.eks_cluster.module.ebs_cs_role",
      "mode": "data",
      "type": "aws_partition",
      "name": "current",
      "provider": "provider[\"registry.terraform.io/hashicorp/aws\"]",
      "instances": [
        {
          "schema_version": 0,
          "attributes": {
            "dns_suffix": "amazonaws.com",
            "id": "aws",
            "partition": "aws",
            "reverse_dns_prefix": "com.amazonaws"
          },
          "sensitive_attributes": []
        }
      ]
    },
    {
      "module": "module.eks_cluster.module.ebs_cs_role",
      "mode": "managed",
      "type": "aws_iam_role",
      "name": "this",
      "provider": "provider[\"registry.terraform.io/hashicorp/aws\"]",
      "instances": [
        {
          "index_key": 0,
          "schema_version": 0,
          "attributes": {
            "arn": "arn:aws:iam::655394773887:role/norman-tf-ebs-cs-role",
            "assume_role_policy": "{\"Statement\":[{\"Action\":\"sts:AssumeRoleWithWebIdentity\",\"Condition\":{\"StringEquals\":{\"oidc.eks.eu-west-1.amazonaws.com/id/00F4A23C817341EE3C4470EC238BEE15:aud\":\"sts.amazonaws.com\",\"oidc.eks.eu-west-1.amazonaws.com/id/00F4A23C817341EE3C4470EC238BEE15:sub\":\"system:serviceaccount:kube-system:ebs-csi-controller-sa\"}},\"Effect\":\"Allow\",\"Principal\":{\"Federated\":\"arn:aws:iam::655394773887:oidc-provider/oidc.eks.eu-west-1.amazonaws.com/id/00F4A23C817341EE3C4470EC238BEE15\"}}],\"Version\":\"2012-10-17\"}",
            "create_date": "2025-02-06T15:39:09Z",
            "description": "",
            "force_detach_policies": true,
            "id": "norman-tf-ebs-cs-role",
            "inline_policy": [],
            "managed_policy_arns": [
              "arn:aws:iam::655394773887:policy/norman-tf-ebs-sc-access",
              "arn:aws:iam::655394773887:policy/norman-tf-ebs-sc-access-2"
            ],
            "max_session_duration": 3600,
            "name": "norman-tf-ebs-cs-role",
            "name_prefix": "",
            "path": "/",
            "permissions_boundary": "",
            "tags": {},
            "tags_all": {},
            "unique_id": "AROAZRGESTN7SFWKLYIW5"
          },
          "sensitive_attributes": [],
          "private": "bnVsbA==",
          "dependencies": [
            "module.eks_cluster.aws_kms_key.eks",
            "module.eks_cluster.module.ebs_cs_role.data.aws_caller_identity.current",
            "module.eks_cluster.module.ebs_cs_role.data.aws_iam_policy_document.this",
            "module.eks_cluster.module.ebs_cs_role.data.aws_partition.current",
            "module.eks_cluster.module.eks.aws_cloudwatch_log_group.this",
            "module.eks_cluster.module.eks.aws_eks_cluster.this",
            "module.eks_cluster.module.eks.aws_iam_openid_connect_provider.oidc_provider",
            "module.eks_cluster.module.eks.aws_iam_policy.cni_ipv6_policy",
            "module.eks_cluster.module.eks.aws_iam_role.this",
            "module.eks_cluster.module.eks.aws_iam_role_policy_attachment.this",
            "module.eks_cluster.module.eks.aws_security_group.cluster",
            "module.eks_cluster.module.eks.aws_security_group.node",
            "module.eks_cluster.module.eks.aws_security_group_rule.cluster",
            "module.eks_cluster.module.eks.aws_security_group_rule.node",
            "module.eks_cluster.module.eks.data.aws_caller_identity.current",
            "module.eks_cluster.module.eks.data.aws_iam_policy_document.assume_role_policy",
            "module.eks_cluster.module.eks.data.aws_iam_policy_document.cni_ipv6_policy",
            "module.eks_cluster.module.eks.data.aws_iam_session_context.current",
            "module.eks_cluster.module.eks.data.aws_partition.current",
            "module.eks_cluster.module.eks.data.tls_certificate.this",
            "module.eks_cluster.module.eks.module.kms.aws_kms_external_key.this",
            "module.eks_cluster.module.eks.module.kms.aws_kms_key.this",
            "module.eks_cluster.module.eks.module.kms.aws_kms_replica_external_key.this",
            "module.eks_cluster.module.eks.module.kms.aws_kms_replica_key.this",
            "module.eks_cluster.module.eks.module.kms.data.aws_caller_identity.current",
            "module.eks_cluster.module.eks.module.kms.data.aws_iam_policy_document.this",
            "module.eks_cluster.module.eks.module.kms.data.aws_partition.current",
            "module.eks_cluster.module.vpc.aws_subnet.private",
            "module.eks_cluster.module.vpc.aws_vpc.this",
            "module.eks_cluster.module.vpc.aws_vpc_ipv4_cidr_block_association.this"
          ]
        }
      ]
    },
    {
      "module": "module.eks_cluster.module.ebs_cs_role",
      "mode": "managed",
      "type": "aws_iam_role_policy_attachment",
      "name": "this",
      "provider": "provider[\"registry.terraform.io/hashicorp/aws\"]",
      "instances": [
        {
          "index_key": "policy",
          "schema_version": 0,
          "attributes": {
            "id": "norman-tf-ebs-cs-role-20250206153909151900000012",
            "policy_arn": "arn:aws:iam::655394773887:policy/norman-tf-ebs-sc-access",
            "role": "norman-tf-ebs-cs-role"
          },
          "sensitive_attributes": [],
          "private": "bnVsbA==",
          "dependencies": [
            "module.eks_cluster.aws_iam_policy.ebs_sc_access",
            "module.eks_cluster.aws_iam_policy.ebs_sc_access_2",
            "module.eks_cluster.aws_kms_key.eks",
            "module.eks_cluster.module.ebs_cs_role.aws_iam_role.this",
            "module.eks_cluster.module.ebs_cs_role.data.aws_caller_identity.current",
            "module.eks_cluster.module.ebs_cs_role.data.aws_iam_policy_document.this",
            "module.eks_cluster.module.ebs_cs_role.data.aws_partition.current",
            "module.eks_cluster.module.eks.aws_cloudwatch_log_group.this",
            "module.eks_cluster.module.eks.aws_eks_cluster.this",
            "module.eks_cluster.module.eks.aws_iam_openid_connect_provider.oidc_provider",
            "module.eks_cluster.module.eks.aws_iam_policy.cni_ipv6_policy",
            "module.eks_cluster.module.eks.aws_iam_role.this",
            "module.eks_cluster.module.eks.aws_iam_role_policy_attachment.this",
            "module.eks_cluster.module.eks.aws_security_group.cluster",
            "module.eks_cluster.module.eks.aws_security_group.node",
            "module.eks_cluster.module.eks.aws_security_group_rule.cluster",
            "module.eks_cluster.module.eks.aws_security_group_rule.node",
            "module.eks_cluster.module.eks.data.aws_caller_identity.current",
            "module.eks_cluster.module.eks.data.aws_iam_policy_document.assume_role_policy",
            "module.eks_cluster.module.eks.data.aws_iam_policy_document.cni_ipv6_policy",
            "module.eks_cluster.module.eks.data.aws_iam_session_context.current",
            "module.eks_cluster.module.eks.data.aws_partition.current",
            "module.eks_cluster.module.eks.data.tls_certificate.this",
            "module.eks_cluster.module.eks.module.kms.aws_kms_external_key.this",
            "module.eks_cluster.module.eks.module.kms.aws_kms_key.this",
            "module.eks_cluster.module.eks.module.kms.aws_kms_replica_external_key.this",
            "module.eks_cluster.module.eks.module.kms.aws_kms_replica_key.this",
            "module.eks_cluster.module.eks.module.kms.data.aws_caller_identity.current",
            "module.eks_cluster.module.eks.module.kms.data.aws_iam_policy_document.this",
            "module.eks_cluster.module.eks.module.kms.data.aws_partition.current",
            "module.eks_cluster.module.vpc.aws_subnet.private",
            "module.eks_cluster.module.vpc.aws_vpc.this",
            "module.eks_cluster.module.vpc.aws_vpc_ipv4_cidr_block_association.this"
          ]
        },
        {
          "index_key": "policy_2",
          "schema_version": 0,
          "attributes": {
            "id": "norman-tf-ebs-cs-role-20250206153909112500000011",
            "policy_arn": "arn:aws:iam::655394773887:policy/norman-tf-ebs-sc-access-2",
            "role": "norman-tf-ebs-cs-role"
          },
          "sensitive_attributes": [],
          "private": "bnVsbA==",
          "dependencies": [
            "module.eks_cluster.aws_iam_policy.ebs_sc_access",
            "module.eks_cluster.aws_iam_policy.ebs_sc_access_2",
            "module.eks_cluster.aws_kms_key.eks",
            "module.eks_cluster.module.ebs_cs_role.aws_iam_role.this",
            "module.eks_cluster.module.ebs_cs_role.data.aws_caller_identity.current",
            "module.eks_cluster.module.ebs_cs_role.data.aws_iam_policy_document.this",
            "module.eks_cluster.module.ebs_cs_role.data.aws_partition.current",
            "module.eks_cluster.module.eks.aws_cloudwatch_log_group.this",
            "module.eks_cluster.module.eks.aws_eks_cluster.this",
            "module.eks_cluster.module.eks.aws_iam_openid_connect_provider.oidc_provider",
            "module.eks_cluster.module.eks.aws_iam_policy.cni_ipv6_policy",
            "module.eks_cluster.module.eks.aws_iam_role.this",
            "module.eks_cluster.module.eks.aws_iam_role_policy_attachment.this",
            "module.eks_cluster.module.eks.aws_security_group.cluster",
            "module.eks_cluster.module.eks.aws_security_group.node",
            "module.eks_cluster.module.eks.aws_security_group_rule.cluster",
            "module.eks_cluster.module.eks.aws_security_group_rule.node",
            "module.eks_cluster.module.eks.data.aws_caller_identity.current",
            "module.eks_cluster.module.eks.data.aws_iam_policy_document.assume_role_policy",
            "module.eks_cluster.module.eks.data.aws_iam_policy_document.cni_ipv6_policy",
            "module.eks_cluster.module.eks.data.aws_iam_session_context.current",
            "module.eks_cluster.module.eks.data.aws_partition.current",
            "module.eks_cluster.module.eks.data.tls_certificate.this",
            "module.eks_cluster.module.eks.module.kms.aws_kms_external_key.this",
            "module.eks_cluster.module.eks.module.kms.aws_kms_key.this",
            "module.eks_cluster.module.eks.module.kms.aws_kms_replica_external_key.this",
            "module.eks_cluster.module.eks.module.kms.aws_kms_replica_key.this",
            "module.eks_cluster.module.eks.module.kms.data.aws_caller_identity.current",
            "module.eks_cluster.module.eks.module.kms.data.aws_iam_policy_document.this",
            "module.eks_cluster.module.eks.module.kms.data.aws_partition.current",
            "module.eks_cluster.module.vpc.aws_subnet.private",
            "module.eks_cluster.module.vpc.aws_vpc.this",
            "module.eks_cluster.module.vpc.aws_vpc_ipv4_cidr_block_association.this"
          ]
        }
      ]
    },
    {
      "module": "module.eks_cluster.module.eks",
      "mode": "data",
      "type": "aws_caller_identity",
      "name": "current",
      "provider": "provider[\"registry.terraform.io/hashicorp/aws\"]",
      "instances": [
        {
          "schema_version": 0,
          "attributes": {
            "account_id": "655394773887",
            "arn": "arn:aws:sts::655394773887:assumed-role/AWSReservedSSO_SystemAdministrator_fcc9b1ff41b99e0b/norman.luering@camunda.com",
            "id": "655394773887",
            "user_id": "AROAZRGESTN7WTZKOQEYF:norman.luering@camunda.com"
          },
          "sensitive_attributes": []
        }
      ]
    },
    {
      "module": "module.eks_cluster.module.eks",
      "mode": "data",
      "type": "aws_eks_addon_version",
      "name": "this",
      "provider": "provider[\"registry.terraform.io/hashicorp/aws\"]",
      "instances": [
        {
          "index_key": "aws-ebs-csi-driver",
          "schema_version": 0,
          "attributes": {
            "addon_name": "aws-ebs-csi-driver",
            "id": "aws-ebs-csi-driver",
            "kubernetes_version": "1.31",
            "most_recent": true,
            "version": "v1.39.0-eksbuild.1"
          },
          "sensitive_attributes": []
        },
        {
          "index_key": "coredns",
          "schema_version": 0,
          "attributes": {
            "addon_name": "coredns",
            "id": "coredns",
            "kubernetes_version": "1.31",
            "most_recent": true,
            "version": "v1.11.4-eksbuild.2"
          },
          "sensitive_attributes": []
        },
        {
          "index_key": "kube-proxy",
          "schema_version": 0,
          "attributes": {
            "addon_name": "kube-proxy",
            "id": "kube-proxy",
            "kubernetes_version": "1.31",
            "most_recent": true,
            "version": "v1.31.3-eksbuild.2"
          },
          "sensitive_attributes": []
        },
        {
          "index_key": "vpc-cni",
          "schema_version": 0,
          "attributes": {
            "addon_name": "vpc-cni",
            "id": "vpc-cni",
            "kubernetes_version": "1.31",
            "most_recent": true,
            "version": "v1.19.2-eksbuild.1"
          },
          "sensitive_attributes": []
        }
      ]
    },
    {
      "module": "module.eks_cluster.module.eks",
      "mode": "data",
      "type": "aws_iam_policy_document",
      "name": "assume_role_policy",
      "provider": "provider[\"registry.terraform.io/hashicorp/aws\"]",
      "instances": [
        {
          "index_key": 0,
          "schema_version": 0,
          "attributes": {
            "id": "2764486067",
            "json": "{\n  \"Version\": \"2012-10-17\",\n  \"Statement\": [\n    {\n      \"Sid\": \"EKSClusterAssumeRole\",\n      \"Effect\": \"Allow\",\n      \"Action\": \"sts:AssumeRole\",\n      \"Principal\": {\n        \"Service\": \"eks.amazonaws.com\"\n      }\n    }\n  ]\n}",
            "minified_json": "{\"Version\":\"2012-10-17\",\"Statement\":[{\"Sid\":\"EKSClusterAssumeRole\",\"Effect\":\"Allow\",\"Action\":\"sts:AssumeRole\",\"Principal\":{\"Service\":\"eks.amazonaws.com\"}}]}",
            "override_json": null,
            "override_policy_documents": null,
            "policy_id": null,
            "source_json": null,
            "source_policy_documents": null,
            "statement": [
              {
                "actions": [
                  "sts:AssumeRole"
                ],
                "condition": [],
                "effect": "Allow",
                "not_actions": [],
                "not_principals": [],
                "not_resources": [],
                "principals": [
                  {
                    "identifiers": [
                      "eks.amazonaws.com"
                    ],
                    "type": "Service"
                  }
                ],
                "resources": [],
                "sid": "EKSClusterAssumeRole"
              }
            ],
            "version": "2012-10-17"
          },
          "sensitive_attributes": []
        }
      ]
    },
    {
      "module": "module.eks_cluster.module.eks",
      "mode": "data",
      "type": "aws_iam_policy_document",
      "name": "cni_ipv6_policy",
      "provider": "provider[\"registry.terraform.io/hashicorp/aws\"]",
      "instances": []
    },
    {
      "module": "module.eks_cluster.module.eks",
      "mode": "data",
      "type": "aws_iam_session_context",
      "name": "current",
      "provider": "provider[\"registry.terraform.io/hashicorp/aws\"]",
      "instances": [
        {
          "schema_version": 0,
          "attributes": {
            "arn": "arn:aws:sts::655394773887:assumed-role/AWSReservedSSO_SystemAdministrator_fcc9b1ff41b99e0b/norman.luering@camunda.com",
            "id": "arn:aws:sts::655394773887:assumed-role/AWSReservedSSO_SystemAdministrator_fcc9b1ff41b99e0b/norman.luering@camunda.com",
            "issuer_arn": "arn:aws:iam::655394773887:role/aws-reserved/sso.amazonaws.com/eu-central-1/AWSReservedSSO_SystemAdministrator_fcc9b1ff41b99e0b",
            "issuer_id": "AROAZRGESTN7WTZKOQEYF",
            "issuer_name": "AWSReservedSSO_SystemAdministrator_fcc9b1ff41b99e0b",
            "session_name": "norman.luering@camunda.com"
          },
          "sensitive_attributes": []
        }
      ]
    },
    {
      "module": "module.eks_cluster.module.eks",
      "mode": "data",
      "type": "aws_partition",
      "name": "current",
      "provider": "provider[\"registry.terraform.io/hashicorp/aws\"]",
      "instances": [
        {
          "schema_version": 0,
          "attributes": {
            "dns_suffix": "amazonaws.com",
            "id": "aws",
            "partition": "aws",
            "reverse_dns_prefix": "com.amazonaws"
          },
          "sensitive_attributes": []
        }
      ]
    },
    {
      "module": "module.eks_cluster.module.eks",
      "mode": "data",
      "type": "tls_certificate",
      "name": "this",
      "provider": "provider[\"registry.terraform.io/hashicorp/tls\"]",
      "instances": [
        {
          "index_key": 0,
          "schema_version": 0,
          "attributes": {
            "certificates": [
              {
                "cert_pem": "-----BEGIN CERTIFICATE-----\nMIIEdTCCA12gAwIBAgIJAKcOSkw0grd/MA0GCSqGSIb3DQEBCwUAMGgxCzAJBgNV\nBAYTAlVTMSUwIwYDVQQKExxTdGFyZmllbGQgVGVjaG5vbG9naWVzLCBJbmMuMTIw\nMAYDVQQLEylTdGFyZmllbGQgQ2xhc3MgMiBDZXJ0aWZpY2F0aW9uIEF1dGhvcml0\neTAeFw0wOTA5MDIwMDAwMDBaFw0zNDA2MjgxNzM5MTZaMIGYMQswCQYDVQQGEwJV\nUzEQMA4GA1UECBMHQXJpem9uYTETMBEGA1UEBxMKU2NvdHRzZGFsZTElMCMGA1UE\nChMcU3RhcmZpZWxkIFRlY2hub2xvZ2llcywgSW5jLjE7MDkGA1UEAxMyU3RhcmZp\nZWxkIFNlcnZpY2VzIFJvb3QgQ2VydGlmaWNhdGUgQXV0aG9yaXR5IC0gRzIwggEi\nMA0GCSqGSIb3DQEBAQUAA4IBDwAwggEKAoIBAQDVDDrEKvlO4vW+GZdfjohTsR8/\ny8+fIBNtKTrID30892t2OGPZNmCom15cAICyL1l/9of5JUOG52kbUpqQ4XHj2C0N\nTm/2yEnZtvMaVq4rtnQU68/7JuMauh2WLmo7WJSJR1b/JaCTcFOD2oR0FMNnngRo\nOt+OQFodSk7PQ5E751bWAHDLUu57fa4657wx+UX2wmDPE1kCK4DMNEffud6QZW0C\nzyyRpqbn3oUYSXxmTqM6bam17jQuug0DuDPfR+uxa40l2ZvOgdFFRjKWcIfeAg5J\nQ4W2bHO7ZOphQazJ1FTfhy/HIrImzJ9ZVGif/L4qL8RVHHVAYBeFAlU5i38FAgMB\nAAGjgfAwge0wDwYDVR0TAQH/BAUwAwEB/zAOBgNVHQ8BAf8EBAMCAYYwHQYDVR0O\nBBYEFJxfAN+qAdcwKziIorhtSpzyEZGDMB8GA1UdIwQYMBaAFL9ft9HO3R+G9FtV\nrNzXEMIOqYjnME8GCCsGAQUFBwEBBEMwQTAcBggrBgEFBQcwAYYQaHR0cDovL28u\nc3MyLnVzLzAhBggrBgEFBQcwAoYVaHR0cDovL3guc3MyLnVzL3guY2VyMCYGA1Ud\nHwQfMB0wG6AZoBeGFWh0dHA6Ly9zLnNzMi51cy9yLmNybDARBgNVHSAECjAIMAYG\nBFUdIAAwDQYJKoZIhvcNAQELBQADggEBACMd44pXyn3pF3lM8R5V/cxTbj5HD9/G\nVfKyBDbtgB9TxF00KGu+x1X8Z+rLP3+QsjPNG1gQggL4+C/1E2DUBc7xgQjB3ad1\nl08YuW3e95ORCLp+QCztweq7dp4zBncdDQh/U90bZKuCJ/Fp1U1ervShw3WnWEQt\n8jxwmKy6abaVd38PMV4s/KCHOkdp8Hlf9BRUpJVeEXgSYCfOn8J3/yNTd126/+pZ\n59vPr5KW7ySaNRB6nJHGDn2Z9j8Z3/VyVOEVqQdZe4O/Ui5GjLIAZHYcSNPYeehu\nVsyuLAOQ1xk4meTKCRlb/weWsKh/NEnfVqn3sF/tM+2MR7cwA130A4w=\n-----END CERTIFICATE-----\n",
                "is_ca": true,
                "issuer": "OU=Starfield Class 2 Certification Authority,O=Starfield Technologies\\, Inc.,C=US",
                "not_after": "2034-06-28T17:39:16Z",
                "not_before": "2009-09-02T00:00:00Z",
                "public_key_algorithm": "RSA",
                "serial_number": "12037640545166866303",
                "sha1_fingerprint": "9e99a48a9960b14926bb7f3b02e22da2b0ab7280",
                "signature_algorithm": "SHA256-RSA",
                "subject": "CN=Starfield Services Root Certificate Authority - G2,O=Starfield Technologies\\, Inc.,L=Scottsdale,ST=Arizona,C=US",
                "version": 3
              },
              {
                "cert_pem": "-----BEGIN CERTIFICATE-----\nMIIEkjCCA3qgAwIBAgITBn+USionzfP6wq4rAfkI7rnExjANBgkqhkiG9w0BAQsF\nADCBmDELMAkGA1UEBhMCVVMxEDAOBgNVBAgTB0FyaXpvbmExEzARBgNVBAcTClNj\nb3R0c2RhbGUxJTAjBgNVBAoTHFN0YXJmaWVsZCBUZWNobm9sb2dpZXMsIEluYy4x\nOzA5BgNVBAMTMlN0YXJmaWVsZCBTZXJ2aWNlcyBSb290IENlcnRpZmljYXRlIEF1\ndGhvcml0eSAtIEcyMB4XDTE1MDUyNTEyMDAwMFoXDTM3MTIzMTAxMDAwMFowOTEL\nMAkGA1UEBhMCVVMxDzANBgNVBAoTBkFtYXpvbjEZMBcGA1UEAxMQQW1hem9uIFJv\nb3QgQ0EgMTCCASIwDQYJKoZIhvcNAQEBBQADggEPADCCAQoCggEBALJ4gHHKeNXj\nca9HgFB0fW7Y14h29Jlo91ghYPl0hAEvrAIthtOgQ3pOsqTQNroBvo3bSMgHFzZM\n9O6II8c+6zf1tRn4SWiw3te5djgdYZ6k/oI2peVKVuRF4fn9tBb6dNqcmzU5L/qw\nIFAGbHrQgLKm+a/sRxmPUDgH3KKHOVj4utWp+UhnMJbulHheb4mjUcAwhmahRWa6\nVOujw5H5SNz/0egwLX0tdHA114gk957EWW67c4cX8jJGKLhD+rcdqsq08p8kDi1L\n93FcXmn/6pUCyziKrlA4b9v7LWIbxcceVOF34GfID5yHI9Y/QCB/IIDEgEw+OyQm\njgSubJrIqg0CAwEAAaOCATEwggEtMA8GA1UdEwEB/wQFMAMBAf8wDgYDVR0PAQH/\nBAQDAgGGMB0GA1UdDgQWBBSEGMyFNOy8DJSULghZnMeyEE4KCDAfBgNVHSMEGDAW\ngBScXwDfqgHXMCs4iKK4bUqc8hGRgzB4BggrBgEFBQcBAQRsMGowLgYIKwYBBQUH\nMAGGImh0dHA6Ly9vY3NwLnJvb3RnMi5hbWF6b250cnVzdC5jb20wOAYIKwYBBQUH\nMAKGLGh0dHA6Ly9jcnQucm9vdGcyLmFtYXpvbnRydXN0LmNvbS9yb290ZzIuY2Vy\nMD0GA1UdHwQ2MDQwMqAwoC6GLGh0dHA6Ly9jcmwucm9vdGcyLmFtYXpvbnRydXN0\nLmNvbS9yb290ZzIuY3JsMBEGA1UdIAQKMAgwBgYEVR0gADANBgkqhkiG9w0BAQsF\nAAOCAQEAYjdCXLwQtT6LLOkMm2xF4gcAevnFWAu5CIw+7bMlPLVvUOTNNWqnkzSW\nMiGpSESrnO09tKpzbeR/FoCJbM8oAxiDR3mjEH4wW6w7sGDgd9QIpuEdfF7Au/ma\neyKdpwAJfqxGF4PcnCZXmTA5YpaP7dreqsXMGz7KQ2hsVxa81Q4gLv7/wmpdLqBK\nbRRYh5TmOTFffHPLkIhqhBGWJ6bt2YFGpn6jcgAKUj6DiAdjd4lpFw85hdKrCEVN\n0FE6/V1dN2RMfjCyVSRCnTawXZwXgWHxyvkQAiSr6w10kY17RSlQOYiypok1JR4U\nakcjMS9cmvqtmg5iUaQqqcT5NJ0hGA==\n-----END CERTIFICATE-----\n",
                "is_ca": true,
                "issuer": "CN=Starfield Services Root Certificate Authority - G2,O=Starfield Technologies\\, Inc.,L=Scottsdale,ST=Arizona,C=US",
                "not_after": "2037-12-31T01:00:00Z",
                "not_before": "2015-05-25T12:00:00Z",
                "public_key_algorithm": "RSA",
                "serial_number": "144918191876577076464031512351042010504348870",
                "sha1_fingerprint": "06b25927c42a721631c1efd9431e648fa62e1e39",
                "signature_algorithm": "SHA256-RSA",
                "subject": "CN=Amazon Root CA 1,O=Amazon,C=US",
                "version": 3
              },
              {
                "cert_pem": "-----BEGIN CERTIFICATE-----\nMIIEXjCCA0agAwIBAgITB3MSSkvL1E7HtTvq8ZSELToPoTANBgkqhkiG9w0BAQsF\nADA5MQswCQYDVQQGEwJVUzEPMA0GA1UEChMGQW1hem9uMRkwFwYDVQQDExBBbWF6\nb24gUm9vdCBDQSAxMB4XDTIyMDgyMzIyMjUzMFoXDTMwMDgyMzIyMjUzMFowPDEL\nMAkGA1UEBhMCVVMxDzANBgNVBAoTBkFtYXpvbjEcMBoGA1UEAxMTQW1hem9uIFJT\nQSAyMDQ4IE0wMjCCASIwDQYJKoZIhvcNAQEBBQADggEPADCCAQoCggEBALtDGMZa\nqHneKei1by6+pUPPLljTB143Si6VpEWPc6mSkFhZb/6qrkZyoHlQLbDYnI2D7hD0\nsdzEqfnuAjIsuXQLG3A8TvX6V3oFNBFVe8NlLJHvBseKY88saLwufxkZVwk74g4n\nWlNMXzla9Y5F3wwRHwMVH443xGz6UtGSZSqQ94eFx5X7Tlqt8whi8qCaKdZ5rNak\n+r9nUThOeClqFd4oXych//Rc7Y0eX1KNWHYSI1Nk31mYgiK3JvH063g+K9tHA63Z\neTgKgndlh+WI+zv7i44HepRZjA1FYwYZ9Vv/9UkC5Yz8/yU65fgjaE+wVHM4e/Yy\nC2osrPWE7gJ+dXMCAwEAAaOCAVowggFWMBIGA1UdEwEB/wQIMAYBAf8CAQAwDgYD\nVR0PAQH/BAQDAgGGMB0GA1UdJQQWMBQGCCsGAQUFBwMBBggrBgEFBQcDAjAdBgNV\nHQ4EFgQUwDFSzVpQw4J8dHHOy+mc+XrrguIwHwYDVR0jBBgwFoAUhBjMhTTsvAyU\nlC4IWZzHshBOCggwewYIKwYBBQUHAQEEbzBtMC8GCCsGAQUFBzABhiNodHRwOi8v\nb2NzcC5yb290Y2ExLmFtYXpvbnRydXN0LmNvbTA6BggrBgEFBQcwAoYuaHR0cDov\nL2NydC5yb290Y2ExLmFtYXpvbnRydXN0LmNvbS9yb290Y2ExLmNlcjA/BgNVHR8E\nODA2MDSgMqAwhi5odHRwOi8vY3JsLnJvb3RjYTEuYW1hem9udHJ1c3QuY29tL3Jv\nb3RjYTEuY3JsMBMGA1UdIAQMMAowCAYGZ4EMAQIBMA0GCSqGSIb3DQEBCwUAA4IB\nAQAtTi6Fs0Azfi+iwm7jrz+CSxHH+uHl7Law3MQSXVtR8RV53PtR6r/6gNpqlzdo\nZq4FKbADi1v9Bun8RY8D51uedRfjsbeodizeBB8nXmeyD33Ep7VATj4ozcd31YFV\nfgRhvTSxNrrTlNpWkUk0m3BMPv8sg381HhA6uEYokE5q9uws/3YkKqRiEz3TsaWm\nJqIRZhMbgAfp7O7FUwFIb7UIspogZSKxPIWJpxiPo3TcBambbVtQOcNRWz5qCQdD\nslI2yayq0n2TXoHyNCLEH8rpsJRVILFsg0jc7BaFrMnF462+ajSehgj12IidNeRN\n4zl+EoNaWdpnWndvSpAEkq2P\n-----END CERTIFICATE-----\n",
                "is_ca": true,
                "issuer": "CN=Amazon Root CA 1,O=Amazon,C=US",
                "not_after": "2030-08-23T22:25:30Z",
                "not_before": "2022-08-23T22:25:30Z",
                "public_key_algorithm": "RSA",
                "serial_number": "166129353110899469622597955040406457904926625",
                "sha1_fingerprint": "414a2060b738c635cc7fc243e052615592830c53",
                "signature_algorithm": "SHA256-RSA",
                "subject": "CN=Amazon RSA 2048 M02,O=Amazon,C=US",
                "version": 3
              },
              {
                "cert_pem": "-----BEGIN CERTIFICATE-----\nMIIF5jCCBM6gAwIBAgIQDH6dmlZLRosz1IbBZfV+RzANBgkqhkiG9w0BAQsFADA8\nMQswCQYDVQQGEwJVUzEPMA0GA1UEChMGQW1hem9uMRwwGgYDVQQDExNBbWF6b24g\nUlNBIDIwNDggTTAyMB4XDTI0MDMyODAwMDAwMFoXDTI1MDQyNjIzNTk1OVowKDEm\nMCQGA1UEAwwdKi5la3MuZXUtd2VzdC0xLmFtYXpvbmF3cy5jb20wggEiMA0GCSqG\nSIb3DQEBAQUAA4IBDwAwggEKAoIBAQCshb1CIedwupih8rj/4L/x1DUJCoJh9QQb\n7XGJ0RxyanCtUOUHaDNJ1G+BWUNp9UWrHQ6ztY7Buz0+mswNr0OtN05tK8zQBJlv\nfP07L9zSc1ISiU/r4ZfrNClJ+6W/+b2EIirSaC3CiGXUbWs+I5JewiS4ItcTbyAh\nHLpHTdZ6bQ29ryToLRuprMdmhYoJAt+Zr+MGr1yTMEGQeKc3LVNXTiFkT14Vg/Rk\ngrrNBNVPPgXamT1JquraVYKQecAwF4qA8ooRD6Y8ddTEg90uFkzSXOIvZllU/BCz\n+55XX4u3P1Yyr9GmfkyXyoyIf4ZpmRfWHV6iVXlcctkIae1Uku4rAgMBAAGjggL2\nMIIC8jAfBgNVHSMEGDAWgBTAMVLNWlDDgnx0cc7L6Zz5euuC4jAdBgNVHQ4EFgQU\n+IcCw9E5kgjQucbVuxg3jJevsXgwKAYDVR0RBCEwH4IdKi5la3MuZXUtd2VzdC0x\nLmFtYXpvbmF3cy5jb20wEwYDVR0gBAwwCjAIBgZngQwBAgEwDgYDVR0PAQH/BAQD\nAgWgMB0GA1UdJQQWMBQGCCsGAQUFBwMBBggrBgEFBQcDAjA7BgNVHR8ENDAyMDCg\nLqAshipodHRwOi8vY3JsLnIybTAyLmFtYXpvbnRydXN0LmNvbS9yMm0wMi5jcmww\ndQYIKwYBBQUHAQEEaTBnMC0GCCsGAQUFBzABhiFodHRwOi8vb2NzcC5yMm0wMi5h\nbWF6b250cnVzdC5jb20wNgYIKwYBBQUHMAKGKmh0dHA6Ly9jcnQucjJtMDIuYW1h\nem9udHJ1c3QuY29tL3IybTAyLmNlcjAMBgNVHRMBAf8EAjAAMIIBfgYKKwYBBAHW\neQIEAgSCAW4EggFqAWgAdwDPEVbu1S58r/OHW9lpLpvpGnFnSrAX7KwB0lt3zsw7\nCAAAAY6FnATSAAAEAwBIMEYCIQDekTgwaQcskvPB6vTKAVK9ih7dE/hYE/DtJxKJ\nOiHPQgIhAMJTRQp3VCsm4gDjJzCQ21yRgkXeWkEBsucQAubNgGYWAHUAfVkeEuF4\nKnscYWd8Xv340IdcFKBOlZ65Ay/ZDowuebgAAAGOhZwE0AAABAMARjBEAiBFOaaL\nmzRZARFlt2WE9uVqVUej6dvgXhmzErxyjIYqUQIgDjRg44FdUVx3unpSbJueoSi5\nnS/HAp8FvVhucO4zhy0AdgDm0jFjQHeMwRBBBtdxuc7B0kD2loSG+7qHMh39HjeO\nUAAAAY6FnATlAAAEAwBHMEUCIAi0+Gz7nmbEYra2aJPCn7XcWBO24CMu//BlYosm\nS0ANAiEAw7VCkVhEmRP83ynfrkwJEU2XBGeLkwRP7qOiUd90zncwDQYJKoZIhvcN\nAQELBQADggEBAEEuh4XdOVYurMxPT8AR3IznEpxV9zWqKGqWSwVb4E+TGH209V4g\no8WVaA29wHye/ldX6ZgIxonrPvdXtZkpkQqZ62N2J7tZ/NMhMVa5ERMCaS2T3QvB\npZjH/k64O90Xop1EKzGLRsr62SH4A9YIz0J3qEdXQrkyHOiZXMnETs1N+ZJzt/RY\n7Dor4xBRMgvCZl6UTOFua2o1DBb3PwMmArCAfFFiRmkIQwxHol7Yyq0NGU05GI59\nhH+ISmvYl3NAZJ94P5nFUI6XJRCEg+xKsj4yAFrOLNmujajC1TYQg5fZo+VIxPN8\n3/pGZG5k883vUwnEVBi4s8IlPhpT6GTWV4I=\n-----END CERTIFICATE-----\n",
                "is_ca": false,
                "issuer": "CN=Amazon RSA 2048 M02,O=Amazon,C=US",
                "not_after": "2025-04-26T23:59:59Z",
                "not_before": "2024-03-28T00:00:00Z",
                "public_key_algorithm": "RSA",
                "serial_number": "16608161919745892679597834760487272007",
                "sha1_fingerprint": "c7ccdfd44b79de55780690a159cce8f67eea33c2",
                "signature_algorithm": "SHA256-RSA",
                "subject": "CN=*.eks.eu-west-1.amazonaws.com",
                "version": 3
              }
            ],
            "content": null,
            "id": "585e5ff420479566f6257ba376c39b1343ba13d5",
            "url": "https://oidc.eks.eu-west-1.amazonaws.com/id/00F4A23C817341EE3C4470EC238BEE15",
            "verify_chain": true
          },
          "sensitive_attributes": []
        }
      ]
    },
    {
      "module": "module.eks_cluster.module.eks",
      "mode": "managed",
      "type": "aws_cloudwatch_log_group",
      "name": "this",
      "provider": "provider[\"registry.terraform.io/hashicorp/aws\"]",
      "instances": [
        {
          "index_key": 0,
          "schema_version": 0,
          "attributes": {
            "arn": "arn:aws:logs:eu-west-1:655394773887:log-group:/aws/eks/norman-tf/cluster",
            "id": "/aws/eks/norman-tf/cluster",
            "kms_key_id": "",
            "log_group_class": "STANDARD",
            "name": "/aws/eks/norman-tf/cluster",
            "name_prefix": "",
            "retention_in_days": 90,
            "skip_destroy": false,
            "tags": {
              "Name": "/aws/eks/norman-tf/cluster"
            },
            "tags_all": {
              "Name": "/aws/eks/norman-tf/cluster"
            }
          },
          "sensitive_attributes": [],
          "private": "bnVsbA==",
          "create_before_destroy": true
        }
      ]
    },
    {
      "module": "module.eks_cluster.module.eks",
      "mode": "managed",
      "type": "aws_eks_access_entry",
      "name": "this",
      "provider": "provider[\"registry.terraform.io/hashicorp/aws\"]",
      "instances": [
        {
          "index_key": "cluster_creator",
          "schema_version": 0,
          "attributes": {
            "access_entry_arn": "arn:aws:eks:eu-west-1:655394773887:access-entry/norman-tf/role/655394773887/AWSReservedSSO_SystemAdministrator_fcc9b1ff41b99e0b/a2ca6df5-1cdd-4d27-9724-f8dc7bb9f7fa",
            "cluster_name": "norman-tf",
            "created_at": "2025-02-06T15:39:08Z",
            "id": "norman-tf:arn:aws:iam::655394773887:role/aws-reserved/sso.amazonaws.com/eu-central-1/AWSReservedSSO_SystemAdministrator_fcc9b1ff41b99e0b",
            "kubernetes_groups": [],
            "modified_at": "2025-02-06T15:39:08Z",
            "principal_arn": "arn:aws:iam::655394773887:role/aws-reserved/sso.amazonaws.com/eu-central-1/AWSReservedSSO_SystemAdministrator_fcc9b1ff41b99e0b",
            "tags": {},
            "tags_all": {},
            "timeouts": null,
            "type": "STANDARD",
            "user_name": "arn:aws:sts::655394773887:assumed-role/AWSReservedSSO_SystemAdministrator_fcc9b1ff41b99e0b/{{SessionName}}"
          },
          "sensitive_attributes": [],
          "private": "eyJlMmJmYjczMC1lY2FhLTExZTYtOGY4OC0zNDM2M2JjN2M0YzAiOnsiY3JlYXRlIjo2MDAwMDAwMDAwMDAsImRlbGV0ZSI6NjAwMDAwMDAwMDAwfX0=",
          "dependencies": [
            "module.eks_cluster.aws_kms_key.eks",
            "module.eks_cluster.module.eks.aws_cloudwatch_log_group.this",
            "module.eks_cluster.module.eks.aws_eks_cluster.this",
            "module.eks_cluster.module.eks.aws_iam_policy.cni_ipv6_policy",
            "module.eks_cluster.module.eks.aws_iam_role.this",
            "module.eks_cluster.module.eks.aws_iam_role_policy_attachment.this",
            "module.eks_cluster.module.eks.aws_security_group.cluster",
            "module.eks_cluster.module.eks.aws_security_group.node",
            "module.eks_cluster.module.eks.aws_security_group_rule.cluster",
            "module.eks_cluster.module.eks.aws_security_group_rule.node",
            "module.eks_cluster.module.eks.data.aws_caller_identity.current",
            "module.eks_cluster.module.eks.data.aws_iam_policy_document.assume_role_policy",
            "module.eks_cluster.module.eks.data.aws_iam_policy_document.cni_ipv6_policy",
            "module.eks_cluster.module.eks.data.aws_iam_session_context.current",
            "module.eks_cluster.module.eks.data.aws_partition.current",
            "module.eks_cluster.module.eks.module.kms.aws_kms_external_key.this",
            "module.eks_cluster.module.eks.module.kms.aws_kms_key.this",
            "module.eks_cluster.module.eks.module.kms.aws_kms_replica_external_key.this",
            "module.eks_cluster.module.eks.module.kms.aws_kms_replica_key.this",
            "module.eks_cluster.module.eks.module.kms.data.aws_caller_identity.current",
            "module.eks_cluster.module.eks.module.kms.data.aws_iam_policy_document.this",
            "module.eks_cluster.module.eks.module.kms.data.aws_partition.current",
            "module.eks_cluster.module.vpc.aws_subnet.private",
            "module.eks_cluster.module.vpc.aws_vpc.this",
            "module.eks_cluster.module.vpc.aws_vpc_ipv4_cidr_block_association.this"
          ]
        }
      ]
    },
    {
      "module": "module.eks_cluster.module.eks",
      "mode": "managed",
      "type": "aws_eks_access_policy_association",
      "name": "this",
      "provider": "provider[\"registry.terraform.io/hashicorp/aws\"]",
      "instances": [
        {
          "index_key": "cluster_creator_admin",
          "schema_version": 0,
          "attributes": {
            "access_scope": [
              {
                "namespaces": [],
                "type": "cluster"
              }
            ],
            "associated_at": "2025-02-06 15:39:08.862 +0000 UTC",
            "cluster_name": "norman-tf",
            "id": "norman-tf#arn:aws:iam::655394773887:role/aws-reserved/sso.amazonaws.com/eu-central-1/AWSReservedSSO_SystemAdministrator_fcc9b1ff41b99e0b#arn:aws:eks::aws:cluster-access-policy/AmazonEKSClusterAdminPolicy",
            "modified_at": "2025-02-06 15:39:08.862 +0000 UTC",
            "policy_arn": "arn:aws:eks::aws:cluster-access-policy/AmazonEKSClusterAdminPolicy",
            "principal_arn": "arn:aws:iam::655394773887:role/aws-reserved/sso.amazonaws.com/eu-central-1/AWSReservedSSO_SystemAdministrator_fcc9b1ff41b99e0b",
            "timeouts": null
          },
          "sensitive_attributes": [],
          "private": "eyJlMmJmYjczMC1lY2FhLTExZTYtOGY4OC0zNDM2M2JjN2M0YzAiOnsiY3JlYXRlIjo2MDAwMDAwMDAwMDAsImRlbGV0ZSI6NjAwMDAwMDAwMDAwfX0=",
          "dependencies": [
            "module.eks_cluster.aws_kms_key.eks",
            "module.eks_cluster.module.eks.aws_cloudwatch_log_group.this",
            "module.eks_cluster.module.eks.aws_eks_access_entry.this",
            "module.eks_cluster.module.eks.aws_eks_cluster.this",
            "module.eks_cluster.module.eks.aws_iam_policy.cni_ipv6_policy",
            "module.eks_cluster.module.eks.aws_iam_role.this",
            "module.eks_cluster.module.eks.aws_iam_role_policy_attachment.this",
            "module.eks_cluster.module.eks.aws_security_group.cluster",
            "module.eks_cluster.module.eks.aws_security_group.node",
            "module.eks_cluster.module.eks.aws_security_group_rule.cluster",
            "module.eks_cluster.module.eks.aws_security_group_rule.node",
            "module.eks_cluster.module.eks.data.aws_caller_identity.current",
            "module.eks_cluster.module.eks.data.aws_iam_policy_document.assume_role_policy",
            "module.eks_cluster.module.eks.data.aws_iam_policy_document.cni_ipv6_policy",
            "module.eks_cluster.module.eks.data.aws_iam_session_context.current",
            "module.eks_cluster.module.eks.data.aws_partition.current",
            "module.eks_cluster.module.eks.module.kms.aws_kms_external_key.this",
            "module.eks_cluster.module.eks.module.kms.aws_kms_key.this",
            "module.eks_cluster.module.eks.module.kms.aws_kms_replica_external_key.this",
            "module.eks_cluster.module.eks.module.kms.aws_kms_replica_key.this",
            "module.eks_cluster.module.eks.module.kms.data.aws_caller_identity.current",
            "module.eks_cluster.module.eks.module.kms.data.aws_iam_policy_document.this",
            "module.eks_cluster.module.eks.module.kms.data.aws_partition.current",
            "module.eks_cluster.module.vpc.aws_subnet.private",
            "module.eks_cluster.module.vpc.aws_vpc.this",
            "module.eks_cluster.module.vpc.aws_vpc_ipv4_cidr_block_association.this"
          ]
        }
      ]
    },
    {
      "module": "module.eks_cluster.module.eks",
      "mode": "managed",
      "type": "aws_eks_addon",
      "name": "before_compute",
      "provider": "provider[\"registry.terraform.io/hashicorp/aws\"]",
      "instances": [
        {
          "index_key": "aws-ebs-csi-driver",
          "status": "tainted",
          "schema_version": 0,
          "attributes": {
            "addon_name": "aws-ebs-csi-driver",
            "addon_version": "v1.39.0-eksbuild.1",
            "arn": "arn:aws:eks:eu-west-1:655394773887:addon/norman-tf/aws-ebs-csi-driver/0eca6df5-2106-95af-fc61-e60d652842cb",
            "cluster_name": "norman-tf",
            "configuration_values": "",
            "created_at": "2025-02-06T15:39:10Z",
            "id": "norman-tf:aws-ebs-csi-driver",
            "modified_at": "2025-02-06T15:39:27Z",
            "pod_identity_association": [],
            "preserve": true,
            "resolve_conflicts": null,
            "resolve_conflicts_on_create": "OVERWRITE",
            "resolve_conflicts_on_update": "OVERWRITE",
            "service_account_role_arn": "arn:aws:iam::655394773887:role/norman-tf-ebs-cs-role",
            "tags": {},
            "tags_all": {},
            "timeouts": {
              "create": null,
              "delete": null,
              "update": null
            }
          },
          "sensitive_attributes": [],
          "private": "eyJlMmJmYjczMC1lY2FhLTExZTYtOGY4OC0zNDM2M2JjN2M0YzAiOnsiY3JlYXRlIjoxMjAwMDAwMDAwMDAwLCJkZWxldGUiOjI0MDAwMDAwMDAwMDAsInVwZGF0ZSI6MTIwMDAwMDAwMDAwMH19",
          "dependencies": [
            "module.eks_cluster.aws_kms_key.eks",
            "module.eks_cluster.module.ebs_cs_role.aws_iam_role.this",
            "module.eks_cluster.module.ebs_cs_role.data.aws_caller_identity.current",
            "module.eks_cluster.module.ebs_cs_role.data.aws_iam_policy_document.this",
            "module.eks_cluster.module.ebs_cs_role.data.aws_partition.current",
            "module.eks_cluster.module.eks.aws_cloudwatch_log_group.this",
            "module.eks_cluster.module.eks.aws_eks_cluster.this",
            "module.eks_cluster.module.eks.aws_iam_openid_connect_provider.oidc_provider",
            "module.eks_cluster.module.eks.aws_iam_policy.cni_ipv6_policy",
            "module.eks_cluster.module.eks.aws_iam_role.this",
            "module.eks_cluster.module.eks.aws_iam_role_policy_attachment.this",
            "module.eks_cluster.module.eks.aws_security_group.cluster",
            "module.eks_cluster.module.eks.aws_security_group.node",
            "module.eks_cluster.module.eks.aws_security_group_rule.cluster",
            "module.eks_cluster.module.eks.aws_security_group_rule.node",
            "module.eks_cluster.module.eks.data.aws_caller_identity.current",
            "module.eks_cluster.module.eks.data.aws_eks_addon_version.this",
            "module.eks_cluster.module.eks.data.aws_iam_policy_document.assume_role_policy",
            "module.eks_cluster.module.eks.data.aws_iam_policy_document.cni_ipv6_policy",
            "module.eks_cluster.module.eks.data.aws_iam_session_context.current",
            "module.eks_cluster.module.eks.data.aws_partition.current",
            "module.eks_cluster.module.eks.data.tls_certificate.this",
            "module.eks_cluster.module.eks.module.kms.aws_kms_external_key.this",
            "module.eks_cluster.module.eks.module.kms.aws_kms_key.this",
            "module.eks_cluster.module.eks.module.kms.aws_kms_replica_external_key.this",
            "module.eks_cluster.module.eks.module.kms.aws_kms_replica_key.this",
            "module.eks_cluster.module.eks.module.kms.data.aws_caller_identity.current",
            "module.eks_cluster.module.eks.module.kms.data.aws_iam_policy_document.this",
            "module.eks_cluster.module.eks.module.kms.data.aws_partition.current",
            "module.eks_cluster.module.vpc.aws_subnet.private",
            "module.eks_cluster.module.vpc.aws_vpc.this",
            "module.eks_cluster.module.vpc.aws_vpc_ipv4_cidr_block_association.this"
          ]
        }
      ]
    },
    {
      "module": "module.eks_cluster.module.eks",
      "mode": "managed",
      "type": "aws_eks_cluster",
      "name": "this",
      "provider": "provider[\"registry.terraform.io/hashicorp/aws\"]",
      "instances": [
        {
          "index_key": 0,
          "schema_version": 1,
          "attributes": {
            "access_config": [
              {
                "authentication_mode": "API",
                "bootstrap_cluster_creator_admin_permissions": false
              }
            ],
            "arn": "arn:aws:eks:eu-west-1:655394773887:cluster/norman-tf",
            "bootstrap_self_managed_addons": true,
            "certificate_authority": [
              {
                "data": "LS0tLS1CRUdJTiBDRVJUSUZJQ0FURS0tLS0tCk1JSURCVENDQWUyZ0F3SUJBZ0lJV1grZWhBVnFRSTB3RFFZSktvWklodmNOQVFFTEJRQXdGVEVUTUJFR0ExVUUKQXhNS2EzVmlaWEp1WlhSbGN6QWVGdzB5TlRBeU1EWXhOVE13TVRsYUZ3MHpOVEF5TURReE5UTTFNVGxhTUJVeApFekFSQmdOVkJBTVRDbXQxWW1WeWJtVjBaWE13Z2dFaU1BMEdDU3FHU0liM0RRRUJBUVVBQTRJQkR3QXdnZ0VLCkFvSUJBUUN5TmVQdUVBTWc5eDQyMXdmcWZaWjk2YUI2ZmwyZzBTbHozd3pMV21GczRzSzJ2WnlaSUJ2TXFveVUKMW04blE2OWdxY1ZrK0tFQWdvNkhWWTBYbS9NVFJRb3ZQK1dLN2lldk81Q0V3ZTkyL0lQbVZLY0Flby9jWEljSgpuZlVmVUNSQi8xT0REc0hZQncvQ0NEQm02ZXVqQjF0bXJxMm4wMDZlb3lwbVNvZVQrbXB1QzJhbEdjSjA5U3NhCjFWLzdndnpNd1E4WFhGaU1VUUtpVXphUG5yQ3BjRmJMdDdEeGZ3ZGptS3BudUZKODhrbElXL2k5VmxZYmpIOXoKV1ZROWYrbFhQTHpBVVpSbThsMzQydkVPbUFZV2RyWjZaRklJLzd1NEdaWVRmTE9LN1dTMDRSVCtSUXFuWUtVYgpxdlUwNStDbk53UXg2ZC9FSjhPRzVoTUd2d0JoQWdNQkFBR2pXVEJYTUE0R0ExVWREd0VCL3dRRUF3SUNwREFQCkJnTlZIUk1CQWY4RUJUQURBUUgvTUIwR0ExVWREZ1FXQkJUQ2RpR0ZNcSsvaEI1aHlhUXg4MHRyNjRVWkdqQVYKQmdOVkhSRUVEakFNZ2dwcmRXSmxjbTVsZEdWek1BMEdDU3FHU0liM0RRRUJDd1VBQTRJQkFRQm5ueE9vSG94MAp1M09PTnV3NE9XUW9RNkt5R2VKNDJsWWkvR2JqWm5pRGYwN1ZPNWdRV3Vqc1hPOVdUY2RYbmt3cWJPY01tRlNjCjdYMFNBSWVER20zd2I1bkhRYzZhUWxwVEw0VTFIeUk2WVdyVlh0TVdQM1h4NmpXTXhma3JVNDBveURlVW4xaDMKaFQ1di9sZForMWFYam5ZREw2SzZMN21nazhtTnZoSlhvVHRYOVY3UTBRUmhCUHFaTmFIV2xpeGFnQWRMT1h2OApac0ZiM01HTnp3UkYrMHVZSlMvWlM3STMwZll4b2V1SHdpRWxZK3MyUDZ2dTlnbktaVGVod1EvRUpDSDFISlNpCmIzMG1rSXNtTGp6VVo2cHEvdWFFNTJHWUNxMk1BeEQzc0hRc0N6SEljZmhZemhiK3RpZ1o5MGhTY29iQkd5bTcKV3N0UHF5elpZVzhVCi0tLS0tRU5EIENFUlRJRklDQVRFLS0tLS0K"
              }
            ],
            "cluster_id": null,
            "compute_config": [],
            "created_at": "2025-02-06T15:30:22Z",
            "enabled_cluster_log_types": [
              "api",
              "audit",
              "authenticator"
            ],
            "encryption_config": [
              {
                "provider": [
                  {
                    "key_arn": "arn:aws:kms:eu-west-1:655394773887:key/ce8076e7-7572-44d4-b3e1-2f18dc4e2883"
                  }
                ],
                "resources": [
                  "secrets"
                ]
              }
            ],
            "endpoint": "https://00F4A23C817341EE3C4470EC238BEE15.gr7.eu-west-1.eks.amazonaws.com",
            "id": "norman-tf",
            "identity": [
              {
                "oidc": [
                  {
                    "issuer": "https://oidc.eks.eu-west-1.amazonaws.com/id/00F4A23C817341EE3C4470EC238BEE15"
                  }
                ]
              }
            ],
            "kubernetes_network_config": [
              {
                "elastic_load_balancing": [
                  {
                    "enabled": false
                  }
                ],
                "ip_family": "ipv4",
                "service_ipv4_cidr": "10.190.0.0/16",
                "service_ipv6_cidr": ""
              }
            ],
            "name": "norman-tf",
            "outpost_config": [],
            "platform_version": "eks.18",
            "remote_network_config": [],
            "role_arn": "arn:aws:iam::655394773887:role/norman-tf-eks-iam-role",
            "status": "ACTIVE",
            "storage_config": [],
            "tags": {
              "terraform-aws-modules": "eks"
            },
            "tags_all": {
              "terraform-aws-modules": "eks"
            },
            "timeouts": {
              "create": null,
              "delete": null,
              "update": null
            },
            "upgrade_policy": [
              {
                "support_type": "EXTENDED"
              }
            ],
            "version": "1.31",
            "vpc_config": [
              {
                "cluster_security_group_id": "sg-0f818077b08c9229e",
                "endpoint_private_access": true,
                "endpoint_public_access": true,
                "public_access_cidrs": [
                  "0.0.0.0/0"
                ],
                "security_group_ids": [
                  "sg-0869e7cd58e2bba89"
                ],
                "subnet_ids": [
                  "subnet-037d912fd168cca76",
                  "subnet-0c7bb3565f8bcc4a1",
                  "subnet-0c954b10dce66c524"
                ],
                "vpc_id": "vpc-06cb688a526f2e6a7"
              }
            ],
            "zonal_shift_config": []
          },
          "sensitive_attributes": [],
          "private": "eyJlMmJmYjczMC1lY2FhLTExZTYtOGY4OC0zNDM2M2JjN2M0YzAiOnsiY3JlYXRlIjoxODAwMDAwMDAwMDAwLCJkZWxldGUiOjkwMDAwMDAwMDAwMCwidXBkYXRlIjozNjAwMDAwMDAwMDAwfSwic2NoZW1hX3ZlcnNpb24iOiIxIn0=",
          "dependencies": [
            "module.eks_cluster.aws_kms_key.eks",
            "module.eks_cluster.module.eks.aws_cloudwatch_log_group.this",
            "module.eks_cluster.module.eks.aws_iam_policy.cni_ipv6_policy",
            "module.eks_cluster.module.eks.aws_iam_role.this",
            "module.eks_cluster.module.eks.aws_iam_role_policy_attachment.this",
            "module.eks_cluster.module.eks.aws_security_group.cluster",
            "module.eks_cluster.module.eks.aws_security_group.node",
            "module.eks_cluster.module.eks.aws_security_group_rule.cluster",
            "module.eks_cluster.module.eks.aws_security_group_rule.node",
            "module.eks_cluster.module.eks.data.aws_caller_identity.current",
            "module.eks_cluster.module.eks.data.aws_iam_policy_document.assume_role_policy",
            "module.eks_cluster.module.eks.data.aws_iam_policy_document.cni_ipv6_policy",
            "module.eks_cluster.module.eks.data.aws_iam_session_context.current",
            "module.eks_cluster.module.eks.data.aws_partition.current",
            "module.eks_cluster.module.eks.module.kms.aws_kms_external_key.this",
            "module.eks_cluster.module.eks.module.kms.aws_kms_key.this",
            "module.eks_cluster.module.eks.module.kms.aws_kms_replica_external_key.this",
            "module.eks_cluster.module.eks.module.kms.aws_kms_replica_key.this",
            "module.eks_cluster.module.eks.module.kms.data.aws_caller_identity.current",
            "module.eks_cluster.module.eks.module.kms.data.aws_iam_policy_document.this",
            "module.eks_cluster.module.eks.module.kms.data.aws_partition.current",
            "module.eks_cluster.module.vpc.aws_subnet.private",
            "module.eks_cluster.module.vpc.aws_vpc.this",
            "module.eks_cluster.module.vpc.aws_vpc_ipv4_cidr_block_association.this"
          ],
          "create_before_destroy": true
        }
      ]
    },
    {
      "module": "module.eks_cluster.module.eks",
      "mode": "managed",
      "type": "aws_eks_identity_provider_config",
      "name": "this",
      "provider": "provider[\"registry.terraform.io/hashicorp/aws\"]",
      "instances": []
    },
    {
      "module": "module.eks_cluster.module.eks",
      "mode": "managed",
      "type": "aws_iam_openid_connect_provider",
      "name": "oidc_provider",
      "provider": "provider[\"registry.terraform.io/hashicorp/aws\"]",
      "instances": [
        {
          "index_key": 0,
          "schema_version": 0,
          "attributes": {
            "arn": "arn:aws:iam::655394773887:oidc-provider/oidc.eks.eu-west-1.amazonaws.com/id/00F4A23C817341EE3C4470EC238BEE15",
            "client_id_list": [
              "sts.amazonaws.com"
            ],
            "id": "arn:aws:iam::655394773887:oidc-provider/oidc.eks.eu-west-1.amazonaws.com/id/00F4A23C817341EE3C4470EC238BEE15",
            "tags": {
              "Name": "norman-tf-eks-irsa"
            },
            "tags_all": {
              "Name": "norman-tf-eks-irsa"
            },
            "thumbprint_list": [
              "9e99a48a9960b14926bb7f3b02e22da2b0ab7280"
            ],
            "url": "oidc.eks.eu-west-1.amazonaws.com/id/00F4A23C817341EE3C4470EC238BEE15"
          },
          "sensitive_attributes": [],
          "private": "bnVsbA==",
          "dependencies": [
            "module.eks_cluster.aws_kms_key.eks",
            "module.eks_cluster.module.eks.aws_cloudwatch_log_group.this",
            "module.eks_cluster.module.eks.aws_eks_cluster.this",
            "module.eks_cluster.module.eks.aws_iam_policy.cni_ipv6_policy",
            "module.eks_cluster.module.eks.aws_iam_role.this",
            "module.eks_cluster.module.eks.aws_iam_role_policy_attachment.this",
            "module.eks_cluster.module.eks.aws_security_group.cluster",
            "module.eks_cluster.module.eks.aws_security_group.node",
            "module.eks_cluster.module.eks.aws_security_group_rule.cluster",
            "module.eks_cluster.module.eks.aws_security_group_rule.node",
            "module.eks_cluster.module.eks.data.aws_caller_identity.current",
            "module.eks_cluster.module.eks.data.aws_iam_policy_document.assume_role_policy",
            "module.eks_cluster.module.eks.data.aws_iam_policy_document.cni_ipv6_policy",
            "module.eks_cluster.module.eks.data.aws_iam_session_context.current",
            "module.eks_cluster.module.eks.data.aws_partition.current",
            "module.eks_cluster.module.eks.data.tls_certificate.this",
            "module.eks_cluster.module.eks.module.kms.aws_kms_external_key.this",
            "module.eks_cluster.module.eks.module.kms.aws_kms_key.this",
            "module.eks_cluster.module.eks.module.kms.aws_kms_replica_external_key.this",
            "module.eks_cluster.module.eks.module.kms.aws_kms_replica_key.this",
            "module.eks_cluster.module.eks.module.kms.data.aws_caller_identity.current",
            "module.eks_cluster.module.eks.module.kms.data.aws_iam_policy_document.this",
            "module.eks_cluster.module.eks.module.kms.data.aws_partition.current",
            "module.eks_cluster.module.vpc.aws_subnet.private",
            "module.eks_cluster.module.vpc.aws_vpc.this",
            "module.eks_cluster.module.vpc.aws_vpc_ipv4_cidr_block_association.this"
          ]
        }
      ]
    },
    {
      "module": "module.eks_cluster.module.eks",
      "mode": "managed",
      "type": "aws_iam_policy",
      "name": "cluster_encryption",
      "provider": "provider[\"registry.terraform.io/hashicorp/aws\"]",
      "instances": [
        {
          "index_key": 0,
          "schema_version": 0,
          "attributes": {
            "arn": "arn:aws:iam::655394773887:policy/norman-tf-eks-iam-role-ClusterEncryption2025020615301637150000000e",
            "attachment_count": 1,
            "description": "Cluster encryption policy to allow cluster role to utilize CMK provided",
            "id": "arn:aws:iam::655394773887:policy/norman-tf-eks-iam-role-ClusterEncryption2025020615301637150000000e",
            "name": "norman-tf-eks-iam-role-ClusterEncryption2025020615301637150000000e",
            "name_prefix": "norman-tf-eks-iam-role-ClusterEncryption",
            "path": "/",
            "policy": "{\"Statement\":[{\"Action\":[\"kms:Encrypt\",\"kms:Decrypt\",\"kms:ListGrants\",\"kms:DescribeKey\"],\"Effect\":\"Allow\",\"Resource\":\"arn:aws:kms:eu-west-1:655394773887:key/ce8076e7-7572-44d4-b3e1-2f18dc4e2883\"}],\"Version\":\"2012-10-17\"}",
            "policy_id": "ANPAZRGESTN7QFY6N727L",
            "tags": {},
            "tags_all": {}
          },
          "sensitive_attributes": [],
          "private": "bnVsbA==",
          "dependencies": [
            "module.eks_cluster.aws_kms_key.eks",
            "module.eks_cluster.module.eks.aws_iam_role.this",
            "module.eks_cluster.module.eks.data.aws_caller_identity.current",
            "module.eks_cluster.module.eks.data.aws_iam_policy_document.assume_role_policy",
            "module.eks_cluster.module.eks.data.aws_iam_session_context.current",
            "module.eks_cluster.module.eks.module.kms.aws_kms_external_key.this",
            "module.eks_cluster.module.eks.module.kms.aws_kms_key.this",
            "module.eks_cluster.module.eks.module.kms.aws_kms_replica_external_key.this",
            "module.eks_cluster.module.eks.module.kms.aws_kms_replica_key.this",
            "module.eks_cluster.module.eks.module.kms.data.aws_caller_identity.current",
            "module.eks_cluster.module.eks.module.kms.data.aws_iam_policy_document.this",
            "module.eks_cluster.module.eks.module.kms.data.aws_partition.current"
          ]
        }
      ]
    },
    {
      "module": "module.eks_cluster.module.eks",
      "mode": "managed",
      "type": "aws_iam_policy",
      "name": "cni_ipv6_policy",
      "provider": "provider[\"registry.terraform.io/hashicorp/aws\"]",
      "instances": []
    },
    {
      "module": "module.eks_cluster.module.eks",
      "mode": "managed",
      "type": "aws_iam_role",
      "name": "this",
      "provider": "provider[\"registry.terraform.io/hashicorp/aws\"]",
      "instances": [
        {
          "index_key": 0,
          "schema_version": 0,
          "attributes": {
            "arn": "arn:aws:iam::655394773887:role/norman-tf-eks-iam-role",
            "assume_role_policy": "{\"Statement\":[{\"Action\":\"sts:AssumeRole\",\"Effect\":\"Allow\",\"Principal\":{\"Service\":\"eks.amazonaws.com\"},\"Sid\":\"EKSClusterAssumeRole\"}],\"Version\":\"2012-10-17\"}",
            "create_date": "2025-02-06T15:29:50Z",
            "description": "norman-tf - EKS managed IAM role",
            "force_detach_policies": true,
            "id": "norman-tf-eks-iam-role",
            "inline_policy": [],
            "managed_policy_arns": [
              "arn:aws:iam::655394773887:policy/norman-tf-eks-iam-role-ClusterEncryption2025020615301637150000000e",
              "arn:aws:iam::aws:policy/AmazonEC2ContainerRegistryReadOnly",
              "arn:aws:iam::aws:policy/AmazonEKSClusterPolicy",
              "arn:aws:iam::aws:policy/AmazonEKSVPCResourceController"
            ],
            "max_session_duration": 3600,
            "name": "norman-tf-eks-iam-role",
            "name_prefix": "",
            "path": "/",
            "permissions_boundary": "",
            "tags": {},
            "tags_all": {},
            "unique_id": "AROAZRGESTN72QUPXQLTI"
          },
          "sensitive_attributes": [],
          "private": "bnVsbA==",
          "dependencies": [
            "module.eks_cluster.module.eks.data.aws_iam_policy_document.assume_role_policy"
          ],
          "create_before_destroy": true
        }
      ]
    },
    {
      "module": "module.eks_cluster.module.eks",
      "mode": "managed",
      "type": "aws_iam_role_policy_attachment",
      "name": "additional",
      "provider": "provider[\"registry.terraform.io/hashicorp/aws\"]",
      "instances": [
        {
          "index_key": "AmazonEC2ContainerRegistryReadOnly",
          "schema_version": 0,
          "attributes": {
            "id": "norman-tf-eks-iam-role-20250206152951087600000004",
            "policy_arn": "arn:aws:iam::aws:policy/AmazonEC2ContainerRegistryReadOnly",
            "role": "norman-tf-eks-iam-role"
          },
          "sensitive_attributes": [],
          "private": "bnVsbA==",
          "dependencies": [
            "module.eks_cluster.module.eks.aws_iam_role.this",
            "module.eks_cluster.module.eks.data.aws_iam_policy_document.assume_role_policy"
          ]
        }
      ]
    },
    {
      "module": "module.eks_cluster.module.eks",
      "mode": "managed",
      "type": "aws_iam_role_policy_attachment",
      "name": "cluster_encryption",
      "provider": "provider[\"registry.terraform.io/hashicorp/aws\"]",
      "instances": [
        {
          "index_key": 0,
          "schema_version": 0,
          "attributes": {
            "id": "norman-tf-eks-iam-role-2025020615301704610000000f",
            "policy_arn": "arn:aws:iam::655394773887:policy/norman-tf-eks-iam-role-ClusterEncryption2025020615301637150000000e",
            "role": "norman-tf-eks-iam-role"
          },
          "sensitive_attributes": [],
          "private": "bnVsbA==",
          "dependencies": [
            "module.eks_cluster.aws_kms_key.eks",
            "module.eks_cluster.module.eks.aws_iam_policy.cluster_encryption",
            "module.eks_cluster.module.eks.aws_iam_role.this",
            "module.eks_cluster.module.eks.data.aws_caller_identity.current",
            "module.eks_cluster.module.eks.data.aws_iam_policy_document.assume_role_policy",
            "module.eks_cluster.module.eks.data.aws_iam_session_context.current",
            "module.eks_cluster.module.eks.module.kms.aws_kms_external_key.this",
            "module.eks_cluster.module.eks.module.kms.aws_kms_key.this",
            "module.eks_cluster.module.eks.module.kms.aws_kms_replica_external_key.this",
            "module.eks_cluster.module.eks.module.kms.aws_kms_replica_key.this",
            "module.eks_cluster.module.eks.module.kms.data.aws_caller_identity.current",
            "module.eks_cluster.module.eks.module.kms.data.aws_iam_policy_document.this",
            "module.eks_cluster.module.eks.module.kms.data.aws_partition.current"
          ]
        }
      ]
    },
    {
      "module": "module.eks_cluster.module.eks",
      "mode": "managed",
      "type": "aws_iam_role_policy_attachment",
      "name": "this",
      "provider": "provider[\"registry.terraform.io/hashicorp/aws\"]",
      "instances": [
        {
          "index_key": "AmazonEKSClusterPolicy",
          "schema_version": 0,
          "attributes": {
            "id": "norman-tf-eks-iam-role-20250206152951130800000006",
            "policy_arn": "arn:aws:iam::aws:policy/AmazonEKSClusterPolicy",
            "role": "norman-tf-eks-iam-role"
          },
          "sensitive_attributes": [],
          "private": "bnVsbA==",
          "dependencies": [
            "module.eks_cluster.module.eks.aws_iam_role.this",
            "module.eks_cluster.module.eks.data.aws_iam_policy_document.assume_role_policy",
            "module.eks_cluster.module.eks.data.aws_partition.current"
          ],
          "create_before_destroy": true
        },
        {
          "index_key": "AmazonEKSVPCResourceController",
          "schema_version": 0,
          "attributes": {
            "id": "norman-tf-eks-iam-role-20250206152951078500000002",
            "policy_arn": "arn:aws:iam::aws:policy/AmazonEKSVPCResourceController",
            "role": "norman-tf-eks-iam-role"
          },
          "sensitive_attributes": [],
          "private": "bnVsbA==",
          "dependencies": [
            "module.eks_cluster.module.eks.aws_iam_role.this",
            "module.eks_cluster.module.eks.data.aws_iam_policy_document.assume_role_policy",
            "module.eks_cluster.module.eks.data.aws_partition.current"
          ],
          "create_before_destroy": true
        }
      ]
    },
    {
      "module": "module.eks_cluster.module.eks",
      "mode": "managed",
      "type": "aws_security_group",
      "name": "cluster",
      "provider": "provider[\"registry.terraform.io/hashicorp/aws\"]",
      "instances": [
        {
          "index_key": 0,
          "schema_version": 1,
          "attributes": {
            "arn": "arn:aws:ec2:eu-west-1:655394773887:security-group/sg-0869e7cd58e2bba89",
            "description": "EKS cluster security group",
            "egress": [
              {
                "cidr_blocks": [],
                "description": "To node 1025-65535",
                "from_port": 1025,
                "ipv6_cidr_blocks": [],
                "prefix_list_ids": [],
                "protocol": "tcp",
                "security_groups": [
                  "sg-06d5b4f4fee6e4657"
                ],
                "self": false,
                "to_port": 65535
              }
            ],
            "id": "sg-0869e7cd58e2bba89",
            "ingress": [
              {
                "cidr_blocks": [],
                "description": "Node groups to cluster API",
                "from_port": 443,
                "ipv6_cidr_blocks": [],
                "prefix_list_ids": [],
                "protocol": "tcp",
                "security_groups": [
                  "sg-06d5b4f4fee6e4657"
                ],
                "self": false,
                "to_port": 443
              }
            ],
            "name": "norman-tf-cluster-2025020615300255750000000c",
            "name_prefix": "norman-tf-cluster-",
            "owner_id": "655394773887",
            "revoke_rules_on_delete": false,
            "tags": {
              "Name": "norman-tf-cluster"
            },
            "tags_all": {
              "Name": "norman-tf-cluster"
            },
            "timeouts": null,
            "vpc_id": "vpc-06cb688a526f2e6a7"
          },
          "sensitive_attributes": [],
          "private": "eyJlMmJmYjczMC1lY2FhLTExZTYtOGY4OC0zNDM2M2JjN2M0YzAiOnsiY3JlYXRlIjo2MDAwMDAwMDAwMDAsImRlbGV0ZSI6OTAwMDAwMDAwMDAwfSwic2NoZW1hX3ZlcnNpb24iOiIxIn0=",
          "dependencies": [
            "module.eks_cluster.module.vpc.aws_vpc.this"
          ],
          "create_before_destroy": true
        }
      ]
    },
    {
      "module": "module.eks_cluster.module.eks",
      "mode": "managed",
      "type": "aws_security_group",
      "name": "node",
      "provider": "provider[\"registry.terraform.io/hashicorp/aws\"]",
      "instances": [
        {
          "index_key": 0,
          "schema_version": 1,
          "attributes": {
            "arn": "arn:aws:ec2:eu-west-1:655394773887:security-group/sg-06d5b4f4fee6e4657",
            "description": "EKS node shared security group",
            "egress": [
              {
                "cidr_blocks": [
                  "0.0.0.0/0"
                ],
                "description": "Node all egress",
                "from_port": 0,
                "ipv6_cidr_blocks": [
                  "::/0"
                ],
                "prefix_list_ids": [],
                "protocol": "-1",
                "security_groups": [],
                "self": false,
                "to_port": 0
              }
            ],
            "id": "sg-06d5b4f4fee6e4657",
            "ingress": [
              {
                "cidr_blocks": [],
                "description": "Cluster API to node 4443/tcp webhook",
                "from_port": 4443,
                "ipv6_cidr_blocks": [],
                "prefix_list_ids": [],
                "protocol": "tcp",
                "security_groups": [
                  "sg-0869e7cd58e2bba89"
                ],
                "self": false,
                "to_port": 4443
              },
              {
                "cidr_blocks": [],
                "description": "Cluster API to node 6443/tcp webhook",
                "from_port": 6443,
                "ipv6_cidr_blocks": [],
                "prefix_list_ids": [],
                "protocol": "tcp",
                "security_groups": [
                  "sg-0869e7cd58e2bba89"
                ],
                "self": false,
                "to_port": 6443
              },
              {
                "cidr_blocks": [],
                "description": "Cluster API to node 8443/tcp webhook",
                "from_port": 8443,
                "ipv6_cidr_blocks": [],
                "prefix_list_ids": [],
                "protocol": "tcp",
                "security_groups": [
                  "sg-0869e7cd58e2bba89"
                ],
                "self": false,
                "to_port": 8443
              },
              {
                "cidr_blocks": [],
                "description": "Cluster API to node 9443/tcp webhook",
                "from_port": 9443,
                "ipv6_cidr_blocks": [],
                "prefix_list_ids": [],
                "protocol": "tcp",
                "security_groups": [
                  "sg-0869e7cd58e2bba89"
                ],
                "self": false,
                "to_port": 9443
              },
              {
                "cidr_blocks": [],
                "description": "Cluster API to node access for Prometheus",
                "from_port": 0,
                "ipv6_cidr_blocks": [],
                "prefix_list_ids": [],
                "protocol": "tcp",
                "security_groups": [
                  "sg-0869e7cd58e2bba89"
                ],
                "self": false,
                "to_port": 65535
              },
              {
                "cidr_blocks": [],
                "description": "Cluster API to node groups",
                "from_port": 443,
                "ipv6_cidr_blocks": [],
                "prefix_list_ids": [],
                "protocol": "tcp",
                "security_groups": [
                  "sg-0869e7cd58e2bba89"
                ],
                "self": false,
                "to_port": 443
              },
              {
                "cidr_blocks": [],
                "description": "Cluster API to node kubelets",
                "from_port": 10250,
                "ipv6_cidr_blocks": [],
                "prefix_list_ids": [],
                "protocol": "tcp",
                "security_groups": [
                  "sg-0869e7cd58e2bba89"
                ],
                "self": false,
                "to_port": 10250
              },
              {
                "cidr_blocks": [],
                "description": "Node to node CoreDNS UDP",
                "from_port": 53,
                "ipv6_cidr_blocks": [],
                "prefix_list_ids": [],
                "protocol": "udp",
                "security_groups": [],
                "self": true,
                "to_port": 53
              },
              {
                "cidr_blocks": [],
                "description": "Node to node CoreDNS",
                "from_port": 53,
                "ipv6_cidr_blocks": [],
                "prefix_list_ids": [],
                "protocol": "tcp",
                "security_groups": [],
                "self": true,
                "to_port": 53
              },
              {
                "cidr_blocks": [],
                "description": "Node to node all ports/protocols",
                "from_port": 0,
                "ipv6_cidr_blocks": [],
                "prefix_list_ids": [],
                "protocol": "-1",
                "security_groups": [],
                "self": true,
                "to_port": 0
              },
              {
                "cidr_blocks": [],
                "description": "Node to node ingress on ephemeral ports",
                "from_port": 1025,
                "ipv6_cidr_blocks": [],
                "prefix_list_ids": [],
                "protocol": "tcp",
                "security_groups": [],
                "self": true,
                "to_port": 65535
              }
            ],
            "name": "norman-tf-eks-node-sg-2025020615300257510000000d",
            "name_prefix": "norman-tf-eks-node-sg-",
            "owner_id": "655394773887",
            "revoke_rules_on_delete": false,
            "tags": {
              "Name": "norman-tf-eks-node-sg",
              "kubernetes.io/cluster/norman-tf": "owned"
            },
            "tags_all": {
              "Name": "norman-tf-eks-node-sg",
              "kubernetes.io/cluster/norman-tf": "owned"
            },
            "timeouts": null,
            "vpc_id": "vpc-06cb688a526f2e6a7"
          },
          "sensitive_attributes": [],
          "private": "eyJlMmJmYjczMC1lY2FhLTExZTYtOGY4OC0zNDM2M2JjN2M0YzAiOnsiY3JlYXRlIjo2MDAwMDAwMDAwMDAsImRlbGV0ZSI6OTAwMDAwMDAwMDAwfSwic2NoZW1hX3ZlcnNpb24iOiIxIn0=",
          "dependencies": [
            "module.eks_cluster.module.vpc.aws_vpc.this"
          ],
          "create_before_destroy": true
        }
      ]
    },
    {
      "module": "module.eks_cluster.module.eks",
      "mode": "managed",
      "type": "aws_security_group_rule",
      "name": "cluster",
      "provider": "provider[\"registry.terraform.io/hashicorp/aws\"]",
      "instances": [
        {
          "index_key": "egress_nodes_ephemeral_ports_tcp",
          "schema_version": 2,
          "attributes": {
            "cidr_blocks": null,
            "description": "To node 1025-65535",
            "from_port": 1025,
            "id": "sgrule-194881469",
            "ipv6_cidr_blocks": null,
            "prefix_list_ids": null,
            "protocol": "tcp",
            "security_group_id": "sg-0869e7cd58e2bba89",
            "security_group_rule_id": "sgr-09f690610fda981f2",
            "self": false,
            "source_security_group_id": "sg-06d5b4f4fee6e4657",
            "timeouts": null,
            "to_port": 65535,
            "type": "egress"
          },
          "sensitive_attributes": [],
          "private": "eyJlMmJmYjczMC1lY2FhLTExZTYtOGY4OC0zNDM2M2JjN2M0YzAiOnsiY3JlYXRlIjozMDAwMDAwMDAwMDB9LCJzY2hlbWFfdmVyc2lvbiI6IjIifQ==",
          "dependencies": [
            "module.eks_cluster.module.eks.aws_security_group.cluster",
            "module.eks_cluster.module.eks.aws_security_group.node",
            "module.eks_cluster.module.vpc.aws_vpc.this"
          ],
          "create_before_destroy": true
        },
        {
          "index_key": "ingress_nodes_443",
          "schema_version": 2,
          "attributes": {
            "cidr_blocks": null,
            "description": "Node groups to cluster API",
            "from_port": 443,
            "id": "sgrule-1670799900",
            "ipv6_cidr_blocks": null,
            "prefix_list_ids": null,
            "protocol": "tcp",
            "security_group_id": "sg-0869e7cd58e2bba89",
            "security_group_rule_id": "sgr-0f648d8aee8a40653",
            "self": false,
            "source_security_group_id": "sg-06d5b4f4fee6e4657",
            "timeouts": null,
            "to_port": 443,
            "type": "ingress"
          },
          "sensitive_attributes": [],
          "private": "eyJlMmJmYjczMC1lY2FhLTExZTYtOGY4OC0zNDM2M2JjN2M0YzAiOnsiY3JlYXRlIjozMDAwMDAwMDAwMDB9LCJzY2hlbWFfdmVyc2lvbiI6IjIifQ==",
          "dependencies": [
            "module.eks_cluster.module.eks.aws_security_group.cluster",
            "module.eks_cluster.module.eks.aws_security_group.node",
            "module.eks_cluster.module.vpc.aws_vpc.this"
          ],
          "create_before_destroy": true
        }
      ]
    },
    {
      "module": "module.eks_cluster.module.eks",
      "mode": "managed",
      "type": "aws_security_group_rule",
      "name": "node",
      "provider": "provider[\"registry.terraform.io/hashicorp/aws\"]",
      "instances": [
        {
          "index_key": "egress_all",
          "schema_version": 2,
          "attributes": {
            "cidr_blocks": [
              "0.0.0.0/0"
            ],
            "description": "Node all egress",
            "from_port": 0,
            "id": "sgrule-1968546045",
            "ipv6_cidr_blocks": [
              "::/0"
            ],
            "prefix_list_ids": [],
            "protocol": "-1",
            "security_group_id": "sg-06d5b4f4fee6e4657",
            "security_group_rule_id": "",
            "self": false,
            "source_security_group_id": null,
            "timeouts": null,
            "to_port": 0,
            "type": "egress"
          },
          "sensitive_attributes": [],
          "private": "eyJlMmJmYjczMC1lY2FhLTExZTYtOGY4OC0zNDM2M2JjN2M0YzAiOnsiY3JlYXRlIjozMDAwMDAwMDAwMDB9LCJzY2hlbWFfdmVyc2lvbiI6IjIifQ==",
          "dependencies": [
            "module.eks_cluster.module.eks.aws_security_group.cluster",
            "module.eks_cluster.module.eks.aws_security_group.node",
            "module.eks_cluster.module.vpc.aws_vpc.this"
          ],
          "create_before_destroy": true
        },
        {
          "index_key": "ingress_cluster_443",
          "schema_version": 2,
          "attributes": {
            "cidr_blocks": null,
            "description": "Cluster API to node groups",
            "from_port": 443,
            "id": "sgrule-433887412",
            "ipv6_cidr_blocks": null,
            "prefix_list_ids": [],
            "protocol": "tcp",
            "security_group_id": "sg-06d5b4f4fee6e4657",
            "security_group_rule_id": "sgr-05f42475c4569ba1c",
            "self": false,
            "source_security_group_id": "sg-0869e7cd58e2bba89",
            "timeouts": null,
            "to_port": 443,
            "type": "ingress"
          },
          "sensitive_attributes": [],
          "private": "eyJlMmJmYjczMC1lY2FhLTExZTYtOGY4OC0zNDM2M2JjN2M0YzAiOnsiY3JlYXRlIjozMDAwMDAwMDAwMDB9LCJzY2hlbWFfdmVyc2lvbiI6IjIifQ==",
          "dependencies": [
            "module.eks_cluster.module.eks.aws_security_group.cluster",
            "module.eks_cluster.module.eks.aws_security_group.node",
            "module.eks_cluster.module.vpc.aws_vpc.this"
          ],
          "create_before_destroy": true
        },
        {
          "index_key": "ingress_cluster_4443_webhook",
          "schema_version": 2,
          "attributes": {
            "cidr_blocks": null,
            "description": "Cluster API to node 4443/tcp webhook",
            "from_port": 4443,
            "id": "sgrule-877412170",
            "ipv6_cidr_blocks": null,
            "prefix_list_ids": [],
            "protocol": "tcp",
            "security_group_id": "sg-06d5b4f4fee6e4657",
            "security_group_rule_id": "sgr-0f1fa249541addb80",
            "self": false,
            "source_security_group_id": "sg-0869e7cd58e2bba89",
            "timeouts": null,
            "to_port": 4443,
            "type": "ingress"
          },
          "sensitive_attributes": [],
          "private": "eyJlMmJmYjczMC1lY2FhLTExZTYtOGY4OC0zNDM2M2JjN2M0YzAiOnsiY3JlYXRlIjozMDAwMDAwMDAwMDB9LCJzY2hlbWFfdmVyc2lvbiI6IjIifQ==",
          "dependencies": [
            "module.eks_cluster.module.eks.aws_security_group.cluster",
            "module.eks_cluster.module.eks.aws_security_group.node",
            "module.eks_cluster.module.vpc.aws_vpc.this"
          ],
          "create_before_destroy": true
        },
        {
          "index_key": "ingress_cluster_6443_webhook",
          "schema_version": 2,
          "attributes": {
            "cidr_blocks": null,
            "description": "Cluster API to node 6443/tcp webhook",
            "from_port": 6443,
            "id": "sgrule-4245575900",
            "ipv6_cidr_blocks": null,
            "prefix_list_ids": [],
            "protocol": "tcp",
            "security_group_id": "sg-06d5b4f4fee6e4657",
            "security_group_rule_id": "sgr-0e22977fcd8f145ba",
            "self": false,
            "source_security_group_id": "sg-0869e7cd58e2bba89",
            "timeouts": null,
            "to_port": 6443,
            "type": "ingress"
          },
          "sensitive_attributes": [],
          "private": "eyJlMmJmYjczMC1lY2FhLTExZTYtOGY4OC0zNDM2M2JjN2M0YzAiOnsiY3JlYXRlIjozMDAwMDAwMDAwMDB9LCJzY2hlbWFfdmVyc2lvbiI6IjIifQ==",
          "dependencies": [
            "module.eks_cluster.module.eks.aws_security_group.cluster",
            "module.eks_cluster.module.eks.aws_security_group.node",
            "module.eks_cluster.module.vpc.aws_vpc.this"
          ],
          "create_before_destroy": true
        },
        {
          "index_key": "ingress_cluster_8443_webhook",
          "schema_version": 2,
          "attributes": {
            "cidr_blocks": null,
            "description": "Cluster API to node 8443/tcp webhook",
            "from_port": 8443,
            "id": "sgrule-3998377213",
            "ipv6_cidr_blocks": null,
            "prefix_list_ids": [],
            "protocol": "tcp",
            "security_group_id": "sg-06d5b4f4fee6e4657",
            "security_group_rule_id": "sgr-0ce673c1d5931d220",
            "self": false,
            "source_security_group_id": "sg-0869e7cd58e2bba89",
            "timeouts": null,
            "to_port": 8443,
            "type": "ingress"
          },
          "sensitive_attributes": [],
          "private": "eyJlMmJmYjczMC1lY2FhLTExZTYtOGY4OC0zNDM2M2JjN2M0YzAiOnsiY3JlYXRlIjozMDAwMDAwMDAwMDB9LCJzY2hlbWFfdmVyc2lvbiI6IjIifQ==",
          "dependencies": [
            "module.eks_cluster.module.eks.aws_security_group.cluster",
            "module.eks_cluster.module.eks.aws_security_group.node",
            "module.eks_cluster.module.vpc.aws_vpc.this"
          ],
          "create_before_destroy": true
        },
        {
          "index_key": "ingress_cluster_9443_webhook",
          "schema_version": 2,
          "attributes": {
            "cidr_blocks": null,
            "description": "Cluster API to node 9443/tcp webhook",
            "from_port": 9443,
            "id": "sgrule-2331203382",
            "ipv6_cidr_blocks": null,
            "prefix_list_ids": [],
            "protocol": "tcp",
            "security_group_id": "sg-06d5b4f4fee6e4657",
            "security_group_rule_id": "sgr-0089ab3abb84d7f68",
            "self": false,
            "source_security_group_id": "sg-0869e7cd58e2bba89",
            "timeouts": null,
            "to_port": 9443,
            "type": "ingress"
          },
          "sensitive_attributes": [],
          "private": "eyJlMmJmYjczMC1lY2FhLTExZTYtOGY4OC0zNDM2M2JjN2M0YzAiOnsiY3JlYXRlIjozMDAwMDAwMDAwMDB9LCJzY2hlbWFfdmVyc2lvbiI6IjIifQ==",
          "dependencies": [
            "module.eks_cluster.module.eks.aws_security_group.cluster",
            "module.eks_cluster.module.eks.aws_security_group.node",
            "module.eks_cluster.module.vpc.aws_vpc.this"
          ],
          "create_before_destroy": true
        },
        {
          "index_key": "ingress_cluster_kubelet",
          "schema_version": 2,
          "attributes": {
            "cidr_blocks": null,
            "description": "Cluster API to node kubelets",
            "from_port": 10250,
            "id": "sgrule-1302806316",
            "ipv6_cidr_blocks": null,
            "prefix_list_ids": [],
            "protocol": "tcp",
            "security_group_id": "sg-06d5b4f4fee6e4657",
            "security_group_rule_id": "sgr-0fce3e6a92e72091b",
            "self": false,
            "source_security_group_id": "sg-0869e7cd58e2bba89",
            "timeouts": null,
            "to_port": 10250,
            "type": "ingress"
          },
          "sensitive_attributes": [],
          "private": "eyJlMmJmYjczMC1lY2FhLTExZTYtOGY4OC0zNDM2M2JjN2M0YzAiOnsiY3JlYXRlIjozMDAwMDAwMDAwMDB9LCJzY2hlbWFfdmVyc2lvbiI6IjIifQ==",
          "dependencies": [
            "module.eks_cluster.module.eks.aws_security_group.cluster",
            "module.eks_cluster.module.eks.aws_security_group.node",
            "module.eks_cluster.module.vpc.aws_vpc.this"
          ],
          "create_before_destroy": true
        },
        {
          "index_key": "ingress_nodes_ephemeral",
          "schema_version": 2,
          "attributes": {
            "cidr_blocks": null,
            "description": "Node to node ingress on ephemeral ports",
            "from_port": 1025,
            "id": "sgrule-4197389697",
            "ipv6_cidr_blocks": null,
            "prefix_list_ids": [],
            "protocol": "tcp",
            "security_group_id": "sg-06d5b4f4fee6e4657",
            "security_group_rule_id": "sgr-0868a6bb94d407f51",
            "self": true,
            "source_security_group_id": null,
            "timeouts": null,
            "to_port": 65535,
            "type": "ingress"
          },
          "sensitive_attributes": [],
          "private": "eyJlMmJmYjczMC1lY2FhLTExZTYtOGY4OC0zNDM2M2JjN2M0YzAiOnsiY3JlYXRlIjozMDAwMDAwMDAwMDB9LCJzY2hlbWFfdmVyc2lvbiI6IjIifQ==",
          "dependencies": [
            "module.eks_cluster.module.eks.aws_security_group.cluster",
            "module.eks_cluster.module.eks.aws_security_group.node",
            "module.eks_cluster.module.vpc.aws_vpc.this"
          ],
          "create_before_destroy": true
        },
        {
          "index_key": "ingress_self_all",
          "schema_version": 2,
          "attributes": {
            "cidr_blocks": null,
            "description": "Node to node all ports/protocols",
            "from_port": 0,
            "id": "sgrule-3665882714",
            "ipv6_cidr_blocks": null,
            "prefix_list_ids": [],
            "protocol": "-1",
            "security_group_id": "sg-06d5b4f4fee6e4657",
            "security_group_rule_id": "sgr-08a1a4ae181486029",
            "self": true,
            "source_security_group_id": null,
            "timeouts": null,
            "to_port": 0,
            "type": "ingress"
          },
          "sensitive_attributes": [],
          "private": "eyJlMmJmYjczMC1lY2FhLTExZTYtOGY4OC0zNDM2M2JjN2M0YzAiOnsiY3JlYXRlIjozMDAwMDAwMDAwMDB9LCJzY2hlbWFfdmVyc2lvbiI6IjIifQ==",
          "dependencies": [
            "module.eks_cluster.module.eks.aws_security_group.cluster",
            "module.eks_cluster.module.eks.aws_security_group.node",
            "module.eks_cluster.module.vpc.aws_vpc.this"
          ],
          "create_before_destroy": true
        },
        {
          "index_key": "ingress_self_coredns_tcp",
          "schema_version": 2,
          "attributes": {
            "cidr_blocks": null,
            "description": "Node to node CoreDNS",
            "from_port": 53,
            "id": "sgrule-3089467181",
            "ipv6_cidr_blocks": null,
            "prefix_list_ids": [],
            "protocol": "tcp",
            "security_group_id": "sg-06d5b4f4fee6e4657",
            "security_group_rule_id": "sgr-03107ba733218423f",
            "self": true,
            "source_security_group_id": null,
            "timeouts": null,
            "to_port": 53,
            "type": "ingress"
          },
          "sensitive_attributes": [],
          "private": "eyJlMmJmYjczMC1lY2FhLTExZTYtOGY4OC0zNDM2M2JjN2M0YzAiOnsiY3JlYXRlIjozMDAwMDAwMDAwMDB9LCJzY2hlbWFfdmVyc2lvbiI6IjIifQ==",
          "dependencies": [
            "module.eks_cluster.module.eks.aws_security_group.cluster",
            "module.eks_cluster.module.eks.aws_security_group.node",
            "module.eks_cluster.module.vpc.aws_vpc.this"
          ],
          "create_before_destroy": true
        },
        {
          "index_key": "ingress_self_coredns_udp",
          "schema_version": 2,
          "attributes": {
            "cidr_blocks": null,
            "description": "Node to node CoreDNS UDP",
            "from_port": 53,
            "id": "sgrule-477766850",
            "ipv6_cidr_blocks": null,
            "prefix_list_ids": [],
            "protocol": "udp",
            "security_group_id": "sg-06d5b4f4fee6e4657",
            "security_group_rule_id": "sgr-0bb84f68192eb0658",
            "self": true,
            "source_security_group_id": null,
            "timeouts": null,
            "to_port": 53,
            "type": "ingress"
          },
          "sensitive_attributes": [],
          "private": "eyJlMmJmYjczMC1lY2FhLTExZTYtOGY4OC0zNDM2M2JjN2M0YzAiOnsiY3JlYXRlIjozMDAwMDAwMDAwMDB9LCJzY2hlbWFfdmVyc2lvbiI6IjIifQ==",
          "dependencies": [
            "module.eks_cluster.module.eks.aws_security_group.cluster",
            "module.eks_cluster.module.eks.aws_security_group.node",
            "module.eks_cluster.module.vpc.aws_vpc.this"
          ],
          "create_before_destroy": true
        }
      ]
    },
    {
      "module": "module.eks_cluster.module.eks",
      "mode": "managed",
      "type": "time_sleep",
      "name": "this",
      "provider": "provider[\"registry.terraform.io/hashicorp/time\"]",
      "instances": [
        {
          "index_key": 0,
          "schema_version": 0,
          "attributes": {
            "create_duration": "30s",
            "destroy_duration": null,
            "id": "2025-02-06T15:39:37Z",
            "triggers": {
              "cluster_certificate_authority_data": "LS0tLS1CRUdJTiBDRVJUSUZJQ0FURS0tLS0tCk1JSURCVENDQWUyZ0F3SUJBZ0lJV1grZWhBVnFRSTB3RFFZSktvWklodmNOQVFFTEJRQXdGVEVUTUJFR0ExVUUKQXhNS2EzVmlaWEp1WlhSbGN6QWVGdzB5TlRBeU1EWXhOVE13TVRsYUZ3MHpOVEF5TURReE5UTTFNVGxhTUJVeApFekFSQmdOVkJBTVRDbXQxWW1WeWJtVjBaWE13Z2dFaU1BMEdDU3FHU0liM0RRRUJBUVVBQTRJQkR3QXdnZ0VLCkFvSUJBUUN5TmVQdUVBTWc5eDQyMXdmcWZaWjk2YUI2ZmwyZzBTbHozd3pMV21GczRzSzJ2WnlaSUJ2TXFveVUKMW04blE2OWdxY1ZrK0tFQWdvNkhWWTBYbS9NVFJRb3ZQK1dLN2lldk81Q0V3ZTkyL0lQbVZLY0Flby9jWEljSgpuZlVmVUNSQi8xT0REc0hZQncvQ0NEQm02ZXVqQjF0bXJxMm4wMDZlb3lwbVNvZVQrbXB1QzJhbEdjSjA5U3NhCjFWLzdndnpNd1E4WFhGaU1VUUtpVXphUG5yQ3BjRmJMdDdEeGZ3ZGptS3BudUZKODhrbElXL2k5VmxZYmpIOXoKV1ZROWYrbFhQTHpBVVpSbThsMzQydkVPbUFZV2RyWjZaRklJLzd1NEdaWVRmTE9LN1dTMDRSVCtSUXFuWUtVYgpxdlUwNStDbk53UXg2ZC9FSjhPRzVoTUd2d0JoQWdNQkFBR2pXVEJYTUE0R0ExVWREd0VCL3dRRUF3SUNwREFQCkJnTlZIUk1CQWY4RUJUQURBUUgvTUIwR0ExVWREZ1FXQkJUQ2RpR0ZNcSsvaEI1aHlhUXg4MHRyNjRVWkdqQVYKQmdOVkhSRUVEakFNZ2dwcmRXSmxjbTVsZEdWek1BMEdDU3FHU0liM0RRRUJDd1VBQTRJQkFRQm5ueE9vSG94MAp1M09PTnV3NE9XUW9RNkt5R2VKNDJsWWkvR2JqWm5pRGYwN1ZPNWdRV3Vqc1hPOVdUY2RYbmt3cWJPY01tRlNjCjdYMFNBSWVER20zd2I1bkhRYzZhUWxwVEw0VTFIeUk2WVdyVlh0TVdQM1h4NmpXTXhma3JVNDBveURlVW4xaDMKaFQ1di9sZForMWFYam5ZREw2SzZMN21nazhtTnZoSlhvVHRYOVY3UTBRUmhCUHFaTmFIV2xpeGFnQWRMT1h2OApac0ZiM01HTnp3UkYrMHVZSlMvWlM3STMwZll4b2V1SHdpRWxZK3MyUDZ2dTlnbktaVGVod1EvRUpDSDFISlNpCmIzMG1rSXNtTGp6VVo2cHEvdWFFNTJHWUNxMk1BeEQzc0hRc0N6SEljZmhZemhiK3RpZ1o5MGhTY29iQkd5bTcKV3N0UHF5elpZVzhVCi0tLS0tRU5EIENFUlRJRklDQVRFLS0tLS0K",
              "cluster_endpoint": "https://00F4A23C817341EE3C4470EC238BEE15.gr7.eu-west-1.eks.amazonaws.com",
              "cluster_name": "norman-tf",
              "cluster_service_cidr": "10.190.0.0/16",
              "cluster_version": "1.31"
            }
          },
          "sensitive_attributes": [],
          "dependencies": [
            "module.eks_cluster.aws_kms_key.eks",
            "module.eks_cluster.module.eks.aws_cloudwatch_log_group.this",
            "module.eks_cluster.module.eks.aws_eks_cluster.this",
            "module.eks_cluster.module.eks.aws_iam_policy.cni_ipv6_policy",
            "module.eks_cluster.module.eks.aws_iam_role.this",
            "module.eks_cluster.module.eks.aws_iam_role_policy_attachment.this",
            "module.eks_cluster.module.eks.aws_security_group.cluster",
            "module.eks_cluster.module.eks.aws_security_group.node",
            "module.eks_cluster.module.eks.aws_security_group_rule.cluster",
            "module.eks_cluster.module.eks.aws_security_group_rule.node",
            "module.eks_cluster.module.eks.data.aws_caller_identity.current",
            "module.eks_cluster.module.eks.data.aws_iam_policy_document.assume_role_policy",
            "module.eks_cluster.module.eks.data.aws_iam_policy_document.cni_ipv6_policy",
            "module.eks_cluster.module.eks.data.aws_iam_session_context.current",
            "module.eks_cluster.module.eks.data.aws_partition.current",
            "module.eks_cluster.module.eks.module.kms.aws_kms_external_key.this",
            "module.eks_cluster.module.eks.module.kms.aws_kms_key.this",
            "module.eks_cluster.module.eks.module.kms.aws_kms_replica_external_key.this",
            "module.eks_cluster.module.eks.module.kms.aws_kms_replica_key.this",
            "module.eks_cluster.module.eks.module.kms.data.aws_caller_identity.current",
            "module.eks_cluster.module.eks.module.kms.data.aws_iam_policy_document.this",
            "module.eks_cluster.module.eks.module.kms.data.aws_partition.current",
            "module.eks_cluster.module.vpc.aws_subnet.private",
            "module.eks_cluster.module.vpc.aws_vpc.this",
            "module.eks_cluster.module.vpc.aws_vpc_ipv4_cidr_block_association.this"
          ],
          "create_before_destroy": true
        }
      ]
    },
    {
      "module": "module.eks_cluster.module.eks.module.eks_managed_node_group[\"services\"]",
      "mode": "data",
      "type": "aws_caller_identity",
      "name": "current",
      "provider": "provider[\"registry.terraform.io/hashicorp/aws\"]",
      "instances": [
        {
          "schema_version": 0,
          "attributes": {
            "account_id": "655394773887",
            "arn": "arn:aws:sts::655394773887:assumed-role/AWSReservedSSO_SystemAdministrator_fcc9b1ff41b99e0b/norman.luering@camunda.com",
            "id": "655394773887",
            "user_id": "AROAZRGESTN7WTZKOQEYF:norman.luering@camunda.com"
          },
          "sensitive_attributes": []
        }
      ]
    },
    {
      "module": "module.eks_cluster.module.eks.module.eks_managed_node_group[\"services\"]",
      "mode": "data",
      "type": "aws_ec2_instance_type",
      "name": "this",
      "provider": "provider[\"registry.terraform.io/hashicorp/aws\"]",
      "instances": []
    },
    {
      "module": "module.eks_cluster.module.eks.module.eks_managed_node_group[\"services\"]",
      "mode": "data",
      "type": "aws_ec2_instance_type_offerings",
      "name": "this",
      "provider": "provider[\"registry.terraform.io/hashicorp/aws\"]",
      "instances": []
    },
    {
      "module": "module.eks_cluster.module.eks.module.eks_managed_node_group[\"services\"]",
      "mode": "data",
      "type": "aws_iam_policy_document",
      "name": "assume_role_policy",
      "provider": "provider[\"registry.terraform.io/hashicorp/aws\"]",
      "instances": [
        {
          "index_key": 0,
          "schema_version": 0,
          "attributes": {
            "id": "2560088296",
            "json": "{\n  \"Version\": \"2012-10-17\",\n  \"Statement\": [\n    {\n      \"Sid\": \"EKSNodeAssumeRole\",\n      \"Effect\": \"Allow\",\n      \"Action\": \"sts:AssumeRole\",\n      \"Principal\": {\n        \"Service\": \"ec2.amazonaws.com\"\n      }\n    }\n  ]\n}",
            "minified_json": "{\"Version\":\"2012-10-17\",\"Statement\":[{\"Sid\":\"EKSNodeAssumeRole\",\"Effect\":\"Allow\",\"Action\":\"sts:AssumeRole\",\"Principal\":{\"Service\":\"ec2.amazonaws.com\"}}]}",
            "override_json": null,
            "override_policy_documents": null,
            "policy_id": null,
            "source_json": null,
            "source_policy_documents": null,
            "statement": [
              {
                "actions": [
                  "sts:AssumeRole"
                ],
                "condition": [],
                "effect": "Allow",
                "not_actions": [],
                "not_principals": [],
                "not_resources": [],
                "principals": [
                  {
                    "identifiers": [
                      "ec2.amazonaws.com"
                    ],
                    "type": "Service"
                  }
                ],
                "resources": [],
                "sid": "EKSNodeAssumeRole"
              }
            ],
            "version": "2012-10-17"
          },
          "sensitive_attributes": []
        }
      ]
    },
    {
      "module": "module.eks_cluster.module.eks.module.eks_managed_node_group[\"services\"]",
      "mode": "data",
      "type": "aws_partition",
      "name": "current",
      "provider": "provider[\"registry.terraform.io/hashicorp/aws\"]",
      "instances": [
        {
          "schema_version": 0,
          "attributes": {
            "dns_suffix": "amazonaws.com",
            "id": "aws",
            "partition": "aws",
            "reverse_dns_prefix": "com.amazonaws"
          },
          "sensitive_attributes": []
        }
      ]
    },
    {
      "module": "module.eks_cluster.module.eks.module.eks_managed_node_group[\"services\"]",
      "mode": "data",
      "type": "aws_ssm_parameter",
      "name": "ami",
      "provider": "provider[\"registry.terraform.io/hashicorp/aws\"]",
      "instances": []
    },
    {
      "module": "module.eks_cluster.module.eks.module.eks_managed_node_group[\"services\"]",
      "mode": "data",
      "type": "aws_subnets",
      "name": "placement_group",
      "provider": "provider[\"registry.terraform.io/hashicorp/aws\"]",
      "instances": []
    },
    {
      "module": "module.eks_cluster.module.eks.module.eks_managed_node_group[\"services\"]",
      "mode": "managed",
      "type": "aws_eks_node_group",
      "name": "this",
      "provider": "provider[\"registry.terraform.io/hashicorp/aws\"]",
      "instances": [
        {
          "index_key": 0,
          "status": "tainted",
          "schema_version": 0,
          "attributes": {
            "ami_type": "AL2_x86_64",
            "arn": "arn:aws:eks:eu-west-1:655394773887:nodegroup/norman-tf/services/76ca6df5-5933-f33f-fd7f-0c7ee4f805b4",
            "capacity_type": "ON_DEMAND",
            "cluster_name": "norman-tf",
            "disk_size": 20,
            "force_update_version": null,
            "id": "norman-tf:services",
            "instance_types": [
              "m6i.xlarge"
            ],
            "labels": {},
            "launch_template": [],
            "node_group_name": "services",
            "node_group_name_prefix": "",
            "node_repair_config": [],
            "node_role_arn": "arn:aws:iam::655394773887:role/services-eks-node-group-20250206152949995100000001",
            "release_version": "1.31.4-20250123",
            "remote_access": [],
            "resources": [
              {
                "autoscaling_groups": [
                  {
                    "name": "eks-services-76ca6df5-5933-f33f-fd7f-0c7ee4f805b4"
                  }
                ],
                "remote_access_security_group_id": ""
              }
            ],
            "scaling_config": [
              {
                "desired_size": 4,
                "max_size": 10,
                "min_size": 1
              }
            ],
            "status": "CREATE_FAILED",
            "subnet_ids": [
              "subnet-037d912fd168cca76",
              "subnet-0c7bb3565f8bcc4a1",
              "subnet-0c954b10dce66c524"
            ],
            "tags": {
              "Name": "services"
            },
            "tags_all": {
              "Name": "services"
            },
            "taint": [],
            "timeouts": {
              "create": null,
              "delete": null,
              "update": null
            },
            "update_config": [
              {
                "max_unavailable": 1,
                "max_unavailable_percentage": 0
              }
            ],
            "version": "1.31"
          },
          "sensitive_attributes": [],
          "private": "eyJlMmJmYjczMC1lY2FhLTExZTYtOGY4OC0zNDM2M2JjN2M0YzAiOnsiY3JlYXRlIjozNjAwMDAwMDAwMDAwLCJkZWxldGUiOjM2MDAwMDAwMDAwMDAsInVwZGF0ZSI6MzYwMDAwMDAwMDAwMH19",
          "dependencies": [
            "module.eks_cluster.aws_kms_key.eks",
            "module.eks_cluster.module.eks.aws_cloudwatch_log_group.this",
            "module.eks_cluster.module.eks.aws_eks_cluster.this",
            "module.eks_cluster.module.eks.aws_iam_policy.cni_ipv6_policy",
            "module.eks_cluster.module.eks.aws_iam_role.this",
            "module.eks_cluster.module.eks.aws_iam_role_policy_attachment.this",
            "module.eks_cluster.module.eks.aws_security_group.cluster",
            "module.eks_cluster.module.eks.aws_security_group.node",
            "module.eks_cluster.module.eks.aws_security_group_rule.cluster",
            "module.eks_cluster.module.eks.aws_security_group_rule.node",
            "module.eks_cluster.module.eks.data.aws_caller_identity.current",
            "module.eks_cluster.module.eks.data.aws_iam_policy_document.assume_role_policy",
            "module.eks_cluster.module.eks.data.aws_iam_policy_document.cni_ipv6_policy",
            "module.eks_cluster.module.eks.data.aws_iam_session_context.current",
            "module.eks_cluster.module.eks.data.aws_partition.current",
            "module.eks_cluster.module.eks.module.eks_managed_node_group.aws_iam_role.this",
            "module.eks_cluster.module.eks.module.eks_managed_node_group.aws_iam_role_policy_attachment.additional",
            "module.eks_cluster.module.eks.module.eks_managed_node_group.aws_iam_role_policy_attachment.this",
            "module.eks_cluster.module.eks.module.eks_managed_node_group.aws_launch_template.this",
            "module.eks_cluster.module.eks.module.eks_managed_node_group.aws_placement_group.this",
            "module.eks_cluster.module.eks.module.eks_managed_node_group.data.aws_caller_identity.current",
            "module.eks_cluster.module.eks.module.eks_managed_node_group.data.aws_ec2_instance_type.this",
            "module.eks_cluster.module.eks.module.eks_managed_node_group.data.aws_ec2_instance_type_offerings.this",
            "module.eks_cluster.module.eks.module.eks_managed_node_group.data.aws_iam_policy_document.assume_role_policy",
            "module.eks_cluster.module.eks.module.eks_managed_node_group.data.aws_partition.current",
            "module.eks_cluster.module.eks.module.eks_managed_node_group.data.aws_ssm_parameter.ami",
            "module.eks_cluster.module.eks.module.eks_managed_node_group.data.aws_subnets.placement_group",
            "module.eks_cluster.module.eks.module.eks_managed_node_group.module.user_data.data.cloudinit_config.al2023_eks_managed_node_group",
            "module.eks_cluster.module.eks.module.eks_managed_node_group.module.user_data.data.cloudinit_config.linux_eks_managed_node_group",
            "module.eks_cluster.module.eks.module.kms.aws_kms_external_key.this",
            "module.eks_cluster.module.eks.module.kms.aws_kms_key.this",
            "module.eks_cluster.module.eks.module.kms.aws_kms_replica_external_key.this",
            "module.eks_cluster.module.eks.module.kms.aws_kms_replica_key.this",
            "module.eks_cluster.module.eks.module.kms.data.aws_caller_identity.current",
            "module.eks_cluster.module.eks.module.kms.data.aws_iam_policy_document.this",
            "module.eks_cluster.module.eks.module.kms.data.aws_partition.current",
            "module.eks_cluster.module.eks.time_sleep.this",
            "module.eks_cluster.module.vpc.aws_subnet.private",
            "module.eks_cluster.module.vpc.aws_vpc.this",
            "module.eks_cluster.module.vpc.aws_vpc_ipv4_cidr_block_association.this"
          ],
          "create_before_destroy": true
        }
      ]
    },
    {
      "module": "module.eks_cluster.module.eks.module.eks_managed_node_group[\"services\"]",
      "mode": "managed",
      "type": "aws_iam_role",
      "name": "this",
      "provider": "provider[\"registry.terraform.io/hashicorp/aws\"]",
      "instances": [
        {
          "index_key": 0,
          "schema_version": 0,
          "attributes": {
            "arn": "arn:aws:iam::655394773887:role/services-eks-node-group-20250206152949995100000001",
            "assume_role_policy": "{\"Statement\":[{\"Action\":\"sts:AssumeRole\",\"Effect\":\"Allow\",\"Principal\":{\"Service\":\"ec2.amazonaws.com\"},\"Sid\":\"EKSNodeAssumeRole\"}],\"Version\":\"2012-10-17\"}",
            "create_date": "2025-02-06T15:29:50Z",
            "description": "EKS managed node group IAM role",
            "force_detach_policies": true,
            "id": "services-eks-node-group-20250206152949995100000001",
            "inline_policy": [],
            "managed_policy_arns": [
              "arn:aws:iam::aws:policy/AmazonEC2ContainerRegistryReadOnly",
              "arn:aws:iam::aws:policy/AmazonEKSWorkerNodePolicy",
              "arn:aws:iam::aws:policy/AmazonEKS_CNI_Policy"
            ],
            "max_session_duration": 3600,
            "name": "services-eks-node-group-20250206152949995100000001",
            "name_prefix": "services-eks-node-group-",
            "path": "/",
            "permissions_boundary": "",
            "tags": {},
            "tags_all": {},
            "unique_id": "AROAZRGESTN74VYNQNP2X"
          },
          "sensitive_attributes": [],
          "private": "bnVsbA==",
          "dependencies": [
            "module.eks_cluster.module.eks.module.eks_managed_node_group.data.aws_iam_policy_document.assume_role_policy"
          ],
          "create_before_destroy": true
        }
      ]
    },
    {
      "module": "module.eks_cluster.module.eks.module.eks_managed_node_group[\"services\"]",
      "mode": "managed",
      "type": "aws_iam_role_policy_attachment",
      "name": "additional",
      "provider": "provider[\"registry.terraform.io/hashicorp/aws\"]",
      "instances": []
    },
    {
      "module": "module.eks_cluster.module.eks.module.eks_managed_node_group[\"services\"]",
      "mode": "managed",
      "type": "aws_iam_role_policy_attachment",
      "name": "this",
      "provider": "provider[\"registry.terraform.io/hashicorp/aws\"]",
      "instances": [
        {
          "index_key": "AmazonEC2ContainerRegistryReadOnly",
          "schema_version": 0,
          "attributes": {
            "id": "services-eks-node-group-20250206152949995100000001-20250206152951079300000003",
            "policy_arn": "arn:aws:iam::aws:policy/AmazonEC2ContainerRegistryReadOnly",
            "role": "services-eks-node-group-20250206152949995100000001"
          },
          "sensitive_attributes": [],
          "private": "bnVsbA==",
          "dependencies": [
            "module.eks_cluster.module.eks.module.eks_managed_node_group.aws_iam_role.this",
            "module.eks_cluster.module.eks.module.eks_managed_node_group.data.aws_caller_identity.current",
            "module.eks_cluster.module.eks.module.eks_managed_node_group.data.aws_iam_policy_document.assume_role_policy",
            "module.eks_cluster.module.eks.module.eks_managed_node_group.data.aws_partition.current"
          ],
          "create_before_destroy": true
        },
        {
          "index_key": "AmazonEKSWorkerNodePolicy",
          "schema_version": 0,
          "attributes": {
            "id": "services-eks-node-group-20250206152949995100000001-20250206152951087800000005",
            "policy_arn": "arn:aws:iam::aws:policy/AmazonEKSWorkerNodePolicy",
            "role": "services-eks-node-group-20250206152949995100000001"
          },
          "sensitive_attributes": [],
          "private": "bnVsbA==",
          "dependencies": [
            "module.eks_cluster.module.eks.module.eks_managed_node_group.aws_iam_role.this",
            "module.eks_cluster.module.eks.module.eks_managed_node_group.data.aws_caller_identity.current",
            "module.eks_cluster.module.eks.module.eks_managed_node_group.data.aws_iam_policy_document.assume_role_policy",
            "module.eks_cluster.module.eks.module.eks_managed_node_group.data.aws_partition.current"
          ],
          "create_before_destroy": true
        },
        {
          "index_key": "AmazonEKS_CNI_Policy",
          "schema_version": 0,
          "attributes": {
            "id": "services-eks-node-group-20250206152949995100000001-20250206152951138200000007",
            "policy_arn": "arn:aws:iam::aws:policy/AmazonEKS_CNI_Policy",
            "role": "services-eks-node-group-20250206152949995100000001"
          },
          "sensitive_attributes": [],
          "private": "bnVsbA==",
          "dependencies": [
            "module.eks_cluster.module.eks.module.eks_managed_node_group.aws_iam_role.this",
            "module.eks_cluster.module.eks.module.eks_managed_node_group.data.aws_caller_identity.current",
            "module.eks_cluster.module.eks.module.eks_managed_node_group.data.aws_iam_policy_document.assume_role_policy",
            "module.eks_cluster.module.eks.module.eks_managed_node_group.data.aws_partition.current"
          ],
          "create_before_destroy": true
        }
      ]
    },
    {
      "module": "module.eks_cluster.module.eks.module.eks_managed_node_group[\"services\"]",
      "mode": "managed",
      "type": "aws_launch_template",
      "name": "this",
      "provider": "provider[\"registry.terraform.io/hashicorp/aws\"]",
      "instances": []
    },
    {
      "module": "module.eks_cluster.module.eks.module.eks_managed_node_group[\"services\"]",
      "mode": "managed",
      "type": "aws_placement_group",
      "name": "this",
      "provider": "provider[\"registry.terraform.io/hashicorp/aws\"]",
      "instances": []
    },
    {
      "module": "module.eks_cluster.module.eks.module.eks_managed_node_group[\"services\"].module.user_data",
      "mode": "data",
      "type": "cloudinit_config",
      "name": "al2023_eks_managed_node_group",
      "provider": "provider[\"registry.terraform.io/hashicorp/cloudinit\"]",
      "instances": []
    },
    {
      "module": "module.eks_cluster.module.eks.module.eks_managed_node_group[\"services\"].module.user_data",
      "mode": "data",
      "type": "cloudinit_config",
      "name": "linux_eks_managed_node_group",
      "provider": "provider[\"registry.terraform.io/hashicorp/cloudinit\"]",
      "instances": []
    },
    {
      "module": "module.eks_cluster.module.eks.module.kms",
      "mode": "data",
      "type": "aws_caller_identity",
      "name": "current",
      "provider": "provider[\"registry.terraform.io/hashicorp/aws\"]",
      "instances": [
        {
          "index_key": 0,
          "schema_version": 0,
          "attributes": {
            "account_id": "655394773887",
            "arn": "arn:aws:sts::655394773887:assumed-role/AWSReservedSSO_SystemAdministrator_fcc9b1ff41b99e0b/norman.luering@camunda.com",
            "id": "655394773887",
            "user_id": "AROAZRGESTN7WTZKOQEYF:norman.luering@camunda.com"
          },
          "sensitive_attributes": []
        }
      ]
    },
    {
      "module": "module.eks_cluster.module.eks.module.kms",
      "mode": "data",
      "type": "aws_iam_policy_document",
      "name": "this",
      "provider": "provider[\"registry.terraform.io/hashicorp/aws\"]",
      "instances": [
        {
          "index_key": 0,
          "schema_version": 0,
          "attributes": {
            "id": "84972461",
            "json": "{\n  \"Version\": \"2012-10-17\",\n  \"Statement\": [\n    {\n      \"Sid\": \"Default\",\n      \"Effect\": \"Allow\",\n      \"Action\": \"kms:*\",\n      \"Resource\": \"*\",\n      \"Principal\": {\n        \"AWS\": \"arn:aws:iam::655394773887:root\"\n      }\n    },\n    {\n      \"Sid\": \"KeyAdministration\",\n      \"Effect\": \"Allow\",\n      \"Action\": [\n        \"kms:Update*\",\n        \"kms:UntagResource\",\n        \"kms:TagResource\",\n        \"kms:ScheduleKeyDeletion\",\n        \"kms:Revoke*\",\n        \"kms:ReplicateKey\",\n        \"kms:Put*\",\n        \"kms:List*\",\n        \"kms:ImportKeyMaterial\",\n        \"kms:Get*\",\n        \"kms:Enable*\",\n        \"kms:Disable*\",\n        \"kms:Describe*\",\n        \"kms:Delete*\",\n        \"kms:Create*\",\n        \"kms:CancelKeyDeletion\"\n      ],\n      \"Resource\": \"*\",\n      \"Principal\": {\n        \"AWS\": \"arn:aws:iam::655394773887:role/aws-reserved/sso.amazonaws.com/eu-central-1/AWSReservedSSO_SystemAdministrator_fcc9b1ff41b99e0b\"\n      }\n    },\n    {\n      \"Sid\": \"KeyUsage\",\n      \"Effect\": \"Allow\",\n      \"Action\": [\n        \"kms:ReEncrypt*\",\n        \"kms:GenerateDataKey*\",\n        \"kms:Encrypt\",\n        \"kms:DescribeKey\",\n        \"kms:Decrypt\"\n      ],\n      \"Resource\": \"*\",\n      \"Principal\": {\n        \"AWS\": \"arn:aws:iam::655394773887:role/norman-tf-eks-iam-role\"\n      }\n    }\n  ]\n}",
            "minified_json": "{\"Version\":\"2012-10-17\",\"Statement\":[{\"Sid\":\"Default\",\"Effect\":\"Allow\",\"Action\":\"kms:*\",\"Resource\":\"*\",\"Principal\":{\"AWS\":\"arn:aws:iam::655394773887:root\"}},{\"Sid\":\"KeyAdministration\",\"Effect\":\"Allow\",\"Action\":[\"kms:Update*\",\"kms:UntagResource\",\"kms:TagResource\",\"kms:ScheduleKeyDeletion\",\"kms:Revoke*\",\"kms:ReplicateKey\",\"kms:Put*\",\"kms:List*\",\"kms:ImportKeyMaterial\",\"kms:Get*\",\"kms:Enable*\",\"kms:Disable*\",\"kms:Describe*\",\"kms:Delete*\",\"kms:Create*\",\"kms:CancelKeyDeletion\"],\"Resource\":\"*\",\"Principal\":{\"AWS\":\"arn:aws:iam::655394773887:role/aws-reserved/sso.amazonaws.com/eu-central-1/AWSReservedSSO_SystemAdministrator_fcc9b1ff41b99e0b\"}},{\"Sid\":\"KeyUsage\",\"Effect\":\"Allow\",\"Action\":[\"kms:ReEncrypt*\",\"kms:GenerateDataKey*\",\"kms:Encrypt\",\"kms:DescribeKey\",\"kms:Decrypt\"],\"Resource\":\"*\",\"Principal\":{\"AWS\":\"arn:aws:iam::655394773887:role/norman-tf-eks-iam-role\"}}]}",
            "override_json": null,
            "override_policy_documents": null,
            "policy_id": null,
            "source_json": null,
            "source_policy_documents": null,
            "statement": [
              {
                "actions": [
                  "kms:*"
                ],
                "condition": [],
                "effect": "Allow",
                "not_actions": [],
                "not_principals": [],
                "not_resources": [],
                "principals": [
                  {
                    "identifiers": [
                      "arn:aws:iam::655394773887:root"
                    ],
                    "type": "AWS"
                  }
                ],
                "resources": [
                  "*"
                ],
                "sid": "Default"
              },
              {
                "actions": [
                  "kms:CancelKeyDeletion",
                  "kms:Create*",
                  "kms:Delete*",
                  "kms:Describe*",
                  "kms:Disable*",
                  "kms:Enable*",
                  "kms:Get*",
                  "kms:ImportKeyMaterial",
                  "kms:List*",
                  "kms:Put*",
                  "kms:ReplicateKey",
                  "kms:Revoke*",
                  "kms:ScheduleKeyDeletion",
                  "kms:TagResource",
                  "kms:UntagResource",
                  "kms:Update*"
                ],
                "condition": [],
                "effect": "Allow",
                "not_actions": [],
                "not_principals": [],
                "not_resources": [],
                "principals": [
                  {
                    "identifiers": [
                      "arn:aws:iam::655394773887:role/aws-reserved/sso.amazonaws.com/eu-central-1/AWSReservedSSO_SystemAdministrator_fcc9b1ff41b99e0b"
                    ],
                    "type": "AWS"
                  }
                ],
                "resources": [
                  "*"
                ],
                "sid": "KeyAdministration"
              },
              {
                "actions": [
                  "kms:Decrypt",
                  "kms:DescribeKey",
                  "kms:Encrypt",
                  "kms:GenerateDataKey*",
                  "kms:ReEncrypt*"
                ],
                "condition": [],
                "effect": "Allow",
                "not_actions": [],
                "not_principals": [],
                "not_resources": [],
                "principals": [
                  {
                    "identifiers": [
                      "arn:aws:iam::655394773887:role/norman-tf-eks-iam-role"
                    ],
                    "type": "AWS"
                  }
                ],
                "resources": [
                  "*"
                ],
                "sid": "KeyUsage"
              }
            ],
            "version": "2012-10-17"
          },
          "sensitive_attributes": []
        }
      ]
    },
    {
      "module": "module.eks_cluster.module.eks.module.kms",
      "mode": "data",
      "type": "aws_partition",
      "name": "current",
      "provider": "provider[\"registry.terraform.io/hashicorp/aws\"]",
      "instances": [
        {
          "index_key": 0,
          "schema_version": 0,
          "attributes": {
            "dns_suffix": "amazonaws.com",
            "id": "aws",
            "partition": "aws",
            "reverse_dns_prefix": "com.amazonaws"
          },
          "sensitive_attributes": []
        }
      ]
    },
    {
      "module": "module.eks_cluster.module.eks.module.kms",
      "mode": "managed",
      "type": "aws_kms_alias",
      "name": "this",
      "provider": "provider[\"registry.terraform.io/hashicorp/aws\"]",
      "instances": [
        {
          "index_key": "cluster",
          "schema_version": 0,
          "attributes": {
            "arn": "arn:aws:kms:eu-west-1:655394773887:alias/eks/norman-tf",
            "id": "alias/eks/norman-tf",
            "name": "alias/eks/norman-tf",
            "name_prefix": "",
            "target_key_arn": "arn:aws:kms:eu-west-1:655394773887:key/ce8076e7-7572-44d4-b3e1-2f18dc4e2883",
            "target_key_id": "ce8076e7-7572-44d4-b3e1-2f18dc4e2883"
          },
          "sensitive_attributes": [],
          "private": "bnVsbA==",
          "dependencies": [
            "module.eks_cluster.aws_kms_key.eks",
            "module.eks_cluster.module.eks.aws_iam_role.this",
            "module.eks_cluster.module.eks.data.aws_caller_identity.current",
            "module.eks_cluster.module.eks.data.aws_iam_policy_document.assume_role_policy",
            "module.eks_cluster.module.eks.data.aws_iam_session_context.current",
            "module.eks_cluster.module.eks.module.kms.aws_kms_external_key.this",
            "module.eks_cluster.module.eks.module.kms.aws_kms_key.this",
            "module.eks_cluster.module.eks.module.kms.aws_kms_replica_external_key.this",
            "module.eks_cluster.module.eks.module.kms.aws_kms_replica_key.this",
            "module.eks_cluster.module.eks.module.kms.data.aws_caller_identity.current",
            "module.eks_cluster.module.eks.module.kms.data.aws_iam_policy_document.this",
            "module.eks_cluster.module.eks.module.kms.data.aws_partition.current"
          ]
        }
      ]
    },
    {
      "module": "module.eks_cluster.module.eks.module.kms",
      "mode": "managed",
      "type": "aws_kms_external_key",
      "name": "this",
      "provider": "provider[\"registry.terraform.io/hashicorp/aws\"]",
      "instances": []
    },
    {
      "module": "module.eks_cluster.module.eks.module.kms",
      "mode": "managed",
      "type": "aws_kms_key",
      "name": "this",
      "provider": "provider[\"registry.terraform.io/hashicorp/aws\"]",
      "instances": [
        {
          "index_key": 0,
          "schema_version": 0,
          "attributes": {
            "arn": "arn:aws:kms:eu-west-1:655394773887:key/ce8076e7-7572-44d4-b3e1-2f18dc4e2883",
            "bypass_policy_lockout_safety_check": false,
            "custom_key_store_id": "",
            "customer_master_key_spec": "SYMMETRIC_DEFAULT",
            "deletion_window_in_days": null,
            "description": "norman-tf cluster encryption key",
            "enable_key_rotation": true,
            "id": "ce8076e7-7572-44d4-b3e1-2f18dc4e2883",
            "is_enabled": true,
            "key_id": "ce8076e7-7572-44d4-b3e1-2f18dc4e2883",
            "key_usage": "ENCRYPT_DECRYPT",
            "multi_region": false,
            "policy": "{\"Statement\":[{\"Action\":\"kms:*\",\"Effect\":\"Allow\",\"Principal\":{\"AWS\":\"arn:aws:iam::655394773887:root\"},\"Resource\":\"*\",\"Sid\":\"Default\"},{\"Action\":[\"kms:Update*\",\"kms:UntagResource\",\"kms:TagResource\",\"kms:ScheduleKeyDeletion\",\"kms:Revoke*\",\"kms:ReplicateKey\",\"kms:Put*\",\"kms:List*\",\"kms:ImportKeyMaterial\",\"kms:Get*\",\"kms:Enable*\",\"kms:Disable*\",\"kms:Describe*\",\"kms:Delete*\",\"kms:Create*\",\"kms:CancelKeyDeletion\"],\"Effect\":\"Allow\",\"Principal\":{\"AWS\":\"arn:aws:iam::655394773887:role/aws-reserved/sso.amazonaws.com/eu-central-1/AWSReservedSSO_SystemAdministrator_fcc9b1ff41b99e0b\"},\"Resource\":\"*\",\"Sid\":\"KeyAdministration\"},{\"Action\":[\"kms:ReEncrypt*\",\"kms:GenerateDataKey*\",\"kms:Encrypt\",\"kms:DescribeKey\",\"kms:Decrypt\"],\"Effect\":\"Allow\",\"Principal\":{\"AWS\":\"arn:aws:iam::655394773887:role/norman-tf-eks-iam-role\"},\"Resource\":\"*\",\"Sid\":\"KeyUsage\"}],\"Version\":\"2012-10-17\"}",
            "rotation_period_in_days": 365,
            "tags": {
              "terraform-aws-modules": "eks"
            },
            "tags_all": {
              "terraform-aws-modules": "eks"
            },
            "timeouts": null,
            "xks_key_id": ""
          },
          "sensitive_attributes": [],
          "private": "eyJlMmJmYjczMC1lY2FhLTExZTYtOGY4OC0zNDM2M2JjN2M0YzAiOnsiY3JlYXRlIjoxMjAwMDAwMDAwMDB9fQ==",
          "dependencies": [
            "module.eks_cluster.aws_kms_key.eks",
            "module.eks_cluster.module.eks.aws_iam_role.this",
            "module.eks_cluster.module.eks.data.aws_caller_identity.current",
            "module.eks_cluster.module.eks.data.aws_iam_policy_document.assume_role_policy",
            "module.eks_cluster.module.eks.data.aws_iam_session_context.current",
            "module.eks_cluster.module.eks.module.kms.data.aws_caller_identity.current",
            "module.eks_cluster.module.eks.module.kms.data.aws_iam_policy_document.this",
            "module.eks_cluster.module.eks.module.kms.data.aws_partition.current"
          ],
          "create_before_destroy": true
        }
      ]
    },
    {
      "module": "module.eks_cluster.module.eks.module.kms",
      "mode": "managed",
      "type": "aws_kms_replica_external_key",
      "name": "this",
      "provider": "provider[\"registry.terraform.io/hashicorp/aws\"]",
      "instances": []
    },
    {
      "module": "module.eks_cluster.module.eks.module.kms",
      "mode": "managed",
      "type": "aws_kms_replica_key",
      "name": "this",
      "provider": "provider[\"registry.terraform.io/hashicorp/aws\"]",
      "instances": []
    },
    {
      "module": "module.eks_cluster.module.external_dns_role",
      "mode": "data",
      "type": "aws_caller_identity",
      "name": "current",
      "provider": "provider[\"registry.terraform.io/hashicorp/aws\"]",
      "instances": [
        {
          "schema_version": 0,
          "attributes": {
            "account_id": "655394773887",
            "arn": "arn:aws:sts::655394773887:assumed-role/AWSReservedSSO_SystemAdministrator_fcc9b1ff41b99e0b/norman.luering@camunda.com",
            "id": "655394773887",
            "user_id": "AROAZRGESTN7WTZKOQEYF:norman.luering@camunda.com"
          },
          "sensitive_attributes": []
        }
      ]
    },
    {
      "module": "module.eks_cluster.module.external_dns_role",
      "mode": "data",
      "type": "aws_iam_policy_document",
      "name": "this",
      "provider": "provider[\"registry.terraform.io/hashicorp/aws\"]",
      "instances": [
        {
          "index_key": 0,
          "schema_version": 0,
          "attributes": {
            "id": "3318597730",
            "json": "{\n  \"Version\": \"2012-10-17\",\n  \"Statement\": [\n    {\n      \"Effect\": \"Allow\",\n      \"Action\": \"sts:AssumeRoleWithWebIdentity\",\n      \"Principal\": {\n        \"Federated\": \"arn:aws:iam::655394773887:oidc-provider/oidc.eks.eu-west-1.amazonaws.com/id/00F4A23C817341EE3C4470EC238BEE15\"\n      },\n      \"Condition\": {\n        \"StringEquals\": {\n          \"oidc.eks.eu-west-1.amazonaws.com/id/00F4A23C817341EE3C4470EC238BEE15:aud\": \"sts.amazonaws.com\",\n          \"oidc.eks.eu-west-1.amazonaws.com/id/00F4A23C817341EE3C4470EC238BEE15:sub\": \"system:serviceaccount:external-dns:external-dns\"\n        }\n      }\n    }\n  ]\n}",
            "minified_json": "{\"Version\":\"2012-10-17\",\"Statement\":[{\"Effect\":\"Allow\",\"Action\":\"sts:AssumeRoleWithWebIdentity\",\"Principal\":{\"Federated\":\"arn:aws:iam::655394773887:oidc-provider/oidc.eks.eu-west-1.amazonaws.com/id/00F4A23C817341EE3C4470EC238BEE15\"},\"Condition\":{\"StringEquals\":{\"oidc.eks.eu-west-1.amazonaws.com/id/00F4A23C817341EE3C4470EC238BEE15:aud\":\"sts.amazonaws.com\",\"oidc.eks.eu-west-1.amazonaws.com/id/00F4A23C817341EE3C4470EC238BEE15:sub\":\"system:serviceaccount:external-dns:external-dns\"}}}]}",
            "override_json": null,
            "override_policy_documents": null,
            "policy_id": null,
            "source_json": null,
            "source_policy_documents": null,
            "statement": [
              {
                "actions": [
                  "sts:AssumeRoleWithWebIdentity"
                ],
                "condition": [
                  {
                    "test": "StringEquals",
                    "values": [
                      "sts.amazonaws.com"
                    ],
                    "variable": "oidc.eks.eu-west-1.amazonaws.com/id/00F4A23C817341EE3C4470EC238BEE15:aud"
                  },
                  {
                    "test": "StringEquals",
                    "values": [
                      "system:serviceaccount:external-dns:external-dns"
                    ],
                    "variable": "oidc.eks.eu-west-1.amazonaws.com/id/00F4A23C817341EE3C4470EC238BEE15:sub"
                  }
                ],
                "effect": "Allow",
                "not_actions": [],
                "not_principals": [],
                "not_resources": [],
                "principals": [
                  {
                    "identifiers": [
                      "arn:aws:iam::655394773887:oidc-provider/oidc.eks.eu-west-1.amazonaws.com/id/00F4A23C817341EE3C4470EC238BEE15"
                    ],
                    "type": "Federated"
                  }
                ],
                "resources": [],
                "sid": ""
              }
            ],
            "version": "2012-10-17"
          },
          "sensitive_attributes": []
        }
      ]
    },
    {
      "module": "module.eks_cluster.module.external_dns_role",
      "mode": "data",
      "type": "aws_partition",
      "name": "current",
      "provider": "provider[\"registry.terraform.io/hashicorp/aws\"]",
      "instances": [
        {
          "schema_version": 0,
          "attributes": {
            "dns_suffix": "amazonaws.com",
            "id": "aws",
            "partition": "aws",
            "reverse_dns_prefix": "com.amazonaws"
          },
          "sensitive_attributes": []
        }
      ]
    },
    {
      "module": "module.eks_cluster.module.external_dns_role",
      "mode": "managed",
      "type": "aws_iam_role",
      "name": "this",
      "provider": "provider[\"registry.terraform.io/hashicorp/aws\"]",
      "instances": [
        {
          "index_key": 0,
          "schema_version": 0,
          "attributes": {
            "arn": "arn:aws:iam::655394773887:role/norman-tf-external-dns-role",
            "assume_role_policy": "{\"Statement\":[{\"Action\":\"sts:AssumeRoleWithWebIdentity\",\"Condition\":{\"StringEquals\":{\"oidc.eks.eu-west-1.amazonaws.com/id/00F4A23C817341EE3C4470EC238BEE15:aud\":\"sts.amazonaws.com\",\"oidc.eks.eu-west-1.amazonaws.com/id/00F4A23C817341EE3C4470EC238BEE15:sub\":\"system:serviceaccount:external-dns:external-dns\"}},\"Effect\":\"Allow\",\"Principal\":{\"Federated\":\"arn:aws:iam::655394773887:oidc-provider/oidc.eks.eu-west-1.amazonaws.com/id/00F4A23C817341EE3C4470EC238BEE15\"}}],\"Version\":\"2012-10-17\"}",
            "create_date": "2025-02-06T15:39:09Z",
            "description": "",
            "force_detach_policies": true,
            "id": "norman-tf-external-dns-role",
            "inline_policy": [],
            "managed_policy_arns": [
              "arn:aws:iam::655394773887:policy/norman-tf-external-dns-policy"
            ],
            "max_session_duration": 3600,
            "name": "norman-tf-external-dns-role",
            "name_prefix": "",
            "path": "/",
            "permissions_boundary": "",
            "tags": {},
            "tags_all": {},
            "unique_id": "AROAZRGESTN75SJIHD6AF"
          },
          "sensitive_attributes": [],
          "private": "bnVsbA==",
          "dependencies": [
            "module.eks_cluster.aws_kms_key.eks",
            "module.eks_cluster.module.eks.aws_cloudwatch_log_group.this",
            "module.eks_cluster.module.eks.aws_eks_cluster.this",
            "module.eks_cluster.module.eks.aws_iam_openid_connect_provider.oidc_provider",
            "module.eks_cluster.module.eks.aws_iam_policy.cni_ipv6_policy",
            "module.eks_cluster.module.eks.aws_iam_role.this",
            "module.eks_cluster.module.eks.aws_iam_role_policy_attachment.this",
            "module.eks_cluster.module.eks.aws_security_group.cluster",
            "module.eks_cluster.module.eks.aws_security_group.node",
            "module.eks_cluster.module.eks.aws_security_group_rule.cluster",
            "module.eks_cluster.module.eks.aws_security_group_rule.node",
            "module.eks_cluster.module.eks.data.aws_caller_identity.current",
            "module.eks_cluster.module.eks.data.aws_iam_policy_document.assume_role_policy",
            "module.eks_cluster.module.eks.data.aws_iam_policy_document.cni_ipv6_policy",
            "module.eks_cluster.module.eks.data.aws_iam_session_context.current",
            "module.eks_cluster.module.eks.data.aws_partition.current",
            "module.eks_cluster.module.eks.data.tls_certificate.this",
            "module.eks_cluster.module.eks.module.kms.aws_kms_external_key.this",
            "module.eks_cluster.module.eks.module.kms.aws_kms_key.this",
            "module.eks_cluster.module.eks.module.kms.aws_kms_replica_external_key.this",
            "module.eks_cluster.module.eks.module.kms.aws_kms_replica_key.this",
            "module.eks_cluster.module.eks.module.kms.data.aws_caller_identity.current",
            "module.eks_cluster.module.eks.module.kms.data.aws_iam_policy_document.this",
            "module.eks_cluster.module.eks.module.kms.data.aws_partition.current",
            "module.eks_cluster.module.external_dns_role.data.aws_caller_identity.current",
            "module.eks_cluster.module.external_dns_role.data.aws_iam_policy_document.this",
            "module.eks_cluster.module.external_dns_role.data.aws_partition.current",
            "module.eks_cluster.module.vpc.aws_subnet.private",
            "module.eks_cluster.module.vpc.aws_vpc.this",
            "module.eks_cluster.module.vpc.aws_vpc_ipv4_cidr_block_association.this"
          ]
        }
      ]
    },
    {
      "module": "module.eks_cluster.module.external_dns_role",
      "mode": "managed",
      "type": "aws_iam_role_policy_attachment",
      "name": "this",
      "provider": "provider[\"registry.terraform.io/hashicorp/aws\"]",
      "instances": [
        {
          "index_key": "policy",
          "schema_version": 0,
          "attributes": {
            "id": "norman-tf-external-dns-role-20250206153909280200000013",
            "policy_arn": "arn:aws:iam::655394773887:policy/norman-tf-external-dns-policy",
            "role": "norman-tf-external-dns-role"
          },
          "sensitive_attributes": [],
          "private": "bnVsbA==",
          "dependencies": [
            "module.eks_cluster.aws_iam_policy.external_dns_policy",
            "module.eks_cluster.aws_kms_key.eks",
            "module.eks_cluster.module.eks.aws_cloudwatch_log_group.this",
            "module.eks_cluster.module.eks.aws_eks_cluster.this",
            "module.eks_cluster.module.eks.aws_iam_openid_connect_provider.oidc_provider",
            "module.eks_cluster.module.eks.aws_iam_policy.cni_ipv6_policy",
            "module.eks_cluster.module.eks.aws_iam_role.this",
            "module.eks_cluster.module.eks.aws_iam_role_policy_attachment.this",
            "module.eks_cluster.module.eks.aws_security_group.cluster",
            "module.eks_cluster.module.eks.aws_security_group.node",
            "module.eks_cluster.module.eks.aws_security_group_rule.cluster",
            "module.eks_cluster.module.eks.aws_security_group_rule.node",
            "module.eks_cluster.module.eks.data.aws_caller_identity.current",
            "module.eks_cluster.module.eks.data.aws_iam_policy_document.assume_role_policy",
            "module.eks_cluster.module.eks.data.aws_iam_policy_document.cni_ipv6_policy",
            "module.eks_cluster.module.eks.data.aws_iam_session_context.current",
            "module.eks_cluster.module.eks.data.aws_partition.current",
            "module.eks_cluster.module.eks.data.tls_certificate.this",
            "module.eks_cluster.module.eks.module.kms.aws_kms_external_key.this",
            "module.eks_cluster.module.eks.module.kms.aws_kms_key.this",
            "module.eks_cluster.module.eks.module.kms.aws_kms_replica_external_key.this",
            "module.eks_cluster.module.eks.module.kms.aws_kms_replica_key.this",
            "module.eks_cluster.module.eks.module.kms.data.aws_caller_identity.current",
            "module.eks_cluster.module.eks.module.kms.data.aws_iam_policy_document.this",
            "module.eks_cluster.module.eks.module.kms.data.aws_partition.current",
            "module.eks_cluster.module.external_dns_role.aws_iam_role.this",
            "module.eks_cluster.module.external_dns_role.data.aws_caller_identity.current",
            "module.eks_cluster.module.external_dns_role.data.aws_iam_policy_document.this",
            "module.eks_cluster.module.external_dns_role.data.aws_partition.current",
            "module.eks_cluster.module.vpc.aws_subnet.private",
            "module.eks_cluster.module.vpc.aws_vpc.this",
            "module.eks_cluster.module.vpc.aws_vpc_ipv4_cidr_block_association.this"
          ]
        }
      ]
    },
    {
      "module": "module.eks_cluster.module.vpc",
      "mode": "managed",
      "type": "aws_default_network_acl",
      "name": "this",
      "provider": "provider[\"registry.terraform.io/hashicorp/aws\"]",
      "instances": [
        {
          "index_key": 0,
          "schema_version": 0,
          "attributes": {
            "arn": "arn:aws:ec2:eu-west-1:655394773887:network-acl/acl-0609b4b29e7320d7d",
            "default_network_acl_id": "acl-0609b4b29e7320d7d",
            "egress": [
              {
                "action": "allow",
                "cidr_block": "",
                "from_port": 0,
                "icmp_code": 0,
                "icmp_type": 0,
                "ipv6_cidr_block": "::/0",
                "protocol": "-1",
                "rule_no": 101,
                "to_port": 0
              },
              {
                "action": "allow",
                "cidr_block": "0.0.0.0/0",
                "from_port": 0,
                "icmp_code": 0,
                "icmp_type": 0,
                "ipv6_cidr_block": "",
                "protocol": "-1",
                "rule_no": 100,
                "to_port": 0
              }
            ],
            "id": "acl-0609b4b29e7320d7d",
            "ingress": [
              {
                "action": "allow",
                "cidr_block": "",
                "from_port": 0,
                "icmp_code": 0,
                "icmp_type": 0,
                "ipv6_cidr_block": "::/0",
                "protocol": "-1",
                "rule_no": 101,
                "to_port": 0
              },
              {
                "action": "allow",
                "cidr_block": "0.0.0.0/0",
                "from_port": 0,
                "icmp_code": 0,
                "icmp_type": 0,
                "ipv6_cidr_block": "",
                "protocol": "-1",
                "rule_no": 100,
                "to_port": 0
              }
            ],
            "owner_id": "655394773887",
            "subnet_ids": [
              "subnet-037d912fd168cca76",
              "subnet-0818088ef8f5ccbbc",
              "subnet-0a7dfc0a521fef681",
              "subnet-0abc9a2dc0523b204",
              "subnet-0c7bb3565f8bcc4a1",
              "subnet-0c954b10dce66c524"
            ],
            "tags": {
              "Name": "norman-tf-vpc-default"
            },
            "tags_all": {
              "Name": "norman-tf-vpc-default"
            },
            "vpc_id": "vpc-06cb688a526f2e6a7"
          },
          "sensitive_attributes": [],
          "private": "bnVsbA==",
          "dependencies": [
            "module.eks_cluster.module.vpc.aws_vpc.this"
          ]
        }
      ]
    },
    {
      "module": "module.eks_cluster.module.vpc",
      "mode": "managed",
      "type": "aws_default_route_table",
      "name": "default",
      "provider": "provider[\"registry.terraform.io/hashicorp/aws\"]",
      "instances": [
        {
          "index_key": 0,
          "schema_version": 0,
          "attributes": {
            "arn": "arn:aws:ec2:eu-west-1:655394773887:route-table/rtb-0bfab84c7c63e914d",
            "default_route_table_id": "rtb-0bfab84c7c63e914d",
            "id": "rtb-0bfab84c7c63e914d",
            "owner_id": "655394773887",
            "propagating_vgws": [],
            "route": [],
            "tags": {
              "Name": "norman-tf-vpc-default"
            },
            "tags_all": {
              "Name": "norman-tf-vpc-default"
            },
            "timeouts": {
              "create": "5m",
              "update": "5m"
            },
            "vpc_id": "vpc-06cb688a526f2e6a7"
          },
          "sensitive_attributes": [],
          "private": "eyJlMmJmYjczMC1lY2FhLTExZTYtOGY4OC0zNDM2M2JjN2M0YzAiOnsiY3JlYXRlIjozMDAwMDAwMDAwMDAsInVwZGF0ZSI6MzAwMDAwMDAwMDAwfX0=",
          "dependencies": [
            "module.eks_cluster.module.vpc.aws_vpc.this"
          ]
        }
      ]
    },
    {
      "module": "module.eks_cluster.module.vpc",
      "mode": "managed",
      "type": "aws_default_security_group",
      "name": "this",
      "provider": "provider[\"registry.terraform.io/hashicorp/aws\"]",
      "instances": [
        {
          "index_key": 0,
          "schema_version": 1,
          "attributes": {
            "arn": "arn:aws:ec2:eu-west-1:655394773887:security-group/sg-005ec2253bf45c70e",
            "description": "default VPC security group",
            "egress": [],
            "id": "sg-005ec2253bf45c70e",
            "ingress": [],
            "name": "default",
            "name_prefix": "",
            "owner_id": "655394773887",
            "revoke_rules_on_delete": false,
            "tags": {
              "Name": "norman-tf-vpc-default"
            },
            "tags_all": {
              "Name": "norman-tf-vpc-default"
            },
            "vpc_id": "vpc-06cb688a526f2e6a7"
          },
          "sensitive_attributes": [],
          "private": "eyJzY2hlbWFfdmVyc2lvbiI6IjEifQ==",
          "dependencies": [
            "module.eks_cluster.module.vpc.aws_vpc.this"
          ]
        }
      ]
    },
    {
      "module": "module.eks_cluster.module.vpc",
      "mode": "managed",
      "type": "aws_internet_gateway",
      "name": "this",
      "provider": "provider[\"registry.terraform.io/hashicorp/aws\"]",
      "instances": [
        {
          "index_key": 0,
          "schema_version": 0,
          "attributes": {
            "arn": "arn:aws:ec2:eu-west-1:655394773887:internet-gateway/igw-09903bcbd261d6e45",
            "id": "igw-09903bcbd261d6e45",
            "owner_id": "655394773887",
            "tags": {
              "Name": "norman-tf-vpc"
            },
            "tags_all": {
              "Name": "norman-tf-vpc"
            },
            "timeouts": null,
            "vpc_id": "vpc-06cb688a526f2e6a7"
          },
          "sensitive_attributes": [],
          "private": "eyJlMmJmYjczMC1lY2FhLTExZTYtOGY4OC0zNDM2M2JjN2M0YzAiOnsiY3JlYXRlIjoxMjAwMDAwMDAwMDAwLCJkZWxldGUiOjEyMDAwMDAwMDAwMDAsInVwZGF0ZSI6MTIwMDAwMDAwMDAwMH19",
          "dependencies": [
            "module.eks_cluster.module.vpc.aws_vpc.this",
            "module.eks_cluster.module.vpc.aws_vpc_ipv4_cidr_block_association.this"
          ]
        }
      ]
    },
    {
      "module": "module.eks_cluster.module.vpc",
      "mode": "managed",
      "type": "aws_route",
      "name": "public_internet_gateway",
      "provider": "provider[\"registry.terraform.io/hashicorp/aws\"]",
      "instances": [
        {
          "index_key": 0,
          "schema_version": 0,
          "attributes": {
            "carrier_gateway_id": "",
            "core_network_arn": "",
            "destination_cidr_block": "0.0.0.0/0",
            "destination_ipv6_cidr_block": "",
            "destination_prefix_list_id": "",
            "egress_only_gateway_id": "",
            "gateway_id": "igw-09903bcbd261d6e45",
            "id": "r-rtb-08f92057a8c68abb91080289494",
            "instance_id": "",
            "instance_owner_id": "",
            "local_gateway_id": "",
            "nat_gateway_id": "",
            "network_interface_id": "",
            "origin": "CreateRoute",
            "route_table_id": "rtb-08f92057a8c68abb9",
            "state": "active",
            "timeouts": {
              "create": "5m",
              "delete": null,
              "update": null
            },
            "transit_gateway_id": "",
            "vpc_endpoint_id": "",
            "vpc_peering_connection_id": ""
          },
          "sensitive_attributes": [],
          "private": "eyJlMmJmYjczMC1lY2FhLTExZTYtOGY4OC0zNDM2M2JjN2M0YzAiOnsiY3JlYXRlIjozMDAwMDAwMDAwMDAsImRlbGV0ZSI6MzAwMDAwMDAwMDAwLCJ1cGRhdGUiOjEyMDAwMDAwMDAwMH19",
          "dependencies": [
            "module.eks_cluster.module.vpc.aws_internet_gateway.this",
            "module.eks_cluster.module.vpc.aws_route_table.public",
            "module.eks_cluster.module.vpc.aws_vpc.this",
            "module.eks_cluster.module.vpc.aws_vpc_ipv4_cidr_block_association.this"
          ]
        }
      ]
    },
    {
      "module": "module.eks_cluster.module.vpc",
      "mode": "managed",
      "type": "aws_route_table",
      "name": "private",
      "provider": "provider[\"registry.terraform.io/hashicorp/aws\"]",
      "instances": [
        {
          "index_key": 0,
          "schema_version": 0,
          "attributes": {
            "arn": "arn:aws:ec2:eu-west-1:655394773887:route-table/rtb-0aa53739be50e3dc2",
            "id": "rtb-0aa53739be50e3dc2",
            "owner_id": "655394773887",
            "propagating_vgws": [],
            "route": [],
            "tags": {
              "Name": "norman-tf-vpc-private-eu-west-1a"
            },
            "tags_all": {
              "Name": "norman-tf-vpc-private-eu-west-1a"
            },
            "timeouts": null,
            "vpc_id": "vpc-06cb688a526f2e6a7"
          },
          "sensitive_attributes": [],
          "private": "eyJlMmJmYjczMC1lY2FhLTExZTYtOGY4OC0zNDM2M2JjN2M0YzAiOnsiY3JlYXRlIjozMDAwMDAwMDAwMDAsImRlbGV0ZSI6MzAwMDAwMDAwMDAwLCJ1cGRhdGUiOjEyMDAwMDAwMDAwMH19",
          "dependencies": [
            "module.eks_cluster.module.vpc.aws_vpc.this",
            "module.eks_cluster.module.vpc.aws_vpc_ipv4_cidr_block_association.this"
          ]
        },
        {
          "index_key": 1,
          "schema_version": 0,
          "attributes": {
            "arn": "arn:aws:ec2:eu-west-1:655394773887:route-table/rtb-0d0e44b933cd307c4",
            "id": "rtb-0d0e44b933cd307c4",
            "owner_id": "655394773887",
            "propagating_vgws": [],
            "route": [],
            "tags": {
              "Name": "norman-tf-vpc-private-eu-west-1b"
            },
            "tags_all": {
              "Name": "norman-tf-vpc-private-eu-west-1b"
            },
            "timeouts": null,
            "vpc_id": "vpc-06cb688a526f2e6a7"
          },
          "sensitive_attributes": [],
          "private": "eyJlMmJmYjczMC1lY2FhLTExZTYtOGY4OC0zNDM2M2JjN2M0YzAiOnsiY3JlYXRlIjozMDAwMDAwMDAwMDAsImRlbGV0ZSI6MzAwMDAwMDAwMDAwLCJ1cGRhdGUiOjEyMDAwMDAwMDAwMH19",
          "dependencies": [
            "module.eks_cluster.module.vpc.aws_vpc.this",
            "module.eks_cluster.module.vpc.aws_vpc_ipv4_cidr_block_association.this"
          ]
        },
        {
          "index_key": 2,
          "schema_version": 0,
          "attributes": {
            "arn": "arn:aws:ec2:eu-west-1:655394773887:route-table/rtb-06da1e693692f0665",
            "id": "rtb-06da1e693692f0665",
            "owner_id": "655394773887",
            "propagating_vgws": [],
            "route": [],
            "tags": {
              "Name": "norman-tf-vpc-private-eu-west-1c"
            },
            "tags_all": {
              "Name": "norman-tf-vpc-private-eu-west-1c"
            },
            "timeouts": null,
            "vpc_id": "vpc-06cb688a526f2e6a7"
          },
          "sensitive_attributes": [],
          "private": "eyJlMmJmYjczMC1lY2FhLTExZTYtOGY4OC0zNDM2M2JjN2M0YzAiOnsiY3JlYXRlIjozMDAwMDAwMDAwMDAsImRlbGV0ZSI6MzAwMDAwMDAwMDAwLCJ1cGRhdGUiOjEyMDAwMDAwMDAwMH19",
          "dependencies": [
            "module.eks_cluster.module.vpc.aws_vpc.this",
            "module.eks_cluster.module.vpc.aws_vpc_ipv4_cidr_block_association.this"
          ]
        }
      ]
    },
    {
      "module": "module.eks_cluster.module.vpc",
      "mode": "managed",
      "type": "aws_route_table",
      "name": "public",
      "provider": "provider[\"registry.terraform.io/hashicorp/aws\"]",
      "instances": [
        {
          "index_key": 0,
          "schema_version": 0,
          "attributes": {
            "arn": "arn:aws:ec2:eu-west-1:655394773887:route-table/rtb-08f92057a8c68abb9",
            "id": "rtb-08f92057a8c68abb9",
            "owner_id": "655394773887",
            "propagating_vgws": [],
            "route": [
              {
                "carrier_gateway_id": "",
                "cidr_block": "0.0.0.0/0",
                "core_network_arn": "",
                "destination_prefix_list_id": "",
                "egress_only_gateway_id": "",
                "gateway_id": "igw-09903bcbd261d6e45",
                "ipv6_cidr_block": "",
                "local_gateway_id": "",
                "nat_gateway_id": "",
                "network_interface_id": "",
                "transit_gateway_id": "",
                "vpc_endpoint_id": "",
                "vpc_peering_connection_id": ""
              }
            ],
            "tags": {
              "Name": "norman-tf-vpc-public"
            },
            "tags_all": {
              "Name": "norman-tf-vpc-public"
            },
            "timeouts": null,
            "vpc_id": "vpc-06cb688a526f2e6a7"
          },
          "sensitive_attributes": [],
          "private": "eyJlMmJmYjczMC1lY2FhLTExZTYtOGY4OC0zNDM2M2JjN2M0YzAiOnsiY3JlYXRlIjozMDAwMDAwMDAwMDAsImRlbGV0ZSI6MzAwMDAwMDAwMDAwLCJ1cGRhdGUiOjEyMDAwMDAwMDAwMH19",
          "dependencies": [
            "module.eks_cluster.module.vpc.aws_vpc.this",
            "module.eks_cluster.module.vpc.aws_vpc_ipv4_cidr_block_association.this"
          ]
        }
      ]
    },
    {
      "module": "module.eks_cluster.module.vpc",
      "mode": "managed",
      "type": "aws_route_table_association",
      "name": "private",
      "provider": "provider[\"registry.terraform.io/hashicorp/aws\"]",
      "instances": [
        {
          "index_key": 0,
          "schema_version": 0,
          "attributes": {
            "gateway_id": "",
            "id": "rtbassoc-05a7e6d88846a33fd",
            "route_table_id": "rtb-0aa53739be50e3dc2",
            "subnet_id": "subnet-037d912fd168cca76",
            "timeouts": null
          },
          "sensitive_attributes": [],
          "private": "eyJlMmJmYjczMC1lY2FhLTExZTYtOGY4OC0zNDM2M2JjN2M0YzAiOnsiY3JlYXRlIjozMDAwMDAwMDAwMDAsImRlbGV0ZSI6MzAwMDAwMDAwMDAwLCJ1cGRhdGUiOjEyMDAwMDAwMDAwMH19",
          "dependencies": [
            "module.eks_cluster.module.vpc.aws_route_table.private",
            "module.eks_cluster.module.vpc.aws_subnet.private",
            "module.eks_cluster.module.vpc.aws_vpc.this",
            "module.eks_cluster.module.vpc.aws_vpc_ipv4_cidr_block_association.this"
          ]
        },
        {
          "index_key": 1,
          "schema_version": 0,
          "attributes": {
            "gateway_id": "",
            "id": "rtbassoc-07bd8bd71d0051a4a",
            "route_table_id": "rtb-0d0e44b933cd307c4",
            "subnet_id": "subnet-0c7bb3565f8bcc4a1",
            "timeouts": null
          },
          "sensitive_attributes": [],
          "private": "eyJlMmJmYjczMC1lY2FhLTExZTYtOGY4OC0zNDM2M2JjN2M0YzAiOnsiY3JlYXRlIjozMDAwMDAwMDAwMDAsImRlbGV0ZSI6MzAwMDAwMDAwMDAwLCJ1cGRhdGUiOjEyMDAwMDAwMDAwMH19",
          "dependencies": [
            "module.eks_cluster.module.vpc.aws_route_table.private",
            "module.eks_cluster.module.vpc.aws_subnet.private",
            "module.eks_cluster.module.vpc.aws_vpc.this",
            "module.eks_cluster.module.vpc.aws_vpc_ipv4_cidr_block_association.this"
          ]
        },
        {
          "index_key": 2,
          "schema_version": 0,
          "attributes": {
            "gateway_id": "",
            "id": "rtbassoc-0f444b31bd212444a",
            "route_table_id": "rtb-06da1e693692f0665",
            "subnet_id": "subnet-0c954b10dce66c524",
            "timeouts": null
          },
          "sensitive_attributes": [],
          "private": "eyJlMmJmYjczMC1lY2FhLTExZTYtOGY4OC0zNDM2M2JjN2M0YzAiOnsiY3JlYXRlIjozMDAwMDAwMDAwMDAsImRlbGV0ZSI6MzAwMDAwMDAwMDAwLCJ1cGRhdGUiOjEyMDAwMDAwMDAwMH19",
          "dependencies": [
            "module.eks_cluster.module.vpc.aws_route_table.private",
            "module.eks_cluster.module.vpc.aws_subnet.private",
            "module.eks_cluster.module.vpc.aws_vpc.this",
            "module.eks_cluster.module.vpc.aws_vpc_ipv4_cidr_block_association.this"
          ]
        }
      ]
    },
    {
      "module": "module.eks_cluster.module.vpc",
      "mode": "managed",
      "type": "aws_route_table_association",
      "name": "public",
      "provider": "provider[\"registry.terraform.io/hashicorp/aws\"]",
      "instances": [
        {
          "index_key": 0,
          "schema_version": 0,
          "attributes": {
            "gateway_id": "",
            "id": "rtbassoc-075261de5df18db8d",
            "route_table_id": "rtb-08f92057a8c68abb9",
            "subnet_id": "subnet-0abc9a2dc0523b204",
            "timeouts": null
          },
          "sensitive_attributes": [],
          "private": "eyJlMmJmYjczMC1lY2FhLTExZTYtOGY4OC0zNDM2M2JjN2M0YzAiOnsiY3JlYXRlIjozMDAwMDAwMDAwMDAsImRlbGV0ZSI6MzAwMDAwMDAwMDAwLCJ1cGRhdGUiOjEyMDAwMDAwMDAwMH19",
          "dependencies": [
            "module.eks_cluster.module.vpc.aws_route_table.public",
            "module.eks_cluster.module.vpc.aws_subnet.public",
            "module.eks_cluster.module.vpc.aws_vpc.this",
            "module.eks_cluster.module.vpc.aws_vpc_ipv4_cidr_block_association.this"
          ]
        },
        {
          "index_key": 1,
          "schema_version": 0,
          "attributes": {
            "gateway_id": "",
            "id": "rtbassoc-080ee29635985db65",
            "route_table_id": "rtb-08f92057a8c68abb9",
            "subnet_id": "subnet-0a7dfc0a521fef681",
            "timeouts": null
          },
          "sensitive_attributes": [],
          "private": "eyJlMmJmYjczMC1lY2FhLTExZTYtOGY4OC0zNDM2M2JjN2M0YzAiOnsiY3JlYXRlIjozMDAwMDAwMDAwMDAsImRlbGV0ZSI6MzAwMDAwMDAwMDAwLCJ1cGRhdGUiOjEyMDAwMDAwMDAwMH19",
          "dependencies": [
            "module.eks_cluster.module.vpc.aws_route_table.public",
            "module.eks_cluster.module.vpc.aws_subnet.public",
            "module.eks_cluster.module.vpc.aws_vpc.this",
            "module.eks_cluster.module.vpc.aws_vpc_ipv4_cidr_block_association.this"
          ]
        },
        {
          "index_key": 2,
          "schema_version": 0,
          "attributes": {
            "gateway_id": "",
            "id": "rtbassoc-064196171b411c3c5",
            "route_table_id": "rtb-08f92057a8c68abb9",
            "subnet_id": "subnet-0818088ef8f5ccbbc",
            "timeouts": null
          },
          "sensitive_attributes": [],
          "private": "eyJlMmJmYjczMC1lY2FhLTExZTYtOGY4OC0zNDM2M2JjN2M0YzAiOnsiY3JlYXRlIjozMDAwMDAwMDAwMDAsImRlbGV0ZSI6MzAwMDAwMDAwMDAwLCJ1cGRhdGUiOjEyMDAwMDAwMDAwMH19",
          "dependencies": [
            "module.eks_cluster.module.vpc.aws_route_table.public",
            "module.eks_cluster.module.vpc.aws_subnet.public",
            "module.eks_cluster.module.vpc.aws_vpc.this",
            "module.eks_cluster.module.vpc.aws_vpc_ipv4_cidr_block_association.this"
          ]
        }
      ]
    },
    {
      "module": "module.eks_cluster.module.vpc",
      "mode": "managed",
      "type": "aws_subnet",
      "name": "private",
      "provider": "provider[\"registry.terraform.io/hashicorp/aws\"]",
      "instances": [
        {
          "index_key": 0,
          "schema_version": 1,
          "attributes": {
            "arn": "arn:aws:ec2:eu-west-1:655394773887:subnet/subnet-037d912fd168cca76",
            "assign_ipv6_address_on_creation": false,
            "availability_zone": "eu-west-1a",
            "availability_zone_id": "euw1-az2",
            "cidr_block": "10.192.0.0/19",
            "customer_owned_ipv4_pool": "",
            "enable_dns64": false,
            "enable_lni_at_device_index": 0,
            "enable_resource_name_dns_a_record_on_launch": false,
            "enable_resource_name_dns_aaaa_record_on_launch": false,
            "id": "subnet-037d912fd168cca76",
            "ipv6_cidr_block": "",
            "ipv6_cidr_block_association_id": "",
            "ipv6_native": false,
            "map_customer_owned_ip_on_launch": false,
            "map_public_ip_on_launch": false,
            "outpost_arn": "",
            "owner_id": "655394773887",
            "private_dns_hostname_type_on_launch": "ip-name",
            "tags": {
              "Name": "norman-tf-vpc-private-eu-west-1a",
              "kubernetes.io/role/internal-elb": "1"
            },
            "tags_all": {
              "Name": "norman-tf-vpc-private-eu-west-1a",
              "kubernetes.io/role/internal-elb": "1"
            },
            "timeouts": null,
            "vpc_id": "vpc-06cb688a526f2e6a7"
          },
          "sensitive_attributes": [],
          "private": "eyJlMmJmYjczMC1lY2FhLTExZTYtOGY4OC0zNDM2M2JjN2M0YzAiOnsiY3JlYXRlIjo2MDAwMDAwMDAwMDAsImRlbGV0ZSI6MTIwMDAwMDAwMDAwMH0sInNjaGVtYV92ZXJzaW9uIjoiMSJ9",
          "dependencies": [
            "module.eks_cluster.module.vpc.aws_vpc.this",
            "module.eks_cluster.module.vpc.aws_vpc_ipv4_cidr_block_association.this"
          ],
          "create_before_destroy": true
        },
        {
          "index_key": 1,
          "schema_version": 1,
          "attributes": {
            "arn": "arn:aws:ec2:eu-west-1:655394773887:subnet/subnet-0c7bb3565f8bcc4a1",
            "assign_ipv6_address_on_creation": false,
            "availability_zone": "eu-west-1b",
            "availability_zone_id": "euw1-az3",
            "cidr_block": "10.192.32.0/19",
            "customer_owned_ipv4_pool": "",
            "enable_dns64": false,
            "enable_lni_at_device_index": 0,
            "enable_resource_name_dns_a_record_on_launch": false,
            "enable_resource_name_dns_aaaa_record_on_launch": false,
            "id": "subnet-0c7bb3565f8bcc4a1",
            "ipv6_cidr_block": "",
            "ipv6_cidr_block_association_id": "",
            "ipv6_native": false,
            "map_customer_owned_ip_on_launch": false,
            "map_public_ip_on_launch": false,
            "outpost_arn": "",
            "owner_id": "655394773887",
            "private_dns_hostname_type_on_launch": "ip-name",
            "tags": {
              "Name": "norman-tf-vpc-private-eu-west-1b",
              "kubernetes.io/role/internal-elb": "1"
            },
            "tags_all": {
              "Name": "norman-tf-vpc-private-eu-west-1b",
              "kubernetes.io/role/internal-elb": "1"
            },
            "timeouts": null,
            "vpc_id": "vpc-06cb688a526f2e6a7"
          },
          "sensitive_attributes": [],
          "private": "eyJlMmJmYjczMC1lY2FhLTExZTYtOGY4OC0zNDM2M2JjN2M0YzAiOnsiY3JlYXRlIjo2MDAwMDAwMDAwMDAsImRlbGV0ZSI6MTIwMDAwMDAwMDAwMH0sInNjaGVtYV92ZXJzaW9uIjoiMSJ9",
          "dependencies": [
            "module.eks_cluster.module.vpc.aws_vpc.this",
            "module.eks_cluster.module.vpc.aws_vpc_ipv4_cidr_block_association.this"
          ],
          "create_before_destroy": true
        },
        {
          "index_key": 2,
          "schema_version": 1,
          "attributes": {
            "arn": "arn:aws:ec2:eu-west-1:655394773887:subnet/subnet-0c954b10dce66c524",
            "assign_ipv6_address_on_creation": false,
            "availability_zone": "eu-west-1c",
            "availability_zone_id": "euw1-az1",
            "cidr_block": "10.192.64.0/19",
            "customer_owned_ipv4_pool": "",
            "enable_dns64": false,
            "enable_lni_at_device_index": 0,
            "enable_resource_name_dns_a_record_on_launch": false,
            "enable_resource_name_dns_aaaa_record_on_launch": false,
            "id": "subnet-0c954b10dce66c524",
            "ipv6_cidr_block": "",
            "ipv6_cidr_block_association_id": "",
            "ipv6_native": false,
            "map_customer_owned_ip_on_launch": false,
            "map_public_ip_on_launch": false,
            "outpost_arn": "",
            "owner_id": "655394773887",
            "private_dns_hostname_type_on_launch": "ip-name",
            "tags": {
              "Name": "norman-tf-vpc-private-eu-west-1c",
              "kubernetes.io/role/internal-elb": "1"
            },
            "tags_all": {
              "Name": "norman-tf-vpc-private-eu-west-1c",
              "kubernetes.io/role/internal-elb": "1"
            },
            "timeouts": null,
            "vpc_id": "vpc-06cb688a526f2e6a7"
          },
          "sensitive_attributes": [],
          "private": "eyJlMmJmYjczMC1lY2FhLTExZTYtOGY4OC0zNDM2M2JjN2M0YzAiOnsiY3JlYXRlIjo2MDAwMDAwMDAwMDAsImRlbGV0ZSI6MTIwMDAwMDAwMDAwMH0sInNjaGVtYV92ZXJzaW9uIjoiMSJ9",
          "dependencies": [
            "module.eks_cluster.module.vpc.aws_vpc.this",
            "module.eks_cluster.module.vpc.aws_vpc_ipv4_cidr_block_association.this"
          ],
          "create_before_destroy": true
        }
      ]
    },
    {
      "module": "module.eks_cluster.module.vpc",
      "mode": "managed",
      "type": "aws_subnet",
      "name": "public",
      "provider": "provider[\"registry.terraform.io/hashicorp/aws\"]",
      "instances": [
        {
          "index_key": 0,
          "schema_version": 1,
          "attributes": {
            "arn": "arn:aws:ec2:eu-west-1:655394773887:subnet/subnet-0abc9a2dc0523b204",
            "assign_ipv6_address_on_creation": false,
            "availability_zone": "eu-west-1a",
            "availability_zone_id": "euw1-az2",
            "cidr_block": "10.192.96.0/19",
            "customer_owned_ipv4_pool": "",
            "enable_dns64": false,
            "enable_lni_at_device_index": 0,
            "enable_resource_name_dns_a_record_on_launch": false,
            "enable_resource_name_dns_aaaa_record_on_launch": false,
            "id": "subnet-0abc9a2dc0523b204",
            "ipv6_cidr_block": "",
            "ipv6_cidr_block_association_id": "",
            "ipv6_native": false,
            "map_customer_owned_ip_on_launch": false,
            "map_public_ip_on_launch": false,
            "outpost_arn": "",
            "owner_id": "655394773887",
            "private_dns_hostname_type_on_launch": "ip-name",
            "tags": {
              "Name": "norman-tf-vpc-public-eu-west-1a",
              "kubernetes.io/role/elb": "1"
            },
            "tags_all": {
              "Name": "norman-tf-vpc-public-eu-west-1a",
              "kubernetes.io/role/elb": "1"
            },
            "timeouts": null,
            "vpc_id": "vpc-06cb688a526f2e6a7"
          },
          "sensitive_attributes": [],
          "private": "eyJlMmJmYjczMC1lY2FhLTExZTYtOGY4OC0zNDM2M2JjN2M0YzAiOnsiY3JlYXRlIjo2MDAwMDAwMDAwMDAsImRlbGV0ZSI6MTIwMDAwMDAwMDAwMH0sInNjaGVtYV92ZXJzaW9uIjoiMSJ9",
          "dependencies": [
            "module.eks_cluster.module.vpc.aws_vpc.this",
            "module.eks_cluster.module.vpc.aws_vpc_ipv4_cidr_block_association.this"
          ]
        },
        {
          "index_key": 1,
          "schema_version": 1,
          "attributes": {
            "arn": "arn:aws:ec2:eu-west-1:655394773887:subnet/subnet-0a7dfc0a521fef681",
            "assign_ipv6_address_on_creation": false,
            "availability_zone": "eu-west-1b",
            "availability_zone_id": "euw1-az3",
            "cidr_block": "10.192.128.0/19",
            "customer_owned_ipv4_pool": "",
            "enable_dns64": false,
            "enable_lni_at_device_index": 0,
            "enable_resource_name_dns_a_record_on_launch": false,
            "enable_resource_name_dns_aaaa_record_on_launch": false,
            "id": "subnet-0a7dfc0a521fef681",
            "ipv6_cidr_block": "",
            "ipv6_cidr_block_association_id": "",
            "ipv6_native": false,
            "map_customer_owned_ip_on_launch": false,
            "map_public_ip_on_launch": false,
            "outpost_arn": "",
            "owner_id": "655394773887",
            "private_dns_hostname_type_on_launch": "ip-name",
            "tags": {
              "Name": "norman-tf-vpc-public-eu-west-1b",
              "kubernetes.io/role/elb": "1"
            },
            "tags_all": {
              "Name": "norman-tf-vpc-public-eu-west-1b",
              "kubernetes.io/role/elb": "1"
            },
            "timeouts": null,
            "vpc_id": "vpc-06cb688a526f2e6a7"
          },
          "sensitive_attributes": [],
          "private": "eyJlMmJmYjczMC1lY2FhLTExZTYtOGY4OC0zNDM2M2JjN2M0YzAiOnsiY3JlYXRlIjo2MDAwMDAwMDAwMDAsImRlbGV0ZSI6MTIwMDAwMDAwMDAwMH0sInNjaGVtYV92ZXJzaW9uIjoiMSJ9",
          "dependencies": [
            "module.eks_cluster.module.vpc.aws_vpc.this",
            "module.eks_cluster.module.vpc.aws_vpc_ipv4_cidr_block_association.this"
          ]
        },
        {
          "index_key": 2,
          "schema_version": 1,
          "attributes": {
            "arn": "arn:aws:ec2:eu-west-1:655394773887:subnet/subnet-0818088ef8f5ccbbc",
            "assign_ipv6_address_on_creation": false,
            "availability_zone": "eu-west-1c",
            "availability_zone_id": "euw1-az1",
            "cidr_block": "10.192.160.0/19",
            "customer_owned_ipv4_pool": "",
            "enable_dns64": false,
            "enable_lni_at_device_index": 0,
            "enable_resource_name_dns_a_record_on_launch": false,
            "enable_resource_name_dns_aaaa_record_on_launch": false,
            "id": "subnet-0818088ef8f5ccbbc",
            "ipv6_cidr_block": "",
            "ipv6_cidr_block_association_id": "",
            "ipv6_native": false,
            "map_customer_owned_ip_on_launch": false,
            "map_public_ip_on_launch": false,
            "outpost_arn": "",
            "owner_id": "655394773887",
            "private_dns_hostname_type_on_launch": "ip-name",
            "tags": {
              "Name": "norman-tf-vpc-public-eu-west-1c",
              "kubernetes.io/role/elb": "1"
            },
            "tags_all": {
              "Name": "norman-tf-vpc-public-eu-west-1c",
              "kubernetes.io/role/elb": "1"
            },
            "timeouts": null,
            "vpc_id": "vpc-06cb688a526f2e6a7"
          },
          "sensitive_attributes": [],
          "private": "eyJlMmJmYjczMC1lY2FhLTExZTYtOGY4OC0zNDM2M2JjN2M0YzAiOnsiY3JlYXRlIjo2MDAwMDAwMDAwMDAsImRlbGV0ZSI6MTIwMDAwMDAwMDAwMH0sInNjaGVtYV92ZXJzaW9uIjoiMSJ9",
          "dependencies": [
            "module.eks_cluster.module.vpc.aws_vpc.this",
            "module.eks_cluster.module.vpc.aws_vpc_ipv4_cidr_block_association.this"
          ]
        }
      ]
    },
    {
      "module": "module.eks_cluster.module.vpc",
      "mode": "managed",
      "type": "aws_vpc",
      "name": "this",
      "provider": "provider[\"registry.terraform.io/hashicorp/aws\"]",
      "instances": [
        {
          "index_key": 0,
          "schema_version": 1,
          "attributes": {
            "arn": "arn:aws:ec2:eu-west-1:655394773887:vpc/vpc-06cb688a526f2e6a7",
            "assign_generated_ipv6_cidr_block": false,
            "cidr_block": "10.192.0.0/16",
            "default_network_acl_id": "acl-0609b4b29e7320d7d",
            "default_route_table_id": "rtb-0bfab84c7c63e914d",
            "default_security_group_id": "sg-005ec2253bf45c70e",
            "dhcp_options_id": "dopt-0b7d372157cfa299b",
            "enable_dns_hostnames": true,
            "enable_dns_support": true,
            "enable_network_address_usage_metrics": false,
            "id": "vpc-06cb688a526f2e6a7",
            "instance_tenancy": "default",
            "ipv4_ipam_pool_id": null,
            "ipv4_netmask_length": null,
            "ipv6_association_id": "",
            "ipv6_cidr_block": "",
            "ipv6_cidr_block_network_border_group": "",
            "ipv6_ipam_pool_id": "",
            "ipv6_netmask_length": 0,
            "main_route_table_id": "rtb-0bfab84c7c63e914d",
            "owner_id": "655394773887",
            "tags": {
              "Name": "norman-tf-vpc"
            },
            "tags_all": {
              "Name": "norman-tf-vpc"
            }
          },
          "sensitive_attributes": [],
          "private": "eyJzY2hlbWFfdmVyc2lvbiI6IjEifQ==",
          "create_before_destroy": true
        }
      ]
    },
    {
      "module": "module.eks_cluster.module.vpc",
      "mode": "managed",
      "type": "aws_vpc_ipv4_cidr_block_association",
      "name": "this",
      "provider": "provider[\"registry.terraform.io/hashicorp/aws\"]",
      "instances": []
    }
  ],
  "check_results": [
    {
      "object_kind": "var",
      "config_addr": "module.eks_cluster.module.eks.module.self_managed_node_group.var.platform",
      "status": "unknown",
      "objects": null
    },
    {
      "object_kind": "resource",
      "config_addr": "module.eks_cluster.module.eks.module.self_managed_node_group.module.user_data.null_resource.validate_cluster_service_cidr",
      "status": "unknown",
      "objects": null
    },
    {
      "object_kind": "resource",
      "config_addr": "module.eks_cluster.module.eks.module.eks_managed_node_group.module.user_data.null_resource.validate_cluster_service_cidr",
      "status": "unknown",
      "objects": null
    }
  ]
}
